{"version":4,"terraform_version":"1.9.0","serial":27,"lineage":"2ae506f6-c7ad-a5b0-cde2-ba2095ad1c7e","outputs":{},"resources":[{"mode":"managed","type":"google_compute_global_address","name":"private_ip_address","provider":"provider[\"registry.opentofu.org/hashicorp/google\"]","instances":[{"schema_version":0,"attributes":{"address":"10.40.112.0","address_type":"INTERNAL","creation_timestamp":"2025-02-18T04:07:03.937-08:00","description":"","effective_labels":{"goog-terraform-provisioned":"true"},"id":"projects/pandeo-423613/global/addresses/ft-iac-private-ip","ip_version":"","label_fingerprint":"vezUS-42LLM=","labels":{},"name":"ft-iac-private-ip","network":"https://www.googleapis.com/compute/v1/projects/pandeo-423613/global/networks/ft-iac","prefix_length":20,"project":"pandeo-423613","purpose":"VPC_PEERING","self_link":"https://www.googleapis.com/compute/v1/projects/pandeo-423613/global/addresses/ft-iac-private-ip","terraform_labels":{"goog-terraform-provisioned":"true"},"timeouts":null},"sensitive_attributes":[],"private":"eyJlMmJmYjczMC1lY2FhLTExZTYtOGY4OC0zNDM2M2JjN2M0YzAiOnsiY3JlYXRlIjoxMjAwMDAwMDAwMDAwLCJkZWxldGUiOjEyMDAwMDAwMDAwMDAsInVwZGF0ZSI6MTIwMDAwMDAwMDAwMH19","dependencies":["google_compute_network.vpc_network"]}]},{"mode":"managed","type":"google_compute_network","name":"vpc_network","provider":"provider[\"registry.opentofu.org/hashicorp/google\"]","instances":[{"schema_version":0,"attributes":{"auto_create_subnetworks":true,"bgp_always_compare_med":false,"bgp_best_path_selection_mode":"LEGACY","bgp_inter_region_cost":"","delete_default_routes_on_create":false,"description":"","enable_ula_internal_ipv6":false,"gateway_ipv4":"","id":"projects/pandeo-423613/global/networks/ft-iac","internal_ipv6_range":"","mtu":0,"name":"ft-iac","network_firewall_policy_enforcement_order":"AFTER_CLASSIC_FIREWALL","network_id":"2059259276179393495","network_profile":"","numeric_id":"2059259276179393495","project":"pandeo-423613","routing_mode":"REGIONAL","self_link":"https://www.googleapis.com/compute/v1/projects/pandeo-423613/global/networks/ft-iac","timeouts":null},"sensitive_attributes":[],"private":"eyJlMmJmYjczMC1lY2FhLTExZTYtOGY4OC0zNDM2M2JjN2M0YzAiOnsiY3JlYXRlIjoxMjAwMDAwMDAwMDAwLCJkZWxldGUiOjEyMDAwMDAwMDAwMDAsInVwZGF0ZSI6MTIwMDAwMDAwMDAwMH19"}]},{"mode":"managed","type":"google_compute_router","name":"vpc_router","provider":"provider[\"registry.opentofu.org/hashicorp/google\"]","instances":[{"schema_version":0,"attributes":{"bgp":[],"creation_timestamp":"2025-02-18T04:04:46.896-08:00","description":"","encrypted_interconnect_router":false,"id":"projects/pandeo-423613/regions/europe-west9/routers/ft-iac-router","name":"ft-iac-router","network":"https://www.googleapis.com/compute/v1/projects/pandeo-423613/global/networks/ft-iac","project":"pandeo-423613","region":"europe-west9","self_link":"https://www.googleapis.com/compute/v1/projects/pandeo-423613/regions/europe-west9/routers/ft-iac-router","timeouts":null},"sensitive_attributes":[],"private":"eyJlMmJmYjczMC1lY2FhLTExZTYtOGY4OC0zNDM2M2JjN2M0YzAiOnsiY3JlYXRlIjoxMjAwMDAwMDAwMDAwLCJkZWxldGUiOjEyMDAwMDAwMDAwMDAsInVwZGF0ZSI6MTIwMDAwMDAwMDAwMH19","dependencies":["google_compute_network.vpc_network"]}]},{"mode":"managed","type":"google_compute_subnetwork","name":"vpc_subnet","provider":"provider[\"registry.opentofu.org/hashicorp/google\"]","instances":[{"schema_version":0,"attributes":{"creation_timestamp":"2025-02-18T04:00:53.223-08:00","description":"","external_ipv6_prefix":"","fingerprint":null,"gateway_address":"10.2.0.1","id":"projects/pandeo-423613/regions/europe-west9/subnetworks/ft-iac-subnet","internal_ipv6_prefix":"","ip_cidr_range":"10.2.0.0/20","ipv6_access_type":"","ipv6_cidr_range":"","log_config":[],"name":"ft-iac-subnet","network":"https://www.googleapis.com/compute/v1/projects/pandeo-423613/global/networks/ft-iac","private_ip_google_access":false,"private_ipv6_google_access":"DISABLE_GOOGLE_ACCESS","project":"pandeo-423613","purpose":"PRIVATE","region":"europe-west9","reserved_internal_range":"","role":"","secondary_ip_range":[],"self_link":"https://www.googleapis.com/compute/v1/projects/pandeo-423613/regions/europe-west9/subnetworks/ft-iac-subnet","send_secondary_ip_range_if_empty":null,"stack_type":"IPV4_ONLY","subnetwork_id":636032054883633306,"timeouts":null},"sensitive_attributes":[],"private":"eyJlMmJmYjczMC1lY2FhLTExZTYtOGY4OC0zNDM2M2JjN2M0YzAiOnsiY3JlYXRlIjoxMjAwMDAwMDAwMDAwLCJkZWxldGUiOjEyMDAwMDAwMDAwMDAsInVwZGF0ZSI6MTIwMDAwMDAwMDAwMH19","dependencies":["google_compute_network.vpc_network"]}]},{"mode":"managed","type":"google_service_networking_connection","name":"private_vpc_connection","provider":"provider[\"registry.opentofu.org/hashicorp/google-beta\"]","instances":[{"schema_version":0,"attributes":{"deletion_policy":null,"id":"https%3A%2F%2Fwww.googleapis.com%2Fcompute%2Fv1%2Fprojects%2Fpandeo-423613%2Fglobal%2Fnetworks%2Fft-iac:servicenetworking.googleapis.com","network":"https://www.googleapis.com/compute/v1/projects/pandeo-423613/global/networks/ft-iac","peering":"servicenetworking-googleapis-com","reserved_peering_ranges":["ft-iac-private-ip"],"service":"servicenetworking.googleapis.com","timeouts":null,"update_on_creation_fail":null},"sensitive_attributes":[],"private":"eyJlMmJmYjczMC1lY2FhLTExZTYtOGY4OC0zNDM2M2JjN2M0YzAiOnsiY3JlYXRlIjo2MDAwMDAwMDAwMDAsImRlbGV0ZSI6NjAwMDAwMDAwMDAwLCJ1cGRhdGUiOjYwMDAwMDAwMDAwMH19","dependencies":["google_compute_global_address.private_ip_address","google_compute_network.vpc_network"]}]},{"mode":"managed","type":"random_string","name":"random","provider":"provider[\"registry.opentofu.org/hashicorp/random\"]","instances":[{"schema_version":2,"attributes":{"id":"$j@S$sX7YhjFhJyI","keepers":null,"length":16,"lower":true,"min_lower":0,"min_numeric":0,"min_special":0,"min_upper":0,"number":true,"numeric":true,"override_special":"/@£$","result":"$j@S$sX7YhjFhJyI","special":true,"upper":true},"sensitive_attributes":[]}]}],"check_results":[{"object_kind":"var","config_addr":"var.zone","status":"pass","objects":[{"object_addr":"var.zone","status":"pass"}]}]}
