{"version":4,"terraform_version":"1.9.0","serial":173,"lineage":"2ae506f6-c7ad-a5b0-cde2-ba2095ad1c7e","outputs":{},"resources":[{"mode":"managed","type":"google_cloud_run_v2_service","name":"default","provider":"provider[\"registry.opentofu.org/hashicorp/google\"]","instances":[]},{"mode":"managed","type":"google_compute_global_address","name":"private_ip_address","provider":"provider[\"registry.opentofu.org/hashicorp/google\"]","instances":[]},{"mode":"managed","type":"google_compute_network","name":"vpc_network","provider":"provider[\"registry.opentofu.org/hashicorp/google\"]","instances":[{"schema_version":0,"attributes":{"auto_create_subnetworks":true,"bgp_always_compare_med":false,"bgp_best_path_selection_mode":"LEGACY","bgp_inter_region_cost":"","delete_default_routes_on_create":false,"description":"","enable_ula_internal_ipv6":false,"gateway_ipv4":"","id":"projects/pandeo-423613/global/networks/ft-iac","internal_ipv6_range":"","mtu":0,"name":"ft-iac","network_firewall_policy_enforcement_order":"AFTER_CLASSIC_FIREWALL","network_id":"5500369752131586219","network_profile":"","numeric_id":"5500369752131586219","project":"pandeo-423613","routing_mode":"REGIONAL","self_link":"https://www.googleapis.com/compute/v1/projects/pandeo-423613/global/networks/ft-iac","timeouts":null},"sensitive_attributes":[],"private":"eyJlMmJmYjczMC1lY2FhLTExZTYtOGY4OC0zNDM2M2JjN2M0YzAiOnsiY3JlYXRlIjoxMjAwMDAwMDAwMDAwLCJkZWxldGUiOjEyMDAwMDAwMDAwMDAsInVwZGF0ZSI6MTIwMDAwMDAwMDAwMH19","create_before_destroy":true}]},{"mode":"managed","type":"google_compute_region_network_endpoint_group","name":"default","provider":"provider[\"registry.opentofu.org/hashicorp/google-beta\"]","instances":[]},{"mode":"managed","type":"google_redis_instance","name":"cache","provider":"provider[\"registry.opentofu.org/hashicorp/google\"]","instances":[]},{"mode":"managed","type":"google_secret_manager_secret","name":"secret_database","provider":"provider[\"registry.opentofu.org/hashicorp/google\"]","instances":[]},{"mode":"managed","type":"google_secret_manager_secret","name":"secret_session","provider":"provider[\"registry.opentofu.org/hashicorp/google\"]","instances":[]},{"mode":"managed","type":"google_service_networking_connection","name":"private_vpc_connection","provider":"provider[\"registry.opentofu.org/hashicorp/google\"]","instances":[]},{"mode":"managed","type":"google_sql_database","name":"database","provider":"provider[\"registry.opentofu.org/hashicorp/google\"]","instances":[]},{"mode":"managed","type":"google_sql_database_instance","name":"instance","provider":"provider[\"registry.opentofu.org/hashicorp/google\"]","instances":[]},{"mode":"managed","type":"google_sql_user","name":"users","provider":"provider[\"registry.opentofu.org/hashicorp/google\"]","instances":[]},{"mode":"managed","type":"random_string","name":"random","provider":"provider[\"registry.opentofu.org/hashicorp/random\"]","instances":[]}],"check_results":[{"object_kind":"var","config_addr":"module.lb-http.var.http_port","status":"pass","objects":[{"object_addr":"module.lb-http.var.http_port","status":"pass"}]},{"object_kind":"var","config_addr":"module.lb-http.var.backends","status":"pass","objects":[{"object_addr":"module.lb-http.var.backends","status":"pass"}]},{"object_kind":"var","config_addr":"module.lb-http.var.https_port","status":"pass","objects":[{"object_addr":"module.lb-http.var.https_port","status":"pass"}]},{"object_kind":"var","config_addr":"var.availability_type","status":"pass","objects":[{"object_addr":"var.availability_type","status":"pass"}]},{"object_kind":"var","config_addr":"var.zone","status":"pass","objects":[{"object_addr":"var.zone","status":"pass"}]},{"object_kind":"var","config_addr":"var.size","status":"pass","objects":[{"object_addr":"var.size","status":"pass"}]}]}
