{"version":4,"terraform_version":"1.9.0","serial":38,"lineage":"2ae506f6-c7ad-a5b0-cde2-ba2095ad1c7e","outputs":{},"resources":[{"mode":"managed","type":"google_cloud_run_v2_service","name":"default","provider":"provider[\"registry.opentofu.org/hashicorp/google\"]","instances":[{"schema_version":0,"attributes":{"annotations":{},"binary_authorization":[],"build_config":[],"client":"","client_version":"","conditions":[{"execution_reason":"","last_transition_time":"2025-02-18T13:30:41.905198Z","message":"","reason":"","revision_reason":"","severity":"","state":"CONDITION_SUCCEEDED","type":"RoutesReady"},{"execution_reason":"","last_transition_time":"2025-02-18T13:30:40.683372Z","message":"","reason":"","revision_reason":"","severity":"","state":"CONDITION_SUCCEEDED","type":"ConfigurationsReady"}],"create_time":"2025-02-18T13:18:02.960503Z","creator":"Theo.Nard18@gmail.com","custom_audiences":[],"delete_time":"","deletion_protection":false,"description":"","effective_annotations":{},"effective_labels":{"goog-terraform-provisioned":"true"},"etag":"\"COiW0r0GEKjFj4MC/cHJvamVjdHMvcGFuZGVvLTQyMzYxMy9sb2NhdGlvbnMvZXVyb3BlLXdlc3Q5L3NlcnZpY2VzL2Z0LWlhYw\"","expire_time":"","generation":"5","id":"projects/pandeo-423613/locations/europe-west9/services/ft-iac","ingress":"INGRESS_TRAFFIC_ALL","invoker_iam_disabled":false,"labels":{},"last_modifier":"Theo.Nard18@gmail.com","latest_created_revision":"projects/pandeo-423613/locations/europe-west9/services/ft-iac/revisions/ft-iac-00005-cnb","latest_ready_revision":"projects/pandeo-423613/locations/europe-west9/services/ft-iac/revisions/ft-iac-00005-cnb","launch_stage":"GA","location":"europe-west9","name":"ft-iac","observed_generation":"5","project":"pandeo-423613","reconciling":false,"scaling":[],"template":[{"annotations":{},"containers":[{"args":[],"base_image_uri":"","build_info":[],"command":[],"depends_on":[],"env":[{"name":"MYSQL_DATABASE","value":"ft-iac","value_source":[]},{"name":"MYSQL_HOST","value":"10.40.112.5","value_source":[]},{"name":"MYSQL_PASSWORD","value":"$j@S$sX7YhjFhJyI","value_source":[]},{"name":"MYSQL_USER","value":"ft-iac","value_source":[]},{"name":"NODE_ENV","value":"production","value_source":[]}],"image":"docker.io/pandeo/ft-iac:ta","liveness_probe":[],"name":"","ports":[{"container_port":3000,"name":"http1"}],"resources":[{"cpu_idle":false,"limits":{"cpu":"1","memory":"512Mi"},"startup_cpu_boost":false}],"startup_probe":[{"failure_threshold":1,"grpc":[],"http_get":[],"initial_delay_seconds":0,"period_seconds":240,"tcp_socket":[{"port":3000}],"timeout_seconds":240}],"volume_mounts":[],"working_dir":""}],"encryption_key":"","execution_environment":"","labels":{},"max_instance_request_concurrency":80,"revision":"","scaling":[{"max_instance_count":1,"min_instance_count":1}],"service_account":"399113550497-compute@developer.gserviceaccount.com","session_affinity":false,"timeout":"300s","volumes":[],"vpc_access":[{"connector":"","egress":"PRIVATE_RANGES_ONLY","network_interfaces":[{"network":"ft-iac","subnetwork":"ft-iac-subnet","tags":[]}]}]}],"terminal_condition":[{"execution_reason":"","last_transition_time":"2025-02-18T13:30:41.931357Z","message":"","reason":"","revision_reason":"","severity":"","state":"CONDITION_SUCCEEDED","type":"Ready"}],"terraform_labels":{"goog-terraform-provisioned":"true"},"timeouts":null,"traffic":[{"percent":100,"revision":"","tag":"","type":"TRAFFIC_TARGET_ALLOCATION_TYPE_LATEST"}],"traffic_statuses":[{"percent":100,"revision":"","tag":"","type":"TRAFFIC_TARGET_ALLOCATION_TYPE_LATEST","uri":""}],"uid":"26b8e110-4183-45b1-a073-e6fba6792e0d","update_time":"2025-02-18T13:30:16.543417Z","uri":"https://ft-iac-6svopcyaka-od.a.run.app","urls":["https://ft-iac-399113550497.europe-west9.run.app","https://ft-iac-6svopcyaka-od.a.run.app"]},"sensitive_attributes":[[{"type":"get_attr","value":"template"},{"type":"index","value":{"value":0,"type":"number"}},{"type":"get_attr","value":"containers"},{"type":"index","value":{"value":0,"type":"number"}},{"type":"get_attr","value":"env"}]],"private":"eyJlMmJmYjczMC1lY2FhLTExZTYtOGY4OC0zNDM2M2JjN2M0YzAiOnsiY3JlYXRlIjoxMjAwMDAwMDAwMDAwLCJkZWxldGUiOjEyMDAwMDAwMDAwMDAsInVwZGF0ZSI6MTIwMDAwMDAwMDAwMH19","dependencies":["google_compute_network.vpc_network","google_compute_subnetwork.vpc_subnet","google_sql_database.database","google_sql_database_instance.instance","google_sql_user.users","random_string.random"]}]},{"mode":"managed","type":"google_compute_global_address","name":"private_ip_address","provider":"provider[\"registry.opentofu.org/hashicorp/google\"]","instances":[{"schema_version":0,"attributes":{"address":"10.40.112.0","address_type":"INTERNAL","creation_timestamp":"2025-02-18T04:07:03.937-08:00","description":"","effective_labels":{"goog-terraform-provisioned":"true"},"id":"projects/pandeo-423613/global/addresses/ft-iac-private-ip","ip_version":"","label_fingerprint":"vezUS-42LLM=","labels":{},"name":"ft-iac-private-ip","network":"https://www.googleapis.com/compute/v1/projects/pandeo-423613/global/networks/ft-iac","prefix_length":20,"project":"pandeo-423613","purpose":"VPC_PEERING","self_link":"https://www.googleapis.com/compute/v1/projects/pandeo-423613/global/addresses/ft-iac-private-ip","terraform_labels":{"goog-terraform-provisioned":"true"},"timeouts":null},"sensitive_attributes":[],"private":"eyJlMmJmYjczMC1lY2FhLTExZTYtOGY4OC0zNDM2M2JjN2M0YzAiOnsiY3JlYXRlIjoxMjAwMDAwMDAwMDAwLCJkZWxldGUiOjEyMDAwMDAwMDAwMDAsInVwZGF0ZSI6MTIwMDAwMDAwMDAwMH19","dependencies":["google_compute_network.vpc_network"]}]},{"mode":"managed","type":"google_compute_network","name":"vpc_network","provider":"provider[\"registry.opentofu.org/hashicorp/google\"]","instances":[{"schema_version":0,"attributes":{"auto_create_subnetworks":true,"bgp_always_compare_med":false,"bgp_best_path_selection_mode":"LEGACY","bgp_inter_region_cost":"","delete_default_routes_on_create":false,"description":"","enable_ula_internal_ipv6":false,"gateway_ipv4":"","id":"projects/pandeo-423613/global/networks/ft-iac","internal_ipv6_range":"","mtu":0,"name":"ft-iac","network_firewall_policy_enforcement_order":"AFTER_CLASSIC_FIREWALL","network_id":"2059259276179393495","network_profile":"","numeric_id":"2059259276179393495","project":"pandeo-423613","routing_mode":"REGIONAL","self_link":"https://www.googleapis.com/compute/v1/projects/pandeo-423613/global/networks/ft-iac","timeouts":null},"sensitive_attributes":[],"private":"eyJlMmJmYjczMC1lY2FhLTExZTYtOGY4OC0zNDM2M2JjN2M0YzAiOnsiY3JlYXRlIjoxMjAwMDAwMDAwMDAwLCJkZWxldGUiOjEyMDAwMDAwMDAwMDAsInVwZGF0ZSI6MTIwMDAwMDAwMDAwMH19"}]},{"mode":"managed","type":"google_compute_router","name":"vpc_router","provider":"provider[\"registry.opentofu.org/hashicorp/google\"]","instances":[{"schema_version":0,"attributes":{"bgp":[],"creation_timestamp":"2025-02-18T04:04:46.896-08:00","description":"","encrypted_interconnect_router":false,"id":"projects/pandeo-423613/regions/europe-west9/routers/ft-iac-router","name":"ft-iac-router","network":"https://www.googleapis.com/compute/v1/projects/pandeo-423613/global/networks/ft-iac","project":"pandeo-423613","region":"europe-west9","self_link":"https://www.googleapis.com/compute/v1/projects/pandeo-423613/regions/europe-west9/routers/ft-iac-router","timeouts":null},"sensitive_attributes":[],"private":"eyJlMmJmYjczMC1lY2FhLTExZTYtOGY4OC0zNDM2M2JjN2M0YzAiOnsiY3JlYXRlIjoxMjAwMDAwMDAwMDAwLCJkZWxldGUiOjEyMDAwMDAwMDAwMDAsInVwZGF0ZSI6MTIwMDAwMDAwMDAwMH19","dependencies":["google_compute_network.vpc_network"]}]},{"mode":"managed","type":"google_compute_subnetwork","name":"vpc_subnet","provider":"provider[\"registry.opentofu.org/hashicorp/google\"]","instances":[{"schema_version":0,"attributes":{"creation_timestamp":"2025-02-18T04:00:53.223-08:00","description":"","external_ipv6_prefix":"","fingerprint":null,"gateway_address":"10.2.0.1","id":"projects/pandeo-423613/regions/europe-west9/subnetworks/ft-iac-subnet","internal_ipv6_prefix":"","ip_cidr_range":"10.2.0.0/20","ipv6_access_type":"","ipv6_cidr_range":"","log_config":[],"name":"ft-iac-subnet","network":"https://www.googleapis.com/compute/v1/projects/pandeo-423613/global/networks/ft-iac","private_ip_google_access":false,"private_ipv6_google_access":"DISABLE_GOOGLE_ACCESS","project":"pandeo-423613","purpose":"PRIVATE","region":"europe-west9","reserved_internal_range":"","role":"","secondary_ip_range":[],"self_link":"https://www.googleapis.com/compute/v1/projects/pandeo-423613/regions/europe-west9/subnetworks/ft-iac-subnet","send_secondary_ip_range_if_empty":null,"stack_type":"IPV4_ONLY","subnetwork_id":636032054883633306,"timeouts":null},"sensitive_attributes":[],"private":"eyJlMmJmYjczMC1lY2FhLTExZTYtOGY4OC0zNDM2M2JjN2M0YzAiOnsiY3JlYXRlIjoxMjAwMDAwMDAwMDAwLCJkZWxldGUiOjEyMDAwMDAwMDAwMDAsInVwZGF0ZSI6MTIwMDAwMDAwMDAwMH19","dependencies":["google_compute_network.vpc_network"]}]},{"mode":"managed","type":"google_service_networking_connection","name":"private_vpc_connection","provider":"provider[\"registry.opentofu.org/hashicorp/google-beta\"]","instances":[{"schema_version":0,"attributes":{"deletion_policy":null,"id":"https%3A%2F%2Fwww.googleapis.com%2Fcompute%2Fv1%2Fprojects%2Fpandeo-423613%2Fglobal%2Fnetworks%2Fft-iac:servicenetworking.googleapis.com","network":"https://www.googleapis.com/compute/v1/projects/pandeo-423613/global/networks/ft-iac","peering":"servicenetworking-googleapis-com","reserved_peering_ranges":["ft-iac-private-ip"],"service":"servicenetworking.googleapis.com","timeouts":null,"update_on_creation_fail":null},"sensitive_attributes":[],"private":"eyJlMmJmYjczMC1lY2FhLTExZTYtOGY4OC0zNDM2M2JjN2M0YzAiOnsiY3JlYXRlIjo2MDAwMDAwMDAwMDAsImRlbGV0ZSI6NjAwMDAwMDAwMDAwLCJ1cGRhdGUiOjYwMDAwMDAwMDAwMH19","dependencies":["google_compute_global_address.private_ip_address","google_compute_network.vpc_network"]}]},{"mode":"managed","type":"google_sql_database","name":"database","provider":"provider[\"registry.opentofu.org/hashicorp/google\"]","instances":[{"schema_version":0,"attributes":{"charset":"utf8mb4","collation":"utf8mb4_0900_ai_ci","deletion_policy":"ABANDON","id":"projects/pandeo-423613/instances/ft-iac/databases/ft-iac","instance":"ft-iac","name":"ft-iac","project":"pandeo-423613","self_link":"https://sqladmin.googleapis.com/sql/v1beta4/projects/pandeo-423613/instances/ft-iac/databases/ft-iac","timeouts":null},"sensitive_attributes":[],"private":"eyJlMmJmYjczMC1lY2FhLTExZTYtOGY4OC0zNDM2M2JjN2M0YzAiOnsiY3JlYXRlIjoxMjAwMDAwMDAwMDAwLCJkZWxldGUiOjEyMDAwMDAwMDAwMDAsInVwZGF0ZSI6MTIwMDAwMDAwMDAwMH19","dependencies":["google_compute_network.vpc_network","google_sql_database_instance.instance"]}]},{"mode":"managed","type":"google_sql_database_instance","name":"instance","provider":"provider[\"registry.opentofu.org/hashicorp/google\"]","instances":[{"schema_version":0,"attributes":{"available_maintenance_versions":[],"clone":[],"connection_name":"pandeo-423613:europe-west9:ft-iac","database_version":"MYSQL_8_0","deletion_protection":false,"dns_name":"","encryption_key_name":null,"first_ip_address":"34.155.247.149","id":"ft-iac","instance_type":"CLOUD_SQL_INSTANCE","ip_address":[{"ip_address":"34.155.247.149","time_to_retire":"","type":"PRIMARY"},{"ip_address":"10.40.112.5","time_to_retire":"","type":"PRIVATE"}],"maintenance_version":"MYSQL_8_0_37.R20241208.01_04","master_instance_name":"","name":"ft-iac","private_ip_address":"10.40.112.5","project":"pandeo-423613","psc_service_attachment_link":"","public_ip_address":"34.155.247.149","region":"europe-west9","replica_configuration":[],"replica_names":[],"replication_cluster":[{"dr_replica":false,"failover_dr_replica_name":""}],"restore_backup_context":[],"root_password":null,"self_link":"https://sqladmin.googleapis.com/sql/v1beta4/projects/pandeo-423613/instances/ft-iac","server_ca_cert":[{"cert":"-----BEGIN CERTIFICATE-----\nMIIDfzCCAmegAwIBAgIBADANBgkqhkiG9w0BAQsFADB3MS0wKwYDVQQuEyQ4OTFk\nYzMzYy02M2ZjLTQyZTAtOGRhZS02YzJhZTExNDM2N2YxIzAhBgNVBAMTGkdvb2ds\nZSBDbG91ZCBTUUwgU2VydmVyIENBMRQwEgYDVQQKEwtHb29nbGUsIEluYzELMAkG\nA1UEBhMCVVMwHhcNMjUwMjE4MTIzMDQ2WhcNMzUwMjE2MTIzMTQ2WjB3MS0wKwYD\nVQQuEyQ4OTFkYzMzYy02M2ZjLTQyZTAtOGRhZS02YzJhZTExNDM2N2YxIzAhBgNV\nBAMTGkdvb2dsZSBDbG91ZCBTUUwgU2VydmVyIENBMRQwEgYDVQQKEwtHb29nbGUs\nIEluYzELMAkGA1UEBhMCVVMwggEiMA0GCSqGSIb3DQEBAQUAA4IBDwAwggEKAoIB\nAQC7iTCKvBLV6j3owJtsfhH9M13osJDOBGB2XlfmVmEHgCDzniejEX0DQzoKBWzK\nwtb7txu2PcCbV10a2TQ9k5pfHMM4NaPlA2iGbTkihIT/U+lgFlpjQyGgIdO7vWiG\nV6pQgChr2BbCcWEkRdNfnS1GkVuDbXvNFzGdRsKG6ugXOIklEyajqjA32sQfNi0L\nszWVRlyJCy+U3aT/D/P9jYqUGe7otNmpZ/IvcuNhLs3HAAhBh/bPucKNliq1jfN+\nEzNg7tH6JZNM0NbODMBj8cvul4scD/B3It4Bw3e+yk9tJOAFT61J/+toZjTQhS7N\nvzmntRYlzGZU244/OWZzz70jAgMBAAGjFjAUMBIGA1UdEwEB/wQIMAYBAf8CAQAw\nDQYJKoZIhvcNAQELBQADggEBACJxBlstFE44L2uoVRouwjfg4QPIT5tpvlfr3EeI\n/JHlPFVE7LNUllj8Y809kkL712F4mBHByfdcnxkfPHXNr9F72/4Qg0/kQFoSA6RR\nT7tnKeOH2mShGhKp5JKMHYRvOdlvCVSsMwWERerU9fRSUUY2Xr11Mmulvo+yflUj\nk3RKeWZRRbAmJB1pTLR9tVwn3b7vPNmieaPnVwc3G8vVA4FEpfhl27ExoK9QFRrp\nMoXEbii1MICeOsbDxHz+RDQzsa+xLnhSwcKAW3sllnHSOW4qWtXgKZlLoMK8cxdO\njEJIrF9oYiPOJyIwjJ9FKJK/d9aMzk6fVT4Obur0g225Obo=\n-----END CERTIFICATE-----","common_name":"C=US,O=Google\\, Inc,CN=Google Cloud SQL Server CA,dnQualifier=891dc33c-63fc-42e0-8dae-6c2ae114367f","create_time":"2025-02-18T12:30:46.849Z","expiration_time":"2035-02-16T12:31:46.849Z","sha1_fingerprint":"9e2dac09ea1aa32a784e264fc683b26b26eebb37"}],"service_account_email_address":"p399113550497-wjmien@gcp-sa-cloud-sql.iam.gserviceaccount.com","settings":[{"activation_policy":"ALWAYS","active_directory_config":[],"advanced_machine_features":[],"availability_type":"ZONAL","backup_configuration":[{"backup_retention_settings":[{"retained_backups":7,"retention_unit":"COUNT"}],"binary_log_enabled":false,"enabled":false,"location":"","point_in_time_recovery_enabled":false,"start_time":"04:00","transaction_log_retention_days":7}],"collation":"","connector_enforcement":"NOT_REQUIRED","data_cache_config":[{"data_cache_enabled":false}],"database_flags":[],"deletion_protection_enabled":false,"deny_maintenance_period":[],"disk_autoresize":true,"disk_autoresize_limit":0,"disk_size":10,"disk_type":"PD_SSD","edition":"ENTERPRISE","enable_dataplex_integration":false,"enable_google_ml_integration":false,"insights_config":[],"ip_configuration":[{"allocated_ip_range":"","authorized_networks":[],"enable_private_path_for_google_cloud_services":true,"ipv4_enabled":true,"private_network":"projects/pandeo-423613/global/networks/ft-iac","psc_config":[],"server_ca_mode":"GOOGLE_MANAGED_INTERNAL_CA","server_ca_pool":"","ssl_mode":"ALLOW_UNENCRYPTED_AND_ENCRYPTED"}],"location_preference":[{"follow_gae_application":"","secondary_zone":"","zone":"europe-west9-c"}],"maintenance_window":[],"password_validation_policy":[],"pricing_plan":"PER_USE","sql_server_audit_config":[],"tier":"db-f1-micro","time_zone":"","user_labels":{},"version":2}],"timeouts":null},"sensitive_attributes":[[{"type":"get_attr","value":"root_password"}],[{"type":"get_attr","value":"server_ca_cert"}]],"private":"eyJlMmJmYjczMC1lY2FhLTExZTYtOGY4OC0zNDM2M2JjN2M0YzAiOnsiY3JlYXRlIjo1NDAwMDAwMDAwMDAwLCJkZWxldGUiOjU0MDAwMDAwMDAwMDAsInVwZGF0ZSI6NTQwMDAwMDAwMDAwMH19","dependencies":["google_compute_network.vpc_network"]}]},{"mode":"managed","type":"google_sql_user","name":"users","provider":"provider[\"registry.opentofu.org/hashicorp/google\"]","instances":[{"schema_version":1,"attributes":{"deletion_policy":null,"host":"%","id":"ft-iac/%/ft-iac","instance":"ft-iac","name":"ft-iac","password":"$j@S$sX7YhjFhJyI","password_policy":[],"project":"pandeo-423613","sql_server_user_details":[],"timeouts":null,"type":""},"sensitive_attributes":[[{"type":"get_attr","value":"password"}]],"private":"eyJlMmJmYjczMC1lY2FhLTExZTYtOGY4OC0zNDM2M2JjN2M0YzAiOnsiY3JlYXRlIjo2MDAwMDAwMDAwMDAsImRlbGV0ZSI6NjAwMDAwMDAwMDAwLCJ1cGRhdGUiOjYwMDAwMDAwMDAwMH0sInNjaGVtYV92ZXJzaW9uIjoiMSJ9","dependencies":["google_compute_network.vpc_network","google_sql_database_instance.instance","random_string.random"]}]},{"mode":"managed","type":"random_string","name":"random","provider":"provider[\"registry.opentofu.org/hashicorp/random\"]","instances":[{"schema_version":2,"attributes":{"id":"$j@S$sX7YhjFhJyI","keepers":null,"length":16,"lower":true,"min_lower":0,"min_numeric":0,"min_special":0,"min_upper":0,"number":true,"numeric":true,"override_special":"/@£$","result":"$j@S$sX7YhjFhJyI","special":true,"upper":true},"sensitive_attributes":[]}]}],"check_results":[{"object_kind":"var","config_addr":"var.size","status":"pass","objects":[{"object_addr":"var.size","status":"pass"}]},{"object_kind":"var","config_addr":"var.zone","status":"pass","objects":[{"object_addr":"var.zone","status":"pass"}]}]}
