{"version":4,"terraform_version":"1.9.0","serial":250,"lineage":"2ae506f6-c7ad-a5b0-cde2-ba2095ad1c7e","outputs":{"external_url":{"value":"35.190.87.169","type":"string"},"redis_host":{"value":"10.0.0.3:6379","type":"string"},"redis_insight_url":{"value":["https://ft-iac-redis-insight-399113550497.europe-west4.run.app","https://ft-iac-redis-insight-6svopcyaka-ez.a.run.app"],"type":["list","string"]},"service_url":{"value":["https://ft-iac-399113550497.europe-west4.run.app","https://ft-iac-6svopcyaka-ez.a.run.app"],"type":["list","string"]}},"resources":[{"mode":"data","type":"google_project","name":"project","provider":"provider[\"registry.opentofu.org/hashicorp/google\"]","instances":[{"schema_version":0,"attributes":{"auto_create_network":null,"billing_account":"0115A8-1CE51C-E816B3","deletion_policy":"PREVENT","effective_labels":{},"folder_id":null,"id":"projects/pandeo-423613","labels":{},"name":"Pandeo","number":"399113550497","org_id":null,"project_id":"pandeo-423613","tags":null,"terraform_labels":{}},"sensitive_attributes":[]}]},{"mode":"managed","type":"cloudflare_dns_record","name":"lb","provider":"provider[\"registry.opentofu.org/cloudflare/cloudflare\"]","instances":[{"schema_version":0,"attributes":{"comment":"Domain verification record","comment_modified_on":"2025-03-03T08:40:39Z","content":"35.190.87.169","created_on":"2025-03-03T08:40:39Z","data":null,"id":"f04f538dd50aa87c0945bb05897e6a30","meta":"{}","modified_on":"2025-03-03T08:40:39Z","name":"ft-iac.pandeo.fr","priority":null,"proxiable":true,"proxied":false,"settings":{"flatten_cname":null,"ipv4_only":null,"ipv6_only":null},"tags":[],"tags_modified_on":null,"ttl":1,"type":"A","zone_id":"5291d9d7f423a1902129008a519239bf"},"sensitive_attributes":[],"dependencies":["module.lb-http.google_compute_global_address.default"]}]},{"mode":"managed","type":"google_cloud_run_service_iam_binding","name":"app_public_access","provider":"provider[\"registry.opentofu.org/hashicorp/google\"]","instances":[{"schema_version":0,"attributes":{"condition":[],"etag":"BwYvbF1ssok=","id":"v1/projects/pandeo-423613/locations/europe-west4/services/ft-iac/roles/run.invoker","location":"europe-west4","members":["allUsers"],"project":"pandeo-423613","role":"roles/run.invoker","service":"v1/projects/pandeo-423613/locations/europe-west4/services/ft-iac"},"sensitive_attributes":[],"private":"bnVsbA==","dependencies":["google_cloud_run_v2_service.default","google_compute_global_address.private_ip_address","google_compute_network.vpc_network","google_redis_instance.cache","google_secret_manager_secret.secret_database","google_secret_manager_secret.secret_session","google_service_networking_connection.private_vpc_connection","google_sql_database.database","google_sql_database_instance.instance","google_sql_user.users","random_string.random"]}]},{"mode":"managed","type":"google_cloud_run_service_iam_binding","name":"redis_public_access","provider":"provider[\"registry.opentofu.org/hashicorp/google\"]","instances":[{"schema_version":0,"attributes":{"condition":[],"etag":"BwYvbCU1Xmg=","id":"v1/projects/pandeo-423613/locations/europe-west4/services/ft-iac-redis-insight/roles/run.invoker","location":"europe-west4","members":["allUsers"],"project":"pandeo-423613","role":"roles/run.invoker","service":"v1/projects/pandeo-423613/locations/europe-west4/services/ft-iac-redis-insight"},"sensitive_attributes":[],"private":"bnVsbA==","dependencies":["google_cloud_run_v2_service.redis_insight","google_compute_global_address.private_ip_address","google_compute_network.vpc_network","google_service_networking_connection.private_vpc_connection"]}]},{"mode":"managed","type":"google_cloud_run_v2_service","name":"default","provider":"provider[\"registry.opentofu.org/hashicorp/google\"]","instances":[{"schema_version":0,"attributes":{"annotations":null,"binary_authorization":[],"build_config":[],"client":"","client_version":"","conditions":[{"execution_reason":"","last_transition_time":"2025-03-03T08:58:42.761805Z","message":"","reason":"","revision_reason":"","severity":"","state":"CONDITION_SUCCEEDED","type":"RoutesReady"},{"execution_reason":"","last_transition_time":"2025-03-03T08:58:41.635360Z","message":"","reason":"","revision_reason":"","severity":"","state":"CONDITION_SUCCEEDED","type":"ConfigurationsReady"}],"create_time":"2025-03-03T08:58:09.264512Z","creator":"Theo.Nard18@gmail.com","custom_audiences":null,"delete_time":"","deletion_protection":false,"description":"","effective_annotations":{},"effective_labels":{"goog-terraform-provisioned":"true"},"etag":"\"CKHelb4GEIDEkH4/cHJvamVjdHMvcGFuZGVvLTQyMzYxMy9sb2NhdGlvbnMvZXVyb3BlLXdlc3Q0L3NlcnZpY2VzL2Z0LWlhYw\"","expire_time":"","generation":"1","id":"projects/pandeo-423613/locations/europe-west4/services/ft-iac","ingress":"INGRESS_TRAFFIC_ALL","invoker_iam_disabled":false,"labels":null,"last_modifier":"Theo.Nard18@gmail.com","latest_created_revision":"projects/pandeo-423613/locations/europe-west4/services/ft-iac/revisions/ft-iac-00001-6mw","latest_ready_revision":"projects/pandeo-423613/locations/europe-west4/services/ft-iac/revisions/ft-iac-00001-6mw","launch_stage":"GA","location":"europe-west4","name":"ft-iac","observed_generation":"1","project":"pandeo-423613","reconciling":false,"scaling":[],"template":[{"annotations":null,"containers":[{"args":null,"base_image_uri":"","build_info":[],"command":null,"depends_on":null,"env":[{"name":"MYSQL_DATABASE","value":"ft-iac","value_source":[]},{"name":"MYSQL_HOST","value":"10.0.1.3","value_source":[]},{"name":"MYSQL_PASSWORD","value":"","value_source":[{"secret_key_ref":[{"secret":"ft-iac-database","version":"1"}]}]},{"name":"MYSQL_USER","value":"ft-iac","value_source":[]},{"name":"NODE_ENV","value":"production","value_source":[]},{"name":"REDIS_HOST","value":"10.0.0.3","value_source":[]},{"name":"REDIS_PORT","value":"6379","value_source":[]},{"name":"SESSION_SECRET","value":"","value_source":[{"secret_key_ref":[{"secret":"ft-iac-session","version":"1"}]}]}],"image":"docker.io/pandeo/ft-iac:27595","liveness_probe":[],"name":"","ports":[{"container_port":3000,"name":"http1"}],"resources":[{"cpu_idle":false,"limits":{"cpu":"1","memory":"512Mi"},"startup_cpu_boost":false}],"startup_probe":[{"failure_threshold":1,"grpc":[],"http_get":[],"initial_delay_seconds":0,"period_seconds":240,"tcp_socket":[{"port":3000}],"timeout_seconds":240}],"volume_mounts":[],"working_dir":""}],"encryption_key":"","execution_environment":"","labels":null,"max_instance_request_concurrency":80,"revision":"","scaling":[{"max_instance_count":1,"min_instance_count":0}],"service_account":"399113550497-compute@developer.gserviceaccount.com","session_affinity":false,"timeout":"300s","volumes":[],"vpc_access":[{"connector":"","egress":"PRIVATE_RANGES_ONLY","network_interfaces":[{"network":"ft-iac","subnetwork":"","tags":null}]}]}],"terminal_condition":[{"execution_reason":"","last_transition_time":"2025-03-03T08:58:42.790021Z","message":"","reason":"","revision_reason":"","severity":"","state":"CONDITION_SUCCEEDED","type":"Ready"}],"terraform_labels":{"goog-terraform-provisioned":"true"},"timeouts":null,"traffic":[{"percent":100,"revision":"","tag":"","type":"TRAFFIC_TARGET_ALLOCATION_TYPE_LATEST"}],"traffic_statuses":[{"percent":100,"revision":"","tag":"","type":"TRAFFIC_TARGET_ALLOCATION_TYPE_LATEST","uri":""}],"uid":"9f569cbd-6b36-413d-ab19-e25050dcc6d6","update_time":"2025-03-03T08:58:09.264512Z","uri":"https://ft-iac-6svopcyaka-ez.a.run.app","urls":["https://ft-iac-399113550497.europe-west4.run.app","https://ft-iac-6svopcyaka-ez.a.run.app"]},"sensitive_attributes":[],"private":"eyJlMmJmYjczMC1lY2FhLTExZTYtOGY4OC0zNDM2M2JjN2M0YzAiOnsiY3JlYXRlIjoxMjAwMDAwMDAwMDAwLCJkZWxldGUiOjEyMDAwMDAwMDAwMDAsInVwZGF0ZSI6MTIwMDAwMDAwMDAwMH19","dependencies":["google_compute_global_address.private_ip_address","google_compute_network.vpc_network","google_redis_instance.cache","google_secret_manager_secret.secret_database","google_secret_manager_secret.secret_session","google_service_networking_connection.private_vpc_connection","google_sql_database.database","google_sql_database_instance.instance","google_sql_user.users","random_string.random"]}]},{"mode":"managed","type":"google_cloud_run_v2_service","name":"redis_insight","provider":"provider[\"registry.opentofu.org/hashicorp/google\"]","instances":[{"schema_version":0,"attributes":{"annotations":null,"binary_authorization":[],"build_config":[],"client":"","client_version":"","conditions":[{"execution_reason":"","last_transition_time":"2025-03-03T08:42:59.961197Z","message":"","reason":"","revision_reason":"","severity":"","state":"CONDITION_SUCCEEDED","type":"RoutesReady"},{"execution_reason":"","last_transition_time":"2025-03-03T08:42:58.745913Z","message":"","reason":"","revision_reason":"","severity":"","state":"CONDITION_SUCCEEDED","type":"ConfigurationsReady"}],"create_time":"2025-03-03T08:42:26.092234Z","creator":"Theo.Nard18@gmail.com","custom_audiences":null,"delete_time":"","deletion_protection":false,"description":"","effective_annotations":{},"effective_labels":{"goog-terraform-provisioned":"true"},"etag":"\"CPLWlb4GEJDC_Ss/cHJvamVjdHMvcGFuZGVvLTQyMzYxMy9sb2NhdGlvbnMvZXVyb3BlLXdlc3Q0L3NlcnZpY2VzL2Z0LWlhYy1yZWRpcy1pbnNpZ2h0\"","expire_time":"","generation":"1","id":"projects/pandeo-423613/locations/europe-west4/services/ft-iac-redis-insight","ingress":"INGRESS_TRAFFIC_ALL","invoker_iam_disabled":false,"labels":null,"last_modifier":"Theo.Nard18@gmail.com","latest_created_revision":"projects/pandeo-423613/locations/europe-west4/services/ft-iac-redis-insight/revisions/ft-iac-redis-insight-00001-4z4","latest_ready_revision":"projects/pandeo-423613/locations/europe-west4/services/ft-iac-redis-insight/revisions/ft-iac-redis-insight-00001-4z4","launch_stage":"GA","location":"europe-west4","name":"ft-iac-redis-insight","observed_generation":"1","project":"pandeo-423613","reconciling":false,"scaling":[],"template":[{"annotations":null,"containers":[{"args":null,"base_image_uri":"","build_info":[],"command":null,"depends_on":null,"env":[],"image":"redis/redisinsight","liveness_probe":[],"name":"","ports":[{"container_port":5540,"name":"http1"}],"resources":[{"cpu_idle":false,"limits":{"cpu":"1","memory":"512Mi"},"startup_cpu_boost":false}],"startup_probe":[{"failure_threshold":1,"grpc":[],"http_get":[],"initial_delay_seconds":0,"period_seconds":240,"tcp_socket":[{"port":5540}],"timeout_seconds":240}],"volume_mounts":[],"working_dir":""}],"encryption_key":"","execution_environment":"","labels":null,"max_instance_request_concurrency":80,"revision":"","scaling":[{"max_instance_count":1,"min_instance_count":0}],"service_account":"399113550497-compute@developer.gserviceaccount.com","session_affinity":false,"timeout":"300s","volumes":[],"vpc_access":[{"connector":"","egress":"PRIVATE_RANGES_ONLY","network_interfaces":[{"network":"ft-iac","subnetwork":"","tags":null}]}]}],"terminal_condition":[{"execution_reason":"","last_transition_time":"2025-03-03T08:43:00.005480Z","message":"","reason":"","revision_reason":"","severity":"","state":"CONDITION_SUCCEEDED","type":"Ready"}],"terraform_labels":{"goog-terraform-provisioned":"true"},"timeouts":null,"traffic":[{"percent":100,"revision":"","tag":"","type":"TRAFFIC_TARGET_ALLOCATION_TYPE_LATEST"}],"traffic_statuses":[{"percent":100,"revision":"","tag":"","type":"TRAFFIC_TARGET_ALLOCATION_TYPE_LATEST","uri":""}],"uid":"4a6fc10a-02fa-4143-b0f6-ec5049256826","update_time":"2025-03-03T08:42:26.092234Z","uri":"https://ft-iac-redis-insight-6svopcyaka-ez.a.run.app","urls":["https://ft-iac-redis-insight-399113550497.europe-west4.run.app","https://ft-iac-redis-insight-6svopcyaka-ez.a.run.app"]},"sensitive_attributes":[],"private":"eyJlMmJmYjczMC1lY2FhLTExZTYtOGY4OC0zNDM2M2JjN2M0YzAiOnsiY3JlYXRlIjoxMjAwMDAwMDAwMDAwLCJkZWxldGUiOjEyMDAwMDAwMDAwMDAsInVwZGF0ZSI6MTIwMDAwMDAwMDAwMH19","dependencies":["google_compute_global_address.private_ip_address","google_compute_network.vpc_network","google_service_networking_connection.private_vpc_connection"]}]},{"mode":"managed","type":"google_compute_global_address","name":"private_ip_address","provider":"provider[\"registry.opentofu.org/hashicorp/google\"]","instances":[{"schema_version":0,"attributes":{"address":"10.0.0.0","address_type":"INTERNAL","creation_timestamp":"2025-03-03T00:41:21.159-08:00","description":"","effective_labels":{"goog-terraform-provisioned":"true"},"id":"projects/pandeo-423613/global/addresses/ft-iac-private-ip","ip_version":"","label_fingerprint":"vezUS-42LLM=","labels":null,"name":"ft-iac-private-ip","network":"https://www.googleapis.com/compute/v1/projects/pandeo-423613/global/networks/ft-iac","prefix_length":20,"project":"pandeo-423613","purpose":"VPC_PEERING","self_link":"https://www.googleapis.com/compute/v1/projects/pandeo-423613/global/addresses/ft-iac-private-ip","terraform_labels":{"goog-terraform-provisioned":"true"},"timeouts":null},"sensitive_attributes":[],"private":"eyJlMmJmYjczMC1lY2FhLTExZTYtOGY4OC0zNDM2M2JjN2M0YzAiOnsiY3JlYXRlIjoxMjAwMDAwMDAwMDAwLCJkZWxldGUiOjEyMDAwMDAwMDAwMDAsInVwZGF0ZSI6MTIwMDAwMDAwMDAwMH19","dependencies":["google_compute_network.vpc_network"]}]},{"mode":"managed","type":"google_compute_network","name":"vpc_network","provider":"provider[\"registry.opentofu.org/hashicorp/google\"]","instances":[{"schema_version":0,"attributes":{"auto_create_subnetworks":true,"bgp_always_compare_med":false,"bgp_best_path_selection_mode":"LEGACY","bgp_inter_region_cost":"","delete_default_routes_on_create":false,"description":"","enable_ula_internal_ipv6":false,"gateway_ipv4":"","id":"projects/pandeo-423613/global/networks/ft-iac","internal_ipv6_range":"","mtu":0,"name":"ft-iac","network_firewall_policy_enforcement_order":"AFTER_CLASSIC_FIREWALL","network_id":"562744940563059731","network_profile":"","numeric_id":"562744940563059731","project":"pandeo-423613","routing_mode":"REGIONAL","self_link":"https://www.googleapis.com/compute/v1/projects/pandeo-423613/global/networks/ft-iac","timeouts":null},"sensitive_attributes":[],"private":"eyJlMmJmYjczMC1lY2FhLTExZTYtOGY4OC0zNDM2M2JjN2M0YzAiOnsiY3JlYXRlIjoxMjAwMDAwMDAwMDAwLCJkZWxldGUiOjEyMDAwMDAwMDAwMDAsInVwZGF0ZSI6MTIwMDAwMDAwMDAwMH19"}]},{"mode":"managed","type":"google_compute_region_network_endpoint_group","name":"default","provider":"provider[\"registry.opentofu.org/hashicorp/google-beta\"]","instances":[{"schema_version":0,"attributes":{"app_engine":[],"cloud_function":[],"cloud_run":[{"service":"ft-iac","tag":"","url_mask":""}],"description":"","id":"projects/pandeo-423613/regions/europe-west4/networkEndpointGroups/ft-iac","name":"ft-iac","network":"","network_endpoint_type":"SERVERLESS","project":"pandeo-423613","psc_data":[],"psc_target_service":"","region":"https://www.googleapis.com/compute/v1/projects/pandeo-423613/regions/europe-west4","self_link":"https://www.googleapis.com/compute/v1/projects/pandeo-423613/regions/europe-west4/networkEndpointGroups/ft-iac","serverless_deployment":[],"subnetwork":"","timeouts":null},"sensitive_attributes":[],"private":"eyJlMmJmYjczMC1lY2FhLTExZTYtOGY4OC0zNDM2M2JjN2M0YzAiOnsiY3JlYXRlIjoxMjAwMDAwMDAwMDAwLCJkZWxldGUiOjEyMDAwMDAwMDAwMDB9fQ==","dependencies":["google_cloud_run_v2_service.default","google_compute_global_address.private_ip_address","google_compute_network.vpc_network","google_redis_instance.cache","google_secret_manager_secret.secret_database","google_secret_manager_secret.secret_session","google_service_networking_connection.private_vpc_connection","google_sql_database.database","google_sql_database_instance.instance","google_sql_user.users","random_string.random"]}]},{"mode":"managed","type":"google_monitoring_alert_policy","name":"ft_iac_uptime_failure","provider":"provider[\"registry.opentofu.org/hashicorp/google\"]","instances":[{"schema_version":0,"attributes":{"alert_strategy":[],"combiner":"OR","conditions":[{"condition_absent":[],"condition_matched_log":[],"condition_monitoring_query_language":[],"condition_prometheus_query_language":[],"condition_sql":[],"condition_threshold":[{"aggregations":[{"alignment_period":"1200s","cross_series_reducer":"REDUCE_COUNT_FALSE","group_by_fields":["resource.label.project_id","resource.label.host"],"per_series_aligner":"ALIGN_NEXT_OLDER"}],"comparison":"COMPARISON_GT","denominator_aggregations":[],"denominator_filter":"","duration":"60s","evaluation_missing_data":"","filter":"resource.type = \"uptime_url\" AND metric.type = \"monitoring.googleapis.com/uptime_check/check_passed\" AND metric.labels.check_id = \"ft-iac-sRjoaKGSOpA\"","forecast_options":[],"threshold_value":1,"trigger":[]}],"display_name":"Failure of uptime check_id ft-iac-sRjoaKGSOpA","name":"projects/pandeo-423613/alertPolicies/14812651980292846321/conditions/14812651980292846158"}],"creation_record":[{"mutate_time":"2025-03-03T08:40:27.864512379Z","mutated_by":"Theo.Nard18@gmail.com"}],"display_name":"ft-iac uptime failure","documentation":[],"enabled":true,"id":"projects/pandeo-423613/alertPolicies/14812651980292846321","name":"projects/pandeo-423613/alertPolicies/14812651980292846321","notification_channels":["projects/pandeo-423613/notificationChannels/11184700850075630605"],"project":"pandeo-423613","severity":"CRITICAL","timeouts":null,"user_labels":null},"sensitive_attributes":[],"private":"eyJlMmJmYjczMC1lY2FhLTExZTYtOGY4OC0zNDM2M2JjN2M0YzAiOnsiY3JlYXRlIjoxMjAwMDAwMDAwMDAwLCJkZWxldGUiOjEyMDAwMDAwMDAwMDAsInVwZGF0ZSI6MTIwMDAwMDAwMDAwMH19"}]},{"mode":"managed","type":"google_monitoring_uptime_check_config","name":"https","provider":"provider[\"registry.opentofu.org/hashicorp/google\"]","instances":[{"schema_version":0,"attributes":{"checker_type":"STATIC_IP_CHECKERS","content_matchers":[],"display_name":"ft-iac","http_check":[{"accepted_response_status_codes":[{"status_class":"STATUS_CLASS_2XX","status_value":0}],"auth_info":[],"body":"","content_type":"","custom_content_type":"","headers":{},"mask_headers":false,"path":"/","ping_config":[],"port":443,"request_method":"GET","service_agent_authentication":[],"use_ssl":true,"validate_ssl":true}],"id":"projects/pandeo-423613/uptimeCheckConfigs/ft-iac-sLrg1omYLuQ","monitored_resource":[{"labels":{"host":"ft-iac.pandeo.fr","project_id":"pandeo-423613"},"type":"uptime_url"}],"name":"projects/pandeo-423613/uptimeCheckConfigs/ft-iac-sLrg1omYLuQ","period":"300s","project":"pandeo-423613","resource_group":[],"selected_regions":null,"synthetic_monitor":[],"tcp_check":[],"timeout":"60s","timeouts":null,"uptime_check_id":"ft-iac-sLrg1omYLuQ","user_labels":null},"sensitive_attributes":[],"private":"eyJlMmJmYjczMC1lY2FhLTExZTYtOGY4OC0zNDM2M2JjN2M0YzAiOnsiY3JlYXRlIjoxMjAwMDAwMDAwMDAwLCJkZWxldGUiOjEyMDAwMDAwMDAwMDAsInVwZGF0ZSI6MTIwMDAwMDAwMDAwMH19"}]},{"mode":"managed","type":"google_redis_instance","name":"cache","provider":"provider[\"registry.opentofu.org/hashicorp/google\"]","instances":[{"schema_version":0,"attributes":{"alternative_location_id":"","auth_enabled":false,"auth_string":"","authorized_network":"projects/pandeo-423613/global/networks/ft-iac","connect_mode":"PRIVATE_SERVICE_ACCESS","create_time":"2025-03-03T08:42:27.519106857Z","current_location_id":"europe-west4-b","customer_managed_key":"","display_name":"","effective_labels":{"goog-terraform-provisioned":"true"},"host":"10.0.0.3","id":"projects/pandeo-423613/locations/europe-west4/instances/ft-iac","labels":null,"location_id":"europe-west4-b","maintenance_policy":[],"maintenance_schedule":[],"maintenance_version":"20241107_00_00","memory_size_gb":1,"name":"ft-iac","nodes":[{"id":"node-0","zone":"europe-west4-b"}],"persistence_config":[{"persistence_mode":"DISABLED","rdb_next_snapshot_time":"","rdb_snapshot_period":"","rdb_snapshot_start_time":""}],"persistence_iam_identity":"serviceAccount:service-399113550497@cloud-redis.iam.gserviceaccount.com","port":6379,"project":"pandeo-423613","read_endpoint":"","read_endpoint_port":0,"read_replicas_mode":"READ_REPLICAS_DISABLED","redis_configs":null,"redis_version":"REDIS_7_0","region":"europe-west4","replica_count":0,"reserved_ip_range":null,"secondary_ip_range":"","server_ca_certs":[],"terraform_labels":{"goog-terraform-provisioned":"true"},"tier":"BASIC","timeouts":null,"transit_encryption_mode":"DISABLED"},"sensitive_attributes":[[{"type":"get_attr","value":"auth_string"}]],"private":"eyJlMmJmYjczMC1lY2FhLTExZTYtOGY4OC0zNDM2M2JjN2M0YzAiOnsiY3JlYXRlIjoxMjAwMDAwMDAwMDAwLCJkZWxldGUiOjEyMDAwMDAwMDAwMDAsInVwZGF0ZSI6MTIwMDAwMDAwMDAwMH19","dependencies":["google_compute_global_address.private_ip_address","google_compute_network.vpc_network","google_service_networking_connection.private_vpc_connection"]}]},{"mode":"managed","type":"google_secret_manager_secret","name":"secret_database","provider":"provider[\"registry.opentofu.org/hashicorp/google\"]","instances":[{"schema_version":0,"attributes":{"annotations":null,"create_time":"2025-03-03T08:40:27.410742Z","effective_annotations":{},"effective_labels":{"goog-terraform-provisioned":"true"},"expire_time":"","id":"projects/pandeo-423613/secrets/ft-iac-database","labels":null,"name":"projects/399113550497/secrets/ft-iac-database","project":"pandeo-423613","replication":[{"auto":[{"customer_managed_encryption":[]}],"user_managed":[]}],"rotation":[],"secret_id":"ft-iac-database","terraform_labels":{"goog-terraform-provisioned":"true"},"timeouts":null,"topics":[],"ttl":null,"version_aliases":null,"version_destroy_ttl":""},"sensitive_attributes":[],"private":"eyJlMmJmYjczMC1lY2FhLTExZTYtOGY4OC0zNDM2M2JjN2M0YzAiOnsiY3JlYXRlIjoxMjAwMDAwMDAwMDAwLCJkZWxldGUiOjEyMDAwMDAwMDAwMDAsInVwZGF0ZSI6MTIwMDAwMDAwMDAwMH19"}]},{"mode":"managed","type":"google_secret_manager_secret","name":"secret_session","provider":"provider[\"registry.opentofu.org/hashicorp/google\"]","instances":[{"schema_version":0,"attributes":{"annotations":null,"create_time":"2025-03-03T08:40:27.488017Z","effective_annotations":{},"effective_labels":{"goog-terraform-provisioned":"true"},"expire_time":"","id":"projects/pandeo-423613/secrets/ft-iac-session","labels":null,"name":"projects/399113550497/secrets/ft-iac-session","project":"pandeo-423613","replication":[{"auto":[{"customer_managed_encryption":[]}],"user_managed":[]}],"rotation":[],"secret_id":"ft-iac-session","terraform_labels":{"goog-terraform-provisioned":"true"},"timeouts":null,"topics":[],"ttl":null,"version_aliases":null,"version_destroy_ttl":""},"sensitive_attributes":[],"private":"eyJlMmJmYjczMC1lY2FhLTExZTYtOGY4OC0zNDM2M2JjN2M0YzAiOnsiY3JlYXRlIjoxMjAwMDAwMDAwMDAwLCJkZWxldGUiOjEyMDAwMDAwMDAwMDAsInVwZGF0ZSI6MTIwMDAwMDAwMDAwMH19"}]},{"mode":"managed","type":"google_secret_manager_secret_iam_member","name":"secret-database","provider":"provider[\"registry.opentofu.org/hashicorp/google\"]","instances":[{"schema_version":0,"attributes":{"condition":[],"etag":"BwYvbBu4xdA=","id":"projects/pandeo-423613/secrets/ft-iac-database/roles/secretmanager.secretAccessor/serviceAccount:399113550497-compute@developer.gserviceaccount.com","member":"serviceAccount:399113550497-compute@developer.gserviceaccount.com","project":"pandeo-423613","role":"roles/secretmanager.secretAccessor","secret_id":"projects/pandeo-423613/secrets/ft-iac-database"},"sensitive_attributes":[],"private":"bnVsbA==","dependencies":["data.google_project.project","google_secret_manager_secret.secret_database"]}]},{"mode":"managed","type":"google_secret_manager_secret_iam_member","name":"secret-session","provider":"provider[\"registry.opentofu.org/hashicorp/google\"]","instances":[{"schema_version":0,"attributes":{"condition":[],"etag":"BwYvbBu52Qc=","id":"projects/pandeo-423613/secrets/ft-iac-session/roles/secretmanager.secretAccessor/serviceAccount:399113550497-compute@developer.gserviceaccount.com","member":"serviceAccount:399113550497-compute@developer.gserviceaccount.com","project":"pandeo-423613","role":"roles/secretmanager.secretAccessor","secret_id":"projects/pandeo-423613/secrets/ft-iac-session"},"sensitive_attributes":[],"private":"bnVsbA==","dependencies":["data.google_project.project","google_secret_manager_secret.secret_session"]}]},{"mode":"managed","type":"google_secret_manager_secret_version","name":"secret_database","provider":"provider[\"registry.opentofu.org/hashicorp/google\"]","instances":[{"schema_version":0,"attributes":{"create_time":"2025-03-03T08:40:28.642237Z","deletion_policy":"DELETE","destroy_time":"","enabled":true,"id":"projects/399113550497/secrets/ft-iac-database/versions/1","is_secret_data_base64":false,"name":"projects/399113550497/secrets/ft-iac-database/versions/1","secret":"projects/399113550497/secrets/ft-iac-database","secret_data":"j4JtfkDAy7abir�u","timeouts":null,"version":"1"},"sensitive_attributes":[[{"type":"get_attr","value":"secret_data"}]],"private":"eyJlMmJmYjczMC1lY2FhLTExZTYtOGY4OC0zNDM2M2JjN2M0YzAiOnsiY3JlYXRlIjoxMjAwMDAwMDAwMDAwLCJkZWxldGUiOjEyMDAwMDAwMDAwMDAsInVwZGF0ZSI6MTIwMDAwMDAwMDAwMH19","dependencies":["google_secret_manager_secret.secret_database","random_string.random"]}]},{"mode":"managed","type":"google_secret_manager_secret_version","name":"secret_session","provider":"provider[\"registry.opentofu.org/hashicorp/google\"]","instances":[{"schema_version":0,"attributes":{"create_time":"2025-03-03T08:40:28.927274Z","deletion_policy":"DELETE","destroy_time":"","enabled":true,"id":"projects/399113550497/secrets/ft-iac-session/versions/1","is_secret_data_base64":false,"name":"projects/399113550497/secrets/ft-iac-session/versions/1","secret":"projects/399113550497/secrets/ft-iac-session","secret_data":"0mwQAFcUvfdVIz83","timeouts":null,"version":"1"},"sensitive_attributes":[[{"type":"get_attr","value":"secret_data"}]],"private":"eyJlMmJmYjczMC1lY2FhLTExZTYtOGY4OC0zNDM2M2JjN2M0YzAiOnsiY3JlYXRlIjoxMjAwMDAwMDAwMDAwLCJkZWxldGUiOjEyMDAwMDAwMDAwMDAsInVwZGF0ZSI6MTIwMDAwMDAwMDAwMH19","dependencies":["google_secret_manager_secret.secret_session","random_string.session_secret"]}]},{"mode":"managed","type":"google_service_networking_connection","name":"private_vpc_connection","provider":"provider[\"registry.opentofu.org/hashicorp/google\"]","instances":[{"schema_version":0,"attributes":{"deletion_policy":null,"id":"projects%2Fpandeo-423613%2Fglobal%2Fnetworks%2Fft-iac:servicenetworking.googleapis.com","network":"projects/pandeo-423613/global/networks/ft-iac","peering":"servicenetworking-googleapis-com","reserved_peering_ranges":["ft-iac-private-ip"],"service":"servicenetworking.googleapis.com","timeouts":null,"update_on_creation_fail":null},"sensitive_attributes":[],"private":"eyJlMmJmYjczMC1lY2FhLTExZTYtOGY4OC0zNDM2M2JjN2M0YzAiOnsiY3JlYXRlIjo2MDAwMDAwMDAwMDAsImRlbGV0ZSI6NjAwMDAwMDAwMDAwLCJ1cGRhdGUiOjYwMDAwMDAwMDAwMH19","dependencies":["google_compute_global_address.private_ip_address","google_compute_network.vpc_network"]}]},{"mode":"managed","type":"google_sql_database","name":"database","provider":"provider[\"registry.opentofu.org/hashicorp/google\"]","instances":[{"schema_version":0,"attributes":{"charset":"utf8mb4","collation":"utf8mb4_0900_ai_ci","deletion_policy":"ABANDON","id":"projects/pandeo-423613/instances/ft-iac/databases/ft-iac","instance":"ft-iac","name":"ft-iac","project":"pandeo-423613","self_link":"https://sqladmin.googleapis.com/sql/v1beta4/projects/pandeo-423613/instances/ft-iac/databases/ft-iac","timeouts":null},"sensitive_attributes":[],"private":"eyJlMmJmYjczMC1lY2FhLTExZTYtOGY4OC0zNDM2M2JjN2M0YzAiOnsiY3JlYXRlIjoxMjAwMDAwMDAwMDAwLCJkZWxldGUiOjEyMDAwMDAwMDAwMDAsInVwZGF0ZSI6MTIwMDAwMDAwMDAwMH19","dependencies":["google_compute_global_address.private_ip_address","google_compute_network.vpc_network","google_service_networking_connection.private_vpc_connection","google_sql_database_instance.instance"]}]},{"mode":"managed","type":"google_sql_database_instance","name":"instance","provider":"provider[\"registry.opentofu.org/hashicorp/google\"]","instances":[{"schema_version":0,"attributes":{"available_maintenance_versions":[],"clone":[],"connection_name":"pandeo-423613:europe-west4:ft-iac","database_version":"MYSQL_8_4","deletion_protection":false,"dns_name":"","encryption_key_name":null,"first_ip_address":"10.0.1.3","id":"ft-iac","instance_type":"CLOUD_SQL_INSTANCE","ip_address":[{"ip_address":"10.0.1.3","time_to_retire":"","type":"PRIVATE"}],"maintenance_version":"MYSQL_8_4_3.R20241208.01_04","master_instance_name":"","name":"ft-iac","private_ip_address":"10.0.1.3","project":"pandeo-423613","psc_service_attachment_link":"","public_ip_address":"","region":"europe-west4","replica_configuration":[],"replica_names":[],"replication_cluster":[{"dr_replica":false,"failover_dr_replica_name":""}],"restore_backup_context":[],"root_password":null,"self_link":"https://sqladmin.googleapis.com/sql/v1beta4/projects/pandeo-423613/instances/ft-iac","server_ca_cert":[{"cert":"-----BEGIN CERTIFICATE-----\nMIIDfzCCAmegAwIBAgIBADANBgkqhkiG9w0BAQsFADB3MS0wKwYDVQQuEyQ1N2My\nMWNmYy0yOWQxLTQ3NDgtYWZiMi02ZDY2YTdmMjRiODExIzAhBgNVBAMTGkdvb2ds\nZSBDbG91ZCBTUUwgU2VydmVyIENBMRQwEgYDVQQKEwtHb29nbGUsIEluYzELMAkG\nA1UEBhMCVVMwHhcNMjUwMzAzMDg0NDU5WhcNMzUwMzAxMDg0NTU5WjB3MS0wKwYD\nVQQuEyQ1N2MyMWNmYy0yOWQxLTQ3NDgtYWZiMi02ZDY2YTdmMjRiODExIzAhBgNV\nBAMTGkdvb2dsZSBDbG91ZCBTUUwgU2VydmVyIENBMRQwEgYDVQQKEwtHb29nbGUs\nIEluYzELMAkGA1UEBhMCVVMwggEiMA0GCSqGSIb3DQEBAQUAA4IBDwAwggEKAoIB\nAQC1uzESYqAcx3cdHUoxY/dfJvyCgrcTApfd9RMIZ8w+Ae7khpL1Hshf/wOe81nv\ni4c4b1X8G2coIpptuYmoBJRu8u2T4KrbrSTkRSYnfeQqVA56A9NiJVh6//df5R6+\ngC7dXNOYRVZDh2kgV7OPbhabpS+m9ySjRGjQ/3xYbjVYgbrIVKCNfRmqblvC0ZEQ\nEl+C6b+ysyhnvQC9eXIblmlZmSrBP0VZuqyhFdUtP869Dpcu3Hia9Atxt5HVnn2b\n0r/hVgSvR/9F2C2wM2gmV4tTTLhrIZTZcabWzDX4q8yCWsFycN5bZGxba7q+RAGb\nKldZCriv7R6Dnd9Damkl7+ynAgMBAAGjFjAUMBIGA1UdEwEB/wQIMAYBAf8CAQAw\nDQYJKoZIhvcNAQELBQADggEBAJTEoNsuWrS3En7F8vu+USLtxvMXDmQZAs1t7ZFL\nEJ/tTl7nWu1D6BZfHhnISnJy7nVNHpBumyGUOCE50z5pQOS+TxDXC2Kom4ZvFrwU\nkPcCmaaArBd+/5ZWUJFPw3zlN578AX+r3hXkyfWkd0Scq839RLod6lLTtBNVL4s4\n6ObMfGKQhFZeT9OZR3pWbJOExprQxqJPHTeuY7dyqwSXX2g8Hatp358SGVv5jHkO\nEpEBMqjWR0fwqJqzMtZM4EnliCQ6LIN6V9iHxkAN9rK423AnoA1c/dZd7XsVDkHS\nm3779lY4uPm1ABN8p7vjVap2DMhGIipL48+gauYpHbi9CsU=\n-----END CERTIFICATE-----","common_name":"C=US,O=Google\\, Inc,CN=Google Cloud SQL Server CA,dnQualifier=57c21cfc-29d1-4748-afb2-6d66a7f24b81","create_time":"2025-03-03T08:44:59.439Z","expiration_time":"2035-03-01T08:45:59.439Z","sha1_fingerprint":"c493127ada4a882e66d3c6471f86e904f9bf492f"}],"service_account_email_address":"p399113550497-0zytvt@gcp-sa-cloud-sql.iam.gserviceaccount.com","settings":[{"activation_policy":"ALWAYS","active_directory_config":[],"advanced_machine_features":[],"availability_type":"ZONAL","backup_configuration":[{"backup_retention_settings":[{"retained_backups":7,"retention_unit":"COUNT"}],"binary_log_enabled":false,"enabled":false,"location":"","point_in_time_recovery_enabled":false,"start_time":"09:00","transaction_log_retention_days":7}],"collation":"","connector_enforcement":"NOT_REQUIRED","data_cache_config":[{"data_cache_enabled":false}],"database_flags":[],"deletion_protection_enabled":false,"deny_maintenance_period":[],"disk_autoresize":true,"disk_autoresize_limit":0,"disk_size":10,"disk_type":"PD_SSD","edition":"ENTERPRISE","enable_dataplex_integration":false,"enable_google_ml_integration":false,"insights_config":[],"ip_configuration":[{"allocated_ip_range":"","authorized_networks":[],"enable_private_path_for_google_cloud_services":true,"ipv4_enabled":false,"private_network":"projects/pandeo-423613/global/networks/ft-iac","psc_config":[],"server_ca_mode":"GOOGLE_MANAGED_INTERNAL_CA","server_ca_pool":"","ssl_mode":"ALLOW_UNENCRYPTED_AND_ENCRYPTED"}],"location_preference":[{"follow_gae_application":"","secondary_zone":"","zone":"europe-west4-b"}],"maintenance_window":[],"password_validation_policy":[],"pricing_plan":"PER_USE","sql_server_audit_config":[],"tier":"db-f1-micro","time_zone":"","user_labels":{},"version":1}],"timeouts":null},"sensitive_attributes":[[{"type":"get_attr","value":"server_ca_cert"}],[{"type":"get_attr","value":"root_password"}]],"private":"eyJlMmJmYjczMC1lY2FhLTExZTYtOGY4OC0zNDM2M2JjN2M0YzAiOnsiY3JlYXRlIjo1NDAwMDAwMDAwMDAwLCJkZWxldGUiOjU0MDAwMDAwMDAwMDAsInVwZGF0ZSI6NTQwMDAwMDAwMDAwMH19","dependencies":["google_compute_global_address.private_ip_address","google_compute_network.vpc_network","google_service_networking_connection.private_vpc_connection"]}]},{"mode":"managed","type":"google_sql_user","name":"users","provider":"provider[\"registry.opentofu.org/hashicorp/google\"]","instances":[{"schema_version":1,"attributes":{"deletion_policy":null,"host":"%","id":"ft-iac/%/ft-iac","instance":"ft-iac","name":"ft-iac","password":"j4JtfkDAy7abir�u","password_policy":[],"project":"pandeo-423613","sql_server_user_details":[],"timeouts":null,"type":""},"sensitive_attributes":[[{"type":"get_attr","value":"password"}]],"private":"eyJlMmJmYjczMC1lY2FhLTExZTYtOGY4OC0zNDM2M2JjN2M0YzAiOnsiY3JlYXRlIjo2MDAwMDAwMDAwMDAsImRlbGV0ZSI6NjAwMDAwMDAwMDAwLCJ1cGRhdGUiOjYwMDAwMDAwMDAwMH0sInNjaGVtYV92ZXJzaW9uIjoiMSJ9","dependencies":["google_compute_global_address.private_ip_address","google_compute_network.vpc_network","google_service_networking_connection.private_vpc_connection","google_sql_database_instance.instance","random_string.random"]}]},{"mode":"managed","type":"random_string","name":"random","provider":"provider[\"registry.opentofu.org/hashicorp/random\"]","instances":[{"schema_version":2,"attributes":{"id":"j4JtfkDAy7abir\ufffdu","keepers":null,"length":16,"lower":true,"min_lower":0,"min_numeric":0,"min_special":0,"min_upper":0,"number":true,"numeric":true,"override_special":"/@£$","result":"j4JtfkDAy7abir\ufffdu","special":true,"upper":true},"sensitive_attributes":[]}]},{"mode":"managed","type":"random_string","name":"session_secret","provider":"provider[\"registry.opentofu.org/hashicorp/random\"]","instances":[{"schema_version":2,"attributes":{"id":"0mwQAFcUvfdVIz83","keepers":null,"length":16,"lower":true,"min_lower":0,"min_numeric":0,"min_special":0,"min_upper":0,"number":true,"numeric":true,"override_special":"/@£$","result":"0mwQAFcUvfdVIz83","special":true,"upper":true},"sensitive_attributes":[]}]},{"module":"module.lb-http","mode":"managed","type":"google_compute_backend_service","name":"default","provider":"provider[\"registry.opentofu.org/hashicorp/google-beta\"]","instances":[{"index_key":"default","schema_version":1,"attributes":{"affinity_cookie_ttl_sec":0,"backend":[{"balancing_mode":"UTILIZATION","capacity_scaler":1,"description":"","group":"https://www.googleapis.com/compute/v1/projects/pandeo-423613/regions/europe-west4/networkEndpointGroups/ft-iac","max_connections":0,"max_connections_per_endpoint":0,"max_connections_per_instance":0,"max_rate":0,"max_rate_per_endpoint":0,"max_rate_per_instance":0,"max_utilization":0}],"cdn_policy":[],"circuit_breakers":[],"compression_mode":"","connection_draining_timeout_sec":300,"consistent_hash":[],"creation_timestamp":"2025-03-03T00:59:02.317-08:00","custom_request_headers":null,"custom_response_headers":null,"description":"","edge_security_policy":"","enable_cdn":false,"fingerprint":"ZYlD1saYm04=","generated_id":2253805570818101689,"health_checks":null,"iap":[{"enabled":false,"oauth2_client_id":"","oauth2_client_secret":"","oauth2_client_secret_sha256":"e3b0c44298fc1c149afbf4c8996fb92427ae41e4649b934ca495991b7852b855"}],"id":"projects/pandeo-423613/global/backendServices/ft-iac-backend-default","ip_address_selection_policy":"","load_balancing_scheme":"EXTERNAL","locality_lb_policies":[],"locality_lb_policy":"","log_config":[],"name":"ft-iac-backend-default","outlier_detection":[],"port_name":"http","project":"pandeo-423613","protocol":"HTTP","security_policy":"","security_settings":[],"self_link":"https://www.googleapis.com/compute/v1/projects/pandeo-423613/global/backendServices/ft-iac-backend-default","service_lb_policy":"","session_affinity":"NONE","strong_session_affinity_cookie":[],"timeout_sec":30,"timeouts":null},"sensitive_attributes":[[{"type":"get_attr","value":"iap"},{"type":"index","value":{"value":0,"type":"number"}},{"type":"get_attr","value":"oauth2_client_secret"}],[{"type":"get_attr","value":"iap"},{"type":"index","value":{"value":0,"type":"number"}},{"type":"get_attr","value":"oauth2_client_secret_sha256"}]],"private":"eyJlMmJmYjczMC1lY2FhLTExZTYtOGY4OC0zNDM2M2JjN2M0YzAiOnsiY3JlYXRlIjoxMjAwMDAwMDAwMDAwLCJkZWxldGUiOjEyMDAwMDAwMDAwMDAsInVwZGF0ZSI6MTIwMDAwMDAwMDAwMH0sInNjaGVtYV92ZXJzaW9uIjoiMSJ9","dependencies":["google_cloud_run_v2_service.default","google_compute_global_address.private_ip_address","google_compute_network.vpc_network","google_compute_region_network_endpoint_group.default","google_redis_instance.cache","google_secret_manager_secret.secret_database","google_secret_manager_secret.secret_session","google_service_networking_connection.private_vpc_connection","google_sql_database.database","google_sql_database_instance.instance","google_sql_user.users","module.lb-http.google_compute_region_network_endpoint_group.serverless_negs","random_string.random"]}]},{"module":"module.lb-http","mode":"managed","type":"google_compute_global_address","name":"default","provider":"provider[\"registry.opentofu.org/hashicorp/google-beta\"]","instances":[{"index_key":0,"schema_version":0,"attributes":{"address":"35.190.87.169","address_type":"EXTERNAL","creation_timestamp":"2025-03-03T00:40:26.974-08:00","description":"","effective_labels":{"goog-terraform-provisioned":"true"},"id":"projects/pandeo-423613/global/addresses/ft-iac-address","ip_version":"","label_fingerprint":"vezUS-42LLM=","labels":null,"name":"ft-iac-address","network":"","prefix_length":0,"project":"pandeo-423613","purpose":"","self_link":"https://www.googleapis.com/compute/v1/projects/pandeo-423613/global/addresses/ft-iac-address","terraform_labels":{"goog-terraform-provisioned":"true"},"timeouts":null},"sensitive_attributes":[],"private":"eyJlMmJmYjczMC1lY2FhLTExZTYtOGY4OC0zNDM2M2JjN2M0YzAiOnsiY3JlYXRlIjoxMjAwMDAwMDAwMDAwLCJkZWxldGUiOjEyMDAwMDAwMDAwMDAsInVwZGF0ZSI6MTIwMDAwMDAwMDAwMH19"}]},{"module":"module.lb-http","mode":"managed","type":"google_compute_global_forwarding_rule","name":"http","provider":"provider[\"registry.opentofu.org/hashicorp/google-beta\"]","instances":[{"index_key":0,"schema_version":0,"attributes":{"allow_psc_global_access":false,"base_forwarding_rule":"","description":"","effective_labels":{},"forwarding_rule_id":6823002263765176674,"id":"projects/pandeo-423613/global/forwardingRules/ft-iac","ip_address":"35.190.87.169","ip_protocol":"TCP","ip_version":"","label_fingerprint":"42WmSpB8rSM=","labels":null,"load_balancing_scheme":"EXTERNAL","metadata_filters":[],"name":"ft-iac","network":"","network_tier":"PREMIUM","no_automate_dns_zone":null,"port_range":"80-80","project":"pandeo-423613","psc_connection_id":"","psc_connection_status":"","self_link":"https://www.googleapis.com/compute/v1/projects/pandeo-423613/global/forwardingRules/ft-iac","service_directory_registrations":[],"source_ip_ranges":null,"subnetwork":"","target":"https://www.googleapis.com/compute/beta/projects/pandeo-423613/global/targetHttpProxies/ft-iac-http-proxy","terraform_labels":{},"timeouts":null},"sensitive_attributes":[],"private":"eyJlMmJmYjczMC1lY2FhLTExZTYtOGY4OC0zNDM2M2JjN2M0YzAiOnsiY3JlYXRlIjoxMjAwMDAwMDAwMDAwLCJkZWxldGUiOjEyMDAwMDAwMDAwMDAsInVwZGF0ZSI6MTIwMDAwMDAwMDAwMH19","dependencies":["google_cloud_run_v2_service.default","google_compute_global_address.private_ip_address","google_compute_network.vpc_network","google_compute_region_network_endpoint_group.default","google_redis_instance.cache","google_secret_manager_secret.secret_database","google_secret_manager_secret.secret_session","google_service_networking_connection.private_vpc_connection","google_sql_database.database","google_sql_database_instance.instance","google_sql_user.users","module.lb-http.google_compute_backend_service.default","module.lb-http.google_compute_global_address.default","module.lb-http.google_compute_region_network_endpoint_group.serverless_negs","module.lb-http.google_compute_target_http_proxy.default","module.lb-http.google_compute_url_map.default","module.lb-http.google_compute_url_map.https_redirect","random_string.random"]}]},{"module":"module.lb-http","mode":"managed","type":"google_compute_global_forwarding_rule","name":"https","provider":"provider[\"registry.opentofu.org/hashicorp/google-beta\"]","instances":[{"index_key":0,"schema_version":0,"attributes":{"allow_psc_global_access":false,"base_forwarding_rule":"","description":"","effective_labels":{},"forwarding_rule_id":8867062012650770785,"id":"projects/pandeo-423613/global/forwardingRules/ft-iac-https","ip_address":"35.190.87.169","ip_protocol":"TCP","ip_version":"","label_fingerprint":"42WmSpB8rSM=","labels":null,"load_balancing_scheme":"EXTERNAL","metadata_filters":[],"name":"ft-iac-https","network":"","network_tier":"PREMIUM","no_automate_dns_zone":null,"port_range":"443-443","project":"pandeo-423613","psc_connection_id":"","psc_connection_status":"","self_link":"https://www.googleapis.com/compute/v1/projects/pandeo-423613/global/forwardingRules/ft-iac-https","service_directory_registrations":[],"source_ip_ranges":null,"subnetwork":"","target":"https://www.googleapis.com/compute/beta/projects/pandeo-423613/global/targetHttpsProxies/ft-iac-https-proxy","terraform_labels":{},"timeouts":null},"sensitive_attributes":[],"private":"eyJlMmJmYjczMC1lY2FhLTExZTYtOGY4OC0zNDM2M2JjN2M0YzAiOnsiY3JlYXRlIjoxMjAwMDAwMDAwMDAwLCJkZWxldGUiOjEyMDAwMDAwMDAwMDAsInVwZGF0ZSI6MTIwMDAwMDAwMDAwMH19","dependencies":["google_cloud_run_v2_service.default","google_compute_global_address.private_ip_address","google_compute_network.vpc_network","google_compute_region_network_endpoint_group.default","google_redis_instance.cache","google_secret_manager_secret.secret_database","google_secret_manager_secret.secret_session","google_service_networking_connection.private_vpc_connection","google_sql_database.database","google_sql_database_instance.instance","google_sql_user.users","module.lb-http.google_compute_backend_service.default","module.lb-http.google_compute_global_address.default","module.lb-http.google_compute_managed_ssl_certificate.default","module.lb-http.google_compute_region_network_endpoint_group.serverless_negs","module.lb-http.google_compute_ssl_certificate.default","module.lb-http.google_compute_target_https_proxy.default","module.lb-http.google_compute_url_map.default","module.lb-http.random_id.certificate","random_string.random"]}]},{"module":"module.lb-http","mode":"managed","type":"google_compute_managed_ssl_certificate","name":"default","provider":"provider[\"registry.opentofu.org/hashicorp/google-beta\"]","instances":[{"index_key":0,"schema_version":0,"attributes":{"certificate_id":5498353574228841493,"creation_timestamp":"2025-03-03T00:40:26.850-08:00","description":"","expire_time":"","id":"projects/pandeo-423613/global/sslCertificates/ft-iac-cert","managed":[{"domains":["ft-iac.pandeo.fr"]}],"name":"ft-iac-cert","project":"pandeo-423613","self_link":"https://www.googleapis.com/compute/v1/projects/pandeo-423613/global/sslCertificates/ft-iac-cert","subject_alternative_names":[],"timeouts":null,"type":"MANAGED"},"sensitive_attributes":[],"private":"eyJlMmJmYjczMC1lY2FhLTExZTYtOGY4OC0zNDM2M2JjN2M0YzAiOnsiY3JlYXRlIjoxODAwMDAwMDAwMDAwLCJkZWxldGUiOjE4MDAwMDAwMDAwMDB9fQ==","dependencies":["module.lb-http.random_id.certificate"],"create_before_destroy":true}]},{"module":"module.lb-http","mode":"managed","type":"google_compute_target_http_proxy","name":"default","provider":"provider[\"registry.opentofu.org/hashicorp/google\"]","instances":[{"index_key":0,"schema_version":0,"attributes":{"creation_timestamp":"2025-03-03T00:59:45.981-08:00","description":"","http_keep_alive_timeout_sec":0,"id":"projects/pandeo-423613/global/targetHttpProxies/ft-iac-http-proxy","name":"ft-iac-http-proxy","project":"pandeo-423613","proxy_bind":false,"proxy_id":8015033740569399662,"self_link":"https://www.googleapis.com/compute/v1/projects/pandeo-423613/global/targetHttpProxies/ft-iac-http-proxy","timeouts":null,"url_map":"https://www.googleapis.com/compute/v1/projects/pandeo-423613/global/urlMaps/ft-iac-https-redirect"},"sensitive_attributes":[],"private":"eyJlMmJmYjczMC1lY2FhLTExZTYtOGY4OC0zNDM2M2JjN2M0YzAiOnsiY3JlYXRlIjoxMjAwMDAwMDAwMDAwLCJkZWxldGUiOjEyMDAwMDAwMDAwMDAsInVwZGF0ZSI6MTIwMDAwMDAwMDAwMH19","dependencies":["google_cloud_run_v2_service.default","google_compute_global_address.private_ip_address","google_compute_network.vpc_network","google_compute_region_network_endpoint_group.default","google_redis_instance.cache","google_secret_manager_secret.secret_database","google_secret_manager_secret.secret_session","google_service_networking_connection.private_vpc_connection","google_sql_database.database","google_sql_database_instance.instance","google_sql_user.users","module.lb-http.google_compute_backend_service.default","module.lb-http.google_compute_region_network_endpoint_group.serverless_negs","module.lb-http.google_compute_url_map.default","module.lb-http.google_compute_url_map.https_redirect","random_string.random"]}]},{"module":"module.lb-http","mode":"managed","type":"google_compute_target_https_proxy","name":"default","provider":"provider[\"registry.opentofu.org/hashicorp/google\"]","instances":[{"index_key":0,"schema_version":0,"attributes":{"certificate_manager_certificates":null,"certificate_map":"","creation_timestamp":"2025-03-03T00:59:45.966-08:00","description":"","http_keep_alive_timeout_sec":0,"id":"projects/pandeo-423613/global/targetHttpsProxies/ft-iac-https-proxy","name":"ft-iac-https-proxy","project":"pandeo-423613","proxy_bind":false,"proxy_id":6110489024972509550,"quic_override":"NONE","self_link":"https://www.googleapis.com/compute/v1/projects/pandeo-423613/global/targetHttpsProxies/ft-iac-https-proxy","server_tls_policy":"","ssl_certificates":["https://www.googleapis.com/compute/v1/projects/pandeo-423613/global/sslCertificates/ft-iac-cert"],"ssl_policy":"","timeouts":null,"tls_early_data":"DISABLED","url_map":"https://www.googleapis.com/compute/v1/projects/pandeo-423613/global/urlMaps/ft-iac-url-map"},"sensitive_attributes":[],"private":"eyJlMmJmYjczMC1lY2FhLTExZTYtOGY4OC0zNDM2M2JjN2M0YzAiOnsiY3JlYXRlIjoxMjAwMDAwMDAwMDAwLCJkZWxldGUiOjEyMDAwMDAwMDAwMDAsInVwZGF0ZSI6MTIwMDAwMDAwMDAwMH19","dependencies":["google_cloud_run_v2_service.default","google_compute_global_address.private_ip_address","google_compute_network.vpc_network","google_compute_region_network_endpoint_group.default","google_redis_instance.cache","google_secret_manager_secret.secret_database","google_secret_manager_secret.secret_session","google_service_networking_connection.private_vpc_connection","google_sql_database.database","google_sql_database_instance.instance","google_sql_user.users","module.lb-http.google_compute_backend_service.default","module.lb-http.google_compute_managed_ssl_certificate.default","module.lb-http.google_compute_region_network_endpoint_group.serverless_negs","module.lb-http.google_compute_ssl_certificate.default","module.lb-http.google_compute_url_map.default","module.lb-http.random_id.certificate","random_string.random"]}]},{"module":"module.lb-http","mode":"managed","type":"google_compute_url_map","name":"default","provider":"provider[\"registry.opentofu.org/hashicorp/google-beta\"]","instances":[{"index_key":0,"schema_version":0,"attributes":{"creation_timestamp":"2025-03-03T00:59:34.637-08:00","default_custom_error_response_policy":[],"default_route_action":[],"default_service":"https://www.googleapis.com/compute/v1/projects/pandeo-423613/global/backendServices/ft-iac-backend-default","default_url_redirect":[],"description":"","fingerprint":"4JZEgTw613I=","header_action":[],"host_rule":[],"id":"projects/pandeo-423613/global/urlMaps/ft-iac-url-map","map_id":2807961548636082585,"name":"ft-iac-url-map","path_matcher":[],"project":"pandeo-423613","self_link":"https://www.googleapis.com/compute/v1/projects/pandeo-423613/global/urlMaps/ft-iac-url-map","test":[],"timeouts":null},"sensitive_attributes":[],"private":"eyJlMmJmYjczMC1lY2FhLTExZTYtOGY4OC0zNDM2M2JjN2M0YzAiOnsiY3JlYXRlIjoxMjAwMDAwMDAwMDAwLCJkZWxldGUiOjEyMDAwMDAwMDAwMDAsInVwZGF0ZSI6MTIwMDAwMDAwMDAwMH19","dependencies":["google_cloud_run_v2_service.default","google_compute_global_address.private_ip_address","google_compute_network.vpc_network","google_compute_region_network_endpoint_group.default","google_redis_instance.cache","google_secret_manager_secret.secret_database","google_secret_manager_secret.secret_session","google_service_networking_connection.private_vpc_connection","google_sql_database.database","google_sql_database_instance.instance","google_sql_user.users","module.lb-http.google_compute_backend_service.default","module.lb-http.google_compute_region_network_endpoint_group.serverless_negs","random_string.random"]}]},{"module":"module.lb-http","mode":"managed","type":"google_compute_url_map","name":"https_redirect","provider":"provider[\"registry.opentofu.org/hashicorp/google\"]","instances":[{"index_key":0,"schema_version":0,"attributes":{"creation_timestamp":"2025-03-03T00:40:26.978-08:00","default_route_action":[],"default_service":"","default_url_redirect":[{"host_redirect":"","https_redirect":true,"path_redirect":"","prefix_redirect":"","redirect_response_code":"MOVED_PERMANENTLY_DEFAULT","strip_query":false}],"description":"","fingerprint":"VO9vWSHxvzY=","header_action":[],"host_rule":[],"id":"projects/pandeo-423613/global/urlMaps/ft-iac-https-redirect","map_id":4958232175144653845,"name":"ft-iac-https-redirect","path_matcher":[],"project":"pandeo-423613","self_link":"https://www.googleapis.com/compute/v1/projects/pandeo-423613/global/urlMaps/ft-iac-https-redirect","test":[],"timeouts":null},"sensitive_attributes":[],"private":"eyJlMmJmYjczMC1lY2FhLTExZTYtOGY4OC0zNDM2M2JjN2M0YzAiOnsiY3JlYXRlIjoxMjAwMDAwMDAwMDAwLCJkZWxldGUiOjEyMDAwMDAwMDAwMDAsInVwZGF0ZSI6MTIwMDAwMDAwMDAwMH19"}]}],"check_results":[{"object_kind":"var","config_addr":"module.lb-http.var.backends","status":"pass","objects":[{"object_addr":"module.lb-http.var.backends","status":"pass"}]},{"object_kind":"var","config_addr":"var.size","status":"pass","objects":[{"object_addr":"var.size","status":"pass"}]},{"object_kind":"var","config_addr":"var.zone","status":"pass","objects":[{"object_addr":"var.zone","status":"pass"}]},{"object_kind":"var","config_addr":"var.availability_type","status":"pass","objects":[{"object_addr":"var.availability_type","status":"pass"}]},{"object_kind":"var","config_addr":"module.lb-http.var.http_port","status":"pass","objects":[{"object_addr":"module.lb-http.var.http_port","status":"pass"}]},{"object_kind":"var","config_addr":"module.lb-http.var.https_port","status":"pass","objects":[{"object_addr":"module.lb-http.var.https_port","status":"pass"}]}]}
