{"version":4,"terraform_version":"1.9.0","serial":90,"lineage":"2ae506f6-c7ad-a5b0-cde2-ba2095ad1c7e","outputs":{},"resources":[{"mode":"managed","type":"cloudflare_dns_record","name":"lb","provider":"provider[\"registry.opentofu.org/hashicorp/cloudflare\"]","instances":[{"schema_version":0,"attributes":{"comment":"Domain verification record","comment_modified_on":"2025-02-18T19:41:52Z","content":"34.96.123.4","created_on":"2025-02-18T19:41:52Z","data":null,"id":"86d89bf33c97f71d8dc53990b2a23b90","meta":"{}","modified_on":"2025-02-18T19:41:52Z","name":"ft-iac.pandeo.fr","priority":null,"proxiable":true,"proxied":true,"settings":{"flatten_cname":null,"ipv4_only":null,"ipv6_only":null},"tags":[],"tags_modified_on":null,"ttl":1,"type":"A","zone_id":"5291d9d7f423a1902129008a519239bf"},"sensitive_attributes":[],"dependencies":["module.lb-http.google_compute_global_address.default"]}]},{"mode":"managed","type":"cloudflare_origin_ca_certificate","name":"default","provider":"provider[\"registry.opentofu.org/hashicorp/cloudflare\"]","instances":[{"schema_version":0,"attributes":{"certificate":"-----BEGIN CERTIFICATE-----\nMIIEmDCCA4CgAwIBAgIUK0h2HBTZzq6cZap+9LAGlYaApGYwDQYJKoZIhvcNAQEL\nBQAwgYsxCzAJBgNVBAYTAlVTMRkwFwYDVQQKExBDbG91ZEZsYXJlLCBJbmMuMTQw\nMgYDVQQLEytDbG91ZEZsYXJlIE9yaWdpbiBTU0wgQ2VydGlmaWNhdGUgQXV0aG9y\naXR5MRYwFAYDVQQHEw1TYW4gRnJhbmNpc2NvMRMwEQYDVQQIEwpDYWxpZm9ybmlh\nMB4XDTI1MDIxODIwMDUwMFoXDTI1MDIyNTIwMDUwMFowYjEZMBcGA1UEChMQQ2xv\ndWRGbGFyZSwgSW5jLjEdMBsGA1UECxMUQ2xvdWRGbGFyZSBPcmlnaW4gQ0ExJjAk\nBgNVBAMTHUNsb3VkRmxhcmUgT3JpZ2luIENlcnRpZmljYXRlMIIBIjANBgkqhkiG\n9w0BAQEFAAOCAQ8AMIIBCgKCAQEA0CwDs/UfBV5C4o5J3REQLqOQ2Y9nA3258kh+\nd+bTk/iQawVmRJxpQS5zEJ3Jnv6cUcf2jOH8/RWjjNQAMYzfg+SBUAZRvLwV9QN0\n3OleHouQOAh9sQzOGdmpbIRSMkXgPr9KJgyBwPjxRGJSndrdGAexEbohBjfDsl88\nh36NxKnrWlQTtJYOq+oaDNrzMtliflWR9bED0OLt0X+oEwxU54R3w3l+BeYjbaBj\n+Nki4SDvsjRy17L+5Vg9w9nuAYp1DXH8RECIWPy0v1yWQqnPv+MZV47nQYUQ1/tP\n5KK3+72lIKdLj2q0b59LuwIBc8gEgFTSv2lBzUaGo0VylxrVWwIDAQABo4IBGjCC\nARYwDgYDVR0PAQH/BAQDAgWgMB0GA1UdJQQWMBQGCCsGAQUFBwMCBggrBgEFBQcD\nATAMBgNVHRMBAf8EAjAAMB0GA1UdDgQWBBQiXXKkLZpmYR359fzE4f60WzqfPTAf\nBgNVHSMEGDAWgBQk6FNXXXw0QIep65TbuuEWePwppDBABggrBgEFBQcBAQQ0MDIw\nMAYIKwYBBQUHMAGGJGh0dHA6Ly9vY3NwLmNsb3VkZmxhcmUuY29tL29yaWdpbl9j\nYTAbBgNVHREEFDASghBmdC1pYWMucGFuZGVvLmZyMDgGA1UdHwQxMC8wLaAroCmG\nJ2h0dHA6Ly9jcmwuY2xvdWRmbGFyZS5jb20vb3JpZ2luX2NhLmNybDANBgkqhkiG\n9w0BAQsFAAOCAQEAu1q3oOJ3F28h9EPUvCmOY5NbdrrDjz3E7zMh1ul+Ml2DxNYo\nCfHA7WLpZlkL1QgUZTetFP9jITFmLtZvsoP018nYStPeZAi0ZhIMxO/GopoVIRu4\nvsDs5glsTf07ykmJUKWaFLs2nCVTFuI5llS8wxYiMjlXXRtNf3eJk51U2oubnl1U\nbFwZRk+Yi/eLEolM37g2tkjXrnjcWrqaeUlSwL7YwWVr++x6L+w1xoyp0/5PK7tm\nUl9M33jDyIgrt8JqOXdciDnS6BK0JXAvTiDKii9/lQodNkqemFuAk8Yf9mkQPO0y\neq73Ud6f7dRdwIQb0NuGUGIzRavJHsbsATv17w==\n-----END CERTIFICATE-----\n","csr":"-----BEGIN CERTIFICATE REQUEST-----\nMIICdzCCAV8CAQAwMjEVMBMGA1UEChMMQUNNRSBDb21wYW55MRkwFwYDVQQDExBm\ndC1pYWMucGFuZGVvLmZyMIIBIjANBgkqhkiG9w0BAQEFAAOCAQ8AMIIBCgKCAQEA\n0CwDs/UfBV5C4o5J3REQLqOQ2Y9nA3258kh+d+bTk/iQawVmRJxpQS5zEJ3Jnv6c\nUcf2jOH8/RWjjNQAMYzfg+SBUAZRvLwV9QN03OleHouQOAh9sQzOGdmpbIRSMkXg\nPr9KJgyBwPjxRGJSndrdGAexEbohBjfDsl88h36NxKnrWlQTtJYOq+oaDNrzMtli\nflWR9bED0OLt0X+oEwxU54R3w3l+BeYjbaBj+Nki4SDvsjRy17L+5Vg9w9nuAYp1\nDXH8RECIWPy0v1yWQqnPv+MZV47nQYUQ1/tP5KK3+72lIKdLj2q0b59LuwIBc8gE\ngFTSv2lBzUaGo0VylxrVWwIDAQABoAAwDQYJKoZIhvcNAQELBQADggEBAMXPwMRu\n6j5Hux0bk5O2nMS3V3onV33Jiaqmd2REutnv8wSPz6WD5gF4te5red29UYoCaJL9\nXdB48DVZmckdUctR4uISIDfrp0ymV7jLAb9ppTW3UOZqi+hvAC+3wrZEa1h6A4Mv\nMH094cHESyiCMy90B0cxeZaJYakDQFieQgSlHeV8BWrsPfbNp9+um8qFaFM2Cnil\nIioDAvVsbxCGSRMt3EsRdcBWCKo/MS+I8URqrwEovGTwvF4wSBojmPKt8WbGWVJ9\ncUCblNZ6kiupTLYXEVNTXYN2tw5hareidVI5DeVC2FRQfhuGKTga41KmXsrpx5K4\njjrJU5dcnR7noYE=\n-----END CERTIFICATE REQUEST-----\n","expires_on":"2025-02-25 20:05:00 +0000 UTC","hostnames":["ft-iac.pandeo.fr"],"id":"247102545605081006248078610019277834924597486694","request_type":"origin-rsa","requested_validity":7},"sensitive_attributes":[],"dependencies":["tls_cert_request.default","tls_private_key.default"],"create_before_destroy":true}]},{"mode":"managed","type":"google_cloud_run_v2_service","name":"default","provider":"provider[\"registry.opentofu.org/hashicorp/google\"]","instances":[{"schema_version":0,"attributes":{"annotations":{},"binary_authorization":[],"build_config":[],"client":"","client_version":"","conditions":[{"execution_reason":"","last_transition_time":"2025-02-18T19:02:03.867393Z","message":"","reason":"","revision_reason":"","severity":"","state":"CONDITION_SUCCEEDED","type":"RoutesReady"},{"execution_reason":"","last_transition_time":"2025-02-18T17:58:05.508532Z","message":"","reason":"","revision_reason":"","severity":"","state":"CONDITION_SUCCEEDED","type":"ConfigurationsReady"}],"create_time":"2025-02-18T17:57:53.026405Z","creator":"Theo.Nard18@gmail.com","custom_audiences":[],"delete_time":"","deletion_protection":false,"description":"","effective_annotations":{},"effective_labels":{"goog-terraform-provisioned":"true"},"etag":"\"CKKy070GEJjo1sAC/cHJvamVjdHMvcGFuZGVvLTQyMzYxMy9sb2NhdGlvbnMvZXVyb3BlLXdlc3Q0L3NlcnZpY2VzL2Z0LWlhYw\"","expire_time":"","generation":"3","id":"projects/pandeo-423613/locations/europe-west4/services/ft-iac","ingress":"INGRESS_TRAFFIC_ALL","invoker_iam_disabled":false,"labels":{},"last_modifier":"Theo.Nard18@gmail.com","latest_created_revision":"projects/pandeo-423613/locations/europe-west4/services/ft-iac/revisions/ft-iac-00001-4xs","latest_ready_revision":"projects/pandeo-423613/locations/europe-west4/services/ft-iac/revisions/ft-iac-00001-4xs","launch_stage":"GA","location":"europe-west4","name":"ft-iac","observed_generation":"3","project":"pandeo-423613","reconciling":false,"scaling":[],"template":[{"annotations":{},"containers":[{"args":[],"base_image_uri":"","build_info":[],"command":[],"depends_on":[],"env":[{"name":"MYSQL_DATABASE","value":"ft-iac","value_source":[]},{"name":"MYSQL_HOST","value":"10.2.1.3","value_source":[]},{"name":"MYSQL_PASSWORD","value":"lUqIXNIxN�tryrFD","value_source":[]},{"name":"MYSQL_USER","value":"ft-iac","value_source":[]},{"name":"NODE_ENV","value":"production","value_source":[]},{"name":"REDIS_HOST","value":"10.2.0.3","value_source":[]},{"name":"REDIS_PORT","value":"6379","value_source":[]},{"name":"SESSION_SECRET","value":"7YqGbS6@ZPoDBGqG","value_source":[]}],"image":"docker.io/pandeo/ft-iac:a","liveness_probe":[],"name":"","ports":[{"container_port":3000,"name":"http1"}],"resources":[{"cpu_idle":false,"limits":{"cpu":"1","memory":"512Mi"},"startup_cpu_boost":false}],"startup_probe":[{"failure_threshold":1,"grpc":[],"http_get":[],"initial_delay_seconds":0,"period_seconds":240,"tcp_socket":[{"port":3000}],"timeout_seconds":240}],"volume_mounts":[],"working_dir":""}],"encryption_key":"","execution_environment":"","labels":{},"max_instance_request_concurrency":80,"revision":"","scaling":[{"max_instance_count":3,"min_instance_count":3}],"service_account":"399113550497-compute@developer.gserviceaccount.com","session_affinity":false,"timeout":"300s","volumes":[],"vpc_access":[{"connector":"","egress":"PRIVATE_RANGES_ONLY","network_interfaces":[{"network":"ft-iac","subnetwork":"","tags":[]}]}]}],"terminal_condition":[{"execution_reason":"","last_transition_time":"2025-02-18T19:02:03.897438Z","message":"","reason":"","revision_reason":"","severity":"","state":"CONDITION_SUCCEEDED","type":"Ready"}],"terraform_labels":{"goog-terraform-provisioned":"true"},"timeouts":null,"traffic":[{"percent":100,"revision":"","tag":"","type":"TRAFFIC_TARGET_ALLOCATION_TYPE_LATEST"}],"traffic_statuses":[{"percent":100,"revision":"","tag":"","type":"TRAFFIC_TARGET_ALLOCATION_TYPE_LATEST","uri":""}],"uid":"66444f1b-1bf4-4482-97df-ae8f9b4aa4d6","update_time":"2025-02-18T19:01:54.672511Z","uri":"https://ft-iac-6svopcyaka-ez.a.run.app","urls":["https://ft-iac-399113550497.europe-west4.run.app","https://ft-iac-6svopcyaka-ez.a.run.app"]},"sensitive_attributes":[[{"type":"get_attr","value":"template"},{"type":"index","value":{"value":0,"type":"number"}},{"type":"get_attr","value":"containers"},{"type":"index","value":{"value":0,"type":"number"}},{"type":"get_attr","value":"env"}]],"private":"eyJlMmJmYjczMC1lY2FhLTExZTYtOGY4OC0zNDM2M2JjN2M0YzAiOnsiY3JlYXRlIjoxMjAwMDAwMDAwMDAwLCJkZWxldGUiOjEyMDAwMDAwMDAwMDAsInVwZGF0ZSI6MTIwMDAwMDAwMDAwMH19","dependencies":["google_compute_network.vpc_network","google_redis_instance.cache","google_sql_database.database","google_sql_database_instance.instance","google_sql_user.users","random_string.random","random_string.session_secret"],"create_before_destroy":true}]},{"mode":"managed","type":"google_compute_global_address","name":"private_ip_address","provider":"provider[\"registry.opentofu.org/hashicorp/google\"]","instances":[{"schema_version":0,"attributes":{"address":"10.2.0.0","address_type":"INTERNAL","creation_timestamp":"2025-02-18T09:39:00.606-08:00","description":"","effective_labels":{"goog-terraform-provisioned":"true"},"id":"projects/pandeo-423613/global/addresses/ft-iac-private-ip","ip_version":"","label_fingerprint":"vezUS-42LLM=","labels":{},"name":"ft-iac-private-ip","network":"https://www.googleapis.com/compute/v1/projects/pandeo-423613/global/networks/ft-iac","prefix_length":20,"project":"pandeo-423613","purpose":"VPC_PEERING","self_link":"https://www.googleapis.com/compute/v1/projects/pandeo-423613/global/addresses/ft-iac-private-ip","terraform_labels":{"goog-terraform-provisioned":"true"},"timeouts":null},"sensitive_attributes":[],"private":"eyJlMmJmYjczMC1lY2FhLTExZTYtOGY4OC0zNDM2M2JjN2M0YzAiOnsiY3JlYXRlIjoxMjAwMDAwMDAwMDAwLCJkZWxldGUiOjEyMDAwMDAwMDAwMDAsInVwZGF0ZSI6MTIwMDAwMDAwMDAwMH19","dependencies":["google_compute_network.vpc_network"]}]},{"mode":"managed","type":"google_compute_network","name":"vpc_network","provider":"provider[\"registry.opentofu.org/hashicorp/google\"]","instances":[{"schema_version":0,"attributes":{"auto_create_subnetworks":true,"bgp_always_compare_med":false,"bgp_best_path_selection_mode":"LEGACY","bgp_inter_region_cost":"","delete_default_routes_on_create":false,"description":"","enable_ula_internal_ipv6":false,"gateway_ipv4":"","id":"projects/pandeo-423613/global/networks/ft-iac","internal_ipv6_range":"","mtu":0,"name":"ft-iac","network_firewall_policy_enforcement_order":"AFTER_CLASSIC_FIREWALL","network_id":"1918581818581941136","network_profile":"","numeric_id":"1918581818581941136","project":"pandeo-423613","routing_mode":"REGIONAL","self_link":"https://www.googleapis.com/compute/v1/projects/pandeo-423613/global/networks/ft-iac","timeouts":null},"sensitive_attributes":[],"private":"eyJlMmJmYjczMC1lY2FhLTExZTYtOGY4OC0zNDM2M2JjN2M0YzAiOnsiY3JlYXRlIjoxMjAwMDAwMDAwMDAwLCJkZWxldGUiOjEyMDAwMDAwMDAwMDAsInVwZGF0ZSI6MTIwMDAwMDAwMDAwMH19","create_before_destroy":true}]},{"mode":"managed","type":"google_compute_region_network_endpoint_group","name":"default","provider":"provider[\"registry.opentofu.org/hashicorp/google-beta\"]","instances":[{"schema_version":0,"attributes":{"app_engine":[],"cloud_function":[],"cloud_run":[{"service":"ft-iac","tag":"","url_mask":""}],"description":"","id":"projects/pandeo-423613/regions/europe-west4/networkEndpointGroups/ft-iac","name":"ft-iac","network":"","network_endpoint_type":"SERVERLESS","project":"pandeo-423613","psc_data":[],"psc_target_service":"","region":"https://www.googleapis.com/compute/v1/projects/pandeo-423613/regions/europe-west4","self_link":"https://www.googleapis.com/compute/v1/projects/pandeo-423613/regions/europe-west4/networkEndpointGroups/ft-iac","serverless_deployment":[],"subnetwork":"","timeouts":null},"sensitive_attributes":[],"private":"eyJlMmJmYjczMC1lY2FhLTExZTYtOGY4OC0zNDM2M2JjN2M0YzAiOnsiY3JlYXRlIjoxMjAwMDAwMDAwMDAwLCJkZWxldGUiOjEyMDAwMDAwMDAwMDB9fQ==","dependencies":["google_cloud_run_v2_service.default","google_compute_network.vpc_network","google_redis_instance.cache","google_sql_database.database","google_sql_database_instance.instance","google_sql_user.users","random_string.random","random_string.session_secret"],"create_before_destroy":true}]},{"mode":"managed","type":"google_compute_router","name":"vpc_router","provider":"provider[\"registry.opentofu.org/hashicorp/google\"]","instances":[{"schema_version":0,"attributes":{"bgp":[],"creation_timestamp":"2025-02-18T09:39:00.533-08:00","description":"","encrypted_interconnect_router":false,"id":"projects/pandeo-423613/regions/europe-west4/routers/ft-iac-router","name":"ft-iac-router","network":"https://www.googleapis.com/compute/v1/projects/pandeo-423613/global/networks/ft-iac","project":"pandeo-423613","region":"europe-west4","self_link":"https://www.googleapis.com/compute/v1/projects/pandeo-423613/regions/europe-west4/routers/ft-iac-router","timeouts":null},"sensitive_attributes":[],"private":"eyJlMmJmYjczMC1lY2FhLTExZTYtOGY4OC0zNDM2M2JjN2M0YzAiOnsiY3JlYXRlIjoxMjAwMDAwMDAwMDAwLCJkZWxldGUiOjEyMDAwMDAwMDAwMDAsInVwZGF0ZSI6MTIwMDAwMDAwMDAwMH19","dependencies":["google_compute_network.vpc_network"]}]},{"mode":"managed","type":"google_redis_instance","name":"cache","provider":"provider[\"registry.opentofu.org/hashicorp/google\"]","instances":[{"schema_version":0,"attributes":{"alternative_location_id":"","auth_enabled":false,"auth_string":"","authorized_network":"projects/pandeo-423613/global/networks/ft-iac","connect_mode":"PRIVATE_SERVICE_ACCESS","create_time":"2025-02-18T17:41:29.602387245Z","current_location_id":"europe-west4-b","customer_managed_key":"","display_name":"","effective_labels":{"goog-terraform-provisioned":"true"},"host":"10.2.0.3","id":"projects/pandeo-423613/locations/europe-west4/instances/ft-iac","labels":{},"location_id":"europe-west4-b","maintenance_policy":[],"maintenance_schedule":[],"maintenance_version":"20241107_00_00","memory_size_gb":1,"name":"ft-iac","nodes":[{"id":"node-0","zone":"europe-west4-b"}],"persistence_config":[{"persistence_mode":"DISABLED","rdb_next_snapshot_time":"","rdb_snapshot_period":"","rdb_snapshot_start_time":""}],"persistence_iam_identity":"serviceAccount:service-399113550497@cloud-redis.iam.gserviceaccount.com","port":6379,"project":"pandeo-423613","read_endpoint":"","read_endpoint_port":0,"read_replicas_mode":"READ_REPLICAS_DISABLED","redis_configs":{},"redis_version":"REDIS_7_0","region":"europe-west4","replica_count":0,"reserved_ip_range":null,"secondary_ip_range":"","server_ca_certs":[],"terraform_labels":{"goog-terraform-provisioned":"true"},"tier":"BASIC","timeouts":null,"transit_encryption_mode":"DISABLED"},"sensitive_attributes":[[{"type":"get_attr","value":"auth_string"}]],"private":"eyJlMmJmYjczMC1lY2FhLTExZTYtOGY4OC0zNDM2M2JjN2M0YzAiOnsiY3JlYXRlIjoxMjAwMDAwMDAwMDAwLCJkZWxldGUiOjEyMDAwMDAwMDAwMDAsInVwZGF0ZSI6MTIwMDAwMDAwMDAwMH19","dependencies":["google_compute_network.vpc_network"],"create_before_destroy":true}]},{"mode":"managed","type":"google_service_networking_connection","name":"private_vpc_connection","provider":"provider[\"registry.opentofu.org/hashicorp/google-beta\"]","instances":[{"schema_version":0,"attributes":{"deletion_policy":null,"id":"https%3A%2F%2Fwww.googleapis.com%2Fcompute%2Fv1%2Fprojects%2Fpandeo-423613%2Fglobal%2Fnetworks%2Fft-iac:servicenetworking.googleapis.com","network":"https://www.googleapis.com/compute/v1/projects/pandeo-423613/global/networks/ft-iac","peering":"servicenetworking-googleapis-com","reserved_peering_ranges":["ft-iac-private-ip"],"service":"servicenetworking.googleapis.com","timeouts":null,"update_on_creation_fail":null},"sensitive_attributes":[],"private":"eyJlMmJmYjczMC1lY2FhLTExZTYtOGY4OC0zNDM2M2JjN2M0YzAiOnsiY3JlYXRlIjo2MDAwMDAwMDAwMDAsImRlbGV0ZSI6NjAwMDAwMDAwMDAwLCJ1cGRhdGUiOjYwMDAwMDAwMDAwMH19","dependencies":["google_compute_global_address.private_ip_address","google_compute_network.vpc_network"]}]},{"mode":"managed","type":"google_sql_database","name":"database","provider":"provider[\"registry.opentofu.org/hashicorp/google\"]","instances":[{"schema_version":0,"attributes":{"charset":"utf8mb4","collation":"utf8mb4_0900_ai_ci","deletion_policy":"ABANDON","id":"projects/pandeo-423613/instances/ft-iac/databases/ft-iac","instance":"ft-iac","name":"ft-iac","project":"pandeo-423613","self_link":"https://sqladmin.googleapis.com/sql/v1beta4/projects/pandeo-423613/instances/ft-iac/databases/ft-iac","timeouts":null},"sensitive_attributes":[],"private":"eyJlMmJmYjczMC1lY2FhLTExZTYtOGY4OC0zNDM2M2JjN2M0YzAiOnsiY3JlYXRlIjoxMjAwMDAwMDAwMDAwLCJkZWxldGUiOjEyMDAwMDAwMDAwMDAsInVwZGF0ZSI6MTIwMDAwMDAwMDAwMH19","dependencies":["google_compute_network.vpc_network","google_sql_database_instance.instance"],"create_before_destroy":true}]},{"mode":"managed","type":"google_sql_database_instance","name":"instance","provider":"provider[\"registry.opentofu.org/hashicorp/google\"]","instances":[{"schema_version":0,"attributes":{"available_maintenance_versions":[],"clone":[],"connection_name":"pandeo-423613:europe-west4:ft-iac","database_version":"MYSQL_8_0","deletion_protection":false,"dns_name":"","encryption_key_name":null,"first_ip_address":"34.147.49.84","id":"ft-iac","instance_type":"CLOUD_SQL_INSTANCE","ip_address":[{"ip_address":"34.147.49.84","time_to_retire":"","type":"PRIMARY"},{"ip_address":"10.2.1.3","time_to_retire":"","type":"PRIVATE"}],"maintenance_version":"MYSQL_8_0_37.R20241208.01_04","master_instance_name":"","name":"ft-iac","private_ip_address":"10.2.1.3","project":"pandeo-423613","psc_service_attachment_link":"","public_ip_address":"34.147.49.84","region":"europe-west4","replica_configuration":[],"replica_names":[],"replication_cluster":[{"dr_replica":false,"failover_dr_replica_name":""}],"restore_backup_context":[],"root_password":null,"self_link":"https://sqladmin.googleapis.com/sql/v1beta4/projects/pandeo-423613/instances/ft-iac","server_ca_cert":[{"cert":"-----BEGIN CERTIFICATE-----\nMIIDfzCCAmegAwIBAgIBADANBgkqhkiG9w0BAQsFADB3MS0wKwYDVQQuEyRmYjJh\nNjQyZi1hNjQ4LTQwOWItOWUyMi1jNTA0ZjFkMzljODMxIzAhBgNVBAMTGkdvb2ds\nZSBDbG91ZCBTUUwgU2VydmVyIENBMRQwEgYDVQQKEwtHb29nbGUsIEluYzELMAkG\nA1UEBhMCVVMwHhcNMjUwMjE4MTc0NDIxWhcNMzUwMjE2MTc0NTIxWjB3MS0wKwYD\nVQQuEyRmYjJhNjQyZi1hNjQ4LTQwOWItOWUyMi1jNTA0ZjFkMzljODMxIzAhBgNV\nBAMTGkdvb2dsZSBDbG91ZCBTUUwgU2VydmVyIENBMRQwEgYDVQQKEwtHb29nbGUs\nIEluYzELMAkGA1UEBhMCVVMwggEiMA0GCSqGSIb3DQEBAQUAA4IBDwAwggEKAoIB\nAQClOhozWD1D5yf0GEHyYjRGKuLKeYgn3g63bQkwIyhhb0++UbY2Cm/5TK12Itzc\n5xxq7rRYQxS1TGW8NOMR4kRHXrIXnbrPJ7oqAQ3iMhBBEInjTnHTgSjZDG1Uof7F\nYkgpl9GYVC6kL2iBrsUpveLU5Y4YnJxAZ5UOf3GJL2N40bNOLXFEV1fSImVu6fVO\n6ge5tDAV4egpwxOss/f9bGMH1ptZn75ngSkgiQ73Bhb1qeCXC2O3w0woEWLBO28H\nA9q6toFEC2/MTch6mPQVhdx8coAycHECDTVHUCtdb9Ix/c3pIJKfrqIMMNgNDJsM\n/C5G+mSThRWrnFwUn5v8WPPpAgMBAAGjFjAUMBIGA1UdEwEB/wQIMAYBAf8CAQAw\nDQYJKoZIhvcNAQELBQADggEBAEgYIX7637RC2x6JC4JnpY0Np7RNfzRgfzrWpuv3\ndd8j7Peh8bX9kP3uMiha4SvbO11x5WkmHN2GOkCVkmruh49fVg5orhX5zFz8IKKV\nbYSWhTxVEbKTQnw8slsGTEuDycj2x5zXxjr1asK4TVBIcAWbkz27jYdD8DrWDwp+\nrse4kW8srXftD67GSRS5sBGZKMmNtJGghLSqyV2DZExzhOS1mO2ePdAqWnxNmiEe\nOFhoG3YBi91sWlb761961rauLr4dFeMfFWo1cle7q8ApO8XXEg+4GoAYWYGEBZ3m\n2rzWNzYBGM4U3kh8wHVemNCIlR2iavvoEjGqVDjq9c1nAWA=\n-----END CERTIFICATE-----","common_name":"C=US,O=Google\\, Inc,CN=Google Cloud SQL Server CA,dnQualifier=fb2a642f-a648-409b-9e22-c504f1d39c83","create_time":"2025-02-18T17:44:21.235Z","expiration_time":"2035-02-16T17:45:21.235Z","sha1_fingerprint":"b50f75801de35b928839f5266217081c41566fea"}],"service_account_email_address":"p399113550497-o292l4@gcp-sa-cloud-sql.iam.gserviceaccount.com","settings":[{"activation_policy":"ALWAYS","active_directory_config":[],"advanced_machine_features":[],"availability_type":"ZONAL","backup_configuration":[{"backup_retention_settings":[{"retained_backups":7,"retention_unit":"COUNT"}],"binary_log_enabled":false,"enabled":false,"location":"","point_in_time_recovery_enabled":false,"start_time":"10:00","transaction_log_retention_days":7}],"collation":"","connector_enforcement":"NOT_REQUIRED","data_cache_config":[{"data_cache_enabled":false}],"database_flags":[],"deletion_protection_enabled":false,"deny_maintenance_period":[],"disk_autoresize":true,"disk_autoresize_limit":0,"disk_size":10,"disk_type":"PD_SSD","edition":"ENTERPRISE","enable_dataplex_integration":false,"enable_google_ml_integration":false,"insights_config":[],"ip_configuration":[{"allocated_ip_range":"","authorized_networks":[],"enable_private_path_for_google_cloud_services":true,"ipv4_enabled":true,"private_network":"projects/pandeo-423613/global/networks/ft-iac","psc_config":[],"server_ca_mode":"GOOGLE_MANAGED_INTERNAL_CA","server_ca_pool":"","ssl_mode":"ALLOW_UNENCRYPTED_AND_ENCRYPTED"}],"location_preference":[{"follow_gae_application":"","secondary_zone":"","zone":"europe-west4-b"}],"maintenance_window":[],"password_validation_policy":[],"pricing_plan":"PER_USE","sql_server_audit_config":[],"tier":"db-f1-micro","time_zone":"","user_labels":{},"version":2}],"timeouts":null},"sensitive_attributes":[[{"type":"get_attr","value":"server_ca_cert"}],[{"type":"get_attr","value":"root_password"}]],"private":"eyJlMmJmYjczMC1lY2FhLTExZTYtOGY4OC0zNDM2M2JjN2M0YzAiOnsiY3JlYXRlIjo1NDAwMDAwMDAwMDAwLCJkZWxldGUiOjU0MDAwMDAwMDAwMDAsInVwZGF0ZSI6NTQwMDAwMDAwMDAwMH19","dependencies":["google_compute_network.vpc_network"],"create_before_destroy":true}]},{"mode":"managed","type":"google_sql_user","name":"users","provider":"provider[\"registry.opentofu.org/hashicorp/google\"]","instances":[{"schema_version":1,"attributes":{"deletion_policy":null,"host":"%","id":"ft-iac/%/ft-iac","instance":"ft-iac","name":"ft-iac","password":"lUqIXNIxN�tryrFD","password_policy":[],"project":"pandeo-423613","sql_server_user_details":[],"timeouts":null,"type":""},"sensitive_attributes":[[{"type":"get_attr","value":"password"}]],"private":"eyJlMmJmYjczMC1lY2FhLTExZTYtOGY4OC0zNDM2M2JjN2M0YzAiOnsiY3JlYXRlIjo2MDAwMDAwMDAwMDAsImRlbGV0ZSI6NjAwMDAwMDAwMDAwLCJ1cGRhdGUiOjYwMDAwMDAwMDAwMH0sInNjaGVtYV92ZXJzaW9uIjoiMSJ9","dependencies":["google_compute_network.vpc_network","google_sql_database_instance.instance","random_string.random"],"create_before_destroy":true}]},{"mode":"managed","type":"random_string","name":"random","provider":"provider[\"registry.opentofu.org/hashicorp/random\"]","instances":[{"schema_version":2,"attributes":{"id":"lUqIXNIxN�tryrFD","keepers":null,"length":16,"lower":true,"min_lower":0,"min_numeric":0,"min_special":0,"min_upper":0,"number":true,"numeric":true,"override_special":"/@£$","result":"lUqIXNIxN�tryrFD","special":true,"upper":true},"sensitive_attributes":[],"create_before_destroy":true}]},{"mode":"managed","type":"random_string","name":"session_secret","provider":"provider[\"registry.opentofu.org/hashicorp/random\"]","instances":[{"schema_version":2,"attributes":{"id":"7YqGbS6@ZPoDBGqG","keepers":null,"length":16,"lower":true,"min_lower":0,"min_numeric":0,"min_special":0,"min_upper":0,"number":true,"numeric":true,"override_special":"/@£$","result":"7YqGbS6@ZPoDBGqG","special":true,"upper":true},"sensitive_attributes":[],"create_before_destroy":true}]},{"mode":"managed","type":"tls_cert_request","name":"default","provider":"provider[\"registry.opentofu.org/hashicorp/tls\"]","instances":[{"schema_version":0,"attributes":{"cert_request_pem":"-----BEGIN CERTIFICATE REQUEST-----\nMIICdzCCAV8CAQAwMjEVMBMGA1UEChMMQUNNRSBDb21wYW55MRkwFwYDVQQDExBm\ndC1pYWMucGFuZGVvLmZyMIIBIjANBgkqhkiG9w0BAQEFAAOCAQ8AMIIBCgKCAQEA\n0CwDs/UfBV5C4o5J3REQLqOQ2Y9nA3258kh+d+bTk/iQawVmRJxpQS5zEJ3Jnv6c\nUcf2jOH8/RWjjNQAMYzfg+SBUAZRvLwV9QN03OleHouQOAh9sQzOGdmpbIRSMkXg\nPr9KJgyBwPjxRGJSndrdGAexEbohBjfDsl88h36NxKnrWlQTtJYOq+oaDNrzMtli\nflWR9bED0OLt0X+oEwxU54R3w3l+BeYjbaBj+Nki4SDvsjRy17L+5Vg9w9nuAYp1\nDXH8RECIWPy0v1yWQqnPv+MZV47nQYUQ1/tP5KK3+72lIKdLj2q0b59LuwIBc8gE\ngFTSv2lBzUaGo0VylxrVWwIDAQABoAAwDQYJKoZIhvcNAQELBQADggEBAMXPwMRu\n6j5Hux0bk5O2nMS3V3onV33Jiaqmd2REutnv8wSPz6WD5gF4te5red29UYoCaJL9\nXdB48DVZmckdUctR4uISIDfrp0ymV7jLAb9ppTW3UOZqi+hvAC+3wrZEa1h6A4Mv\nMH094cHESyiCMy90B0cxeZaJYakDQFieQgSlHeV8BWrsPfbNp9+um8qFaFM2Cnil\nIioDAvVsbxCGSRMt3EsRdcBWCKo/MS+I8URqrwEovGTwvF4wSBojmPKt8WbGWVJ9\ncUCblNZ6kiupTLYXEVNTXYN2tw5hareidVI5DeVC2FRQfhuGKTga41KmXsrpx5K4\njjrJU5dcnR7noYE=\n-----END CERTIFICATE REQUEST-----\n","dns_names":null,"id":"a9bfd7bed51cb1a426a754f50f57bedd49d7c616","ip_addresses":null,"key_algorithm":"RSA","private_key_pem":"-----BEGIN RSA PRIVATE KEY-----\nMIIEpAIBAAKCAQEA0CwDs/UfBV5C4o5J3REQLqOQ2Y9nA3258kh+d+bTk/iQawVm\nRJxpQS5zEJ3Jnv6cUcf2jOH8/RWjjNQAMYzfg+SBUAZRvLwV9QN03OleHouQOAh9\nsQzOGdmpbIRSMkXgPr9KJgyBwPjxRGJSndrdGAexEbohBjfDsl88h36NxKnrWlQT\ntJYOq+oaDNrzMtliflWR9bED0OLt0X+oEwxU54R3w3l+BeYjbaBj+Nki4SDvsjRy\n17L+5Vg9w9nuAYp1DXH8RECIWPy0v1yWQqnPv+MZV47nQYUQ1/tP5KK3+72lIKdL\nj2q0b59LuwIBc8gEgFTSv2lBzUaGo0VylxrVWwIDAQABAoIBABWPuYJ2LRRdQwg8\nPKJNFiP+hQ5DsCPIbe4OXCsHGXsGD89F6+XHXY+GxBxAe5WgQYim8X5+GboM97eq\nbaq0MKJ0lIA5Z1XpFU0fYodPFJSNWA61sm8YKHC8/rNisTDL1AIrxf5S5U2be0Hd\n/TikZqoKgeiYIruGIxriil5uWTi5QOAi9J9lzTOthHlNQbHBicA4Dsrtr1VnkEhP\nIVVT1zJwp9+42tL5DyK4lp5gYKKH/Yx+CwGVp3Eb3H7Lc1bRILTmnAfzoqII9nu2\ncNM2yQu4/c7G+SQ0x6ODXI+lOHAWX6fd+aa3piZ33SWMW9rU2DNCQM5MRnRZ8eFV\nc1/DrGECgYEA9ghM9Kq60e6f/pJSiUuycBbepJfa73h3s4EzIj1Ng/hRRsfqPm9W\ntwmxn5ReYcSrXm0sE+0yOIPpNxuHs5pT0qWVL37fLLtmUyB8UU1gTyZl9SbTn8La\nTowBJwztqNicqu+3oGa8iAHLv6zkr+hfcXbAzi4vjPa3uZoygjoJy1UCgYEA2JsM\nOL7w8Ayv7anV/aBuKzXD5ncpaqsg8ZtLtOJfdNPAAItL3ww7KsbnUyPNAd5vOoKY\nweP9y2fLvbHTu0xX/b87pvX30Cm/F60sIP4NJpiBwpikDP6E5n2lYGT9nfJymWiw\n2xrAsig03Nwf+yKwauf++KEGPJVfpnGkL1/3/e8CgYAimvRIDaONV6UFZ4tYaF9G\nyNC0Ee/ncuhTRT7t9/VpNIoqDIB0G7D0udZT/chws/ruoyhp/RjtPhCVgbfKmVBk\n9olPTucRIaK42n7h6KI9P8djffySIhQWrDaVSYo8D4upt2H6m7i04JvJ8AWSgHq8\nONnRpkll6GXbI0crbgJmqQKBgQC6Vm/mJUTqjU+PeiqQHMKJw5/6lIp5rCwUDQ/M\n1W1e+IbVMQAdKs1/mEsKd+L195/iStUU/4imwm1AjElkeGG99hRgJnuAhVlSCfTL\nkSJJEKuYd22xjAdSrcZmLZsMlLTHiouSgepBmVsYoPmWNxpjbZ8nzoap+aqmal7f\nLoUN2wKBgQCatIeUHANaj2u9iTEnsBD+kajsfqbY15LDZ/JNSD0z1TILmFJQcCjY\nO4dNCZbfSkbAjC4shtX7TNa5Djnj7E7hNvLrd2gllHCMCux1C5fUzsXwoDFvqJIH\n6AOrAdFxAca5dZ1XureX3W2EwpKroaOiM6jaKXJk6/AOwP1e4vFvTw==\n-----END RSA PRIVATE KEY-----\n","subject":[{"common_name":"ft-iac.pandeo.fr","country":null,"locality":null,"organization":"ACME Company","organizational_unit":null,"postal_code":null,"province":null,"serial_number":null,"street_address":null}],"uris":null},"sensitive_attributes":[[{"type":"get_attr","value":"private_key_pem"}]],"dependencies":["tls_private_key.default"],"create_before_destroy":true}]},{"mode":"managed","type":"tls_private_key","name":"default","provider":"provider[\"registry.opentofu.org/hashicorp/tls\"]","instances":[{"schema_version":1,"attributes":{"algorithm":"RSA","ecdsa_curve":"P224","id":"30fc3ab7ccade5ec9f6f6b5a9d6ecc01ab5e402b","private_key_openssh":"-----BEGIN OPENSSH PRIVATE KEY-----\nb3BlbnNzaC1rZXktdjEAAAAABG5vbmUAAAAEbm9uZQAAAAAAAAABAAABFwAAAAdz\nc2gtcnNhAAAAAwEAAQAAAQEA0CwDs/UfBV5C4o5J3REQLqOQ2Y9nA3258kh+d+bT\nk/iQawVmRJxpQS5zEJ3Jnv6cUcf2jOH8/RWjjNQAMYzfg+SBUAZRvLwV9QN03Ole\nHouQOAh9sQzOGdmpbIRSMkXgPr9KJgyBwPjxRGJSndrdGAexEbohBjfDsl88h36N\nxKnrWlQTtJYOq+oaDNrzMtliflWR9bED0OLt0X+oEwxU54R3w3l+BeYjbaBj+Nki\n4SDvsjRy17L+5Vg9w9nuAYp1DXH8RECIWPy0v1yWQqnPv+MZV47nQYUQ1/tP5KK3\n+72lIKdLj2q0b59LuwIBc8gEgFTSv2lBzUaGo0VylxrVWwAAA7icnpWqnJ6VqgAA\nAAdzc2gtcnNhAAABAQDQLAOz9R8FXkLijkndERAuo5DZj2cDfbnySH535tOT+JBr\nBWZEnGlBLnMQncme/pxRx/aM4fz9FaOM1AAxjN+D5IFQBlG8vBX1A3Tc6V4ei5A4\nCH2xDM4Z2alshFIyReA+v0omDIHA+PFEYlKd2t0YB7ERuiEGN8OyXzyHfo3Eqeta\nVBO0lg6r6hoM2vMy2WJ+VZH1sQPQ4u3Rf6gTDFTnhHfDeX4F5iNtoGP42SLhIO+y\nNHLXsv7lWD3D2e4BinUNcfxEQIhY/LS/XJZCqc+/4xlXjudBhRDX+0/korf7vaUg\np0uParRvn0u7AgFzyASAVNK/aUHNRoajRXKXGtVbAAAAAwEAAQAAAQAVj7mCdi0U\nXUMIPDyiTRYj/oUOQ7AjyG3uDlwrBxl7Bg/PRevlx12PhsQcQHuVoEGIpvF+fhm6\nDPe3qm2qtDCidJSAOWdV6RVNH2KHTxSUjVgOtbJvGChwvP6zYrEwy9QCK8X+UuVN\nm3tB3f04pGaqCoHomCK7hiMa4opeblk4uUDgIvSfZc0zrYR5TUGxwYnAOA7K7a9V\nZ5BITyFVU9cycKffuNrS+Q8iuJaeYGCih/2MfgsBladxG9x+y3NW0SC05pwH86Ki\nCPZ7tnDTNskLuP3OxvkkNMejg1yPpThwFl+n3fmmt6Ymd90ljFva1NgzQkDOTEZ0\nWfHhVXNfw6xhAAAAgQCatIeUHANaj2u9iTEnsBD+kajsfqbY15LDZ/JNSD0z1TIL\nmFJQcCjYO4dNCZbfSkbAjC4shtX7TNa5Djnj7E7hNvLrd2gllHCMCux1C5fUzsXw\noDFvqJIH6AOrAdFxAca5dZ1XureX3W2EwpKroaOiM6jaKXJk6/AOwP1e4vFvTwAA\nAIEA9ghM9Kq60e6f/pJSiUuycBbepJfa73h3s4EzIj1Ng/hRRsfqPm9Wtwmxn5Re\nYcSrXm0sE+0yOIPpNxuHs5pT0qWVL37fLLtmUyB8UU1gTyZl9SbTn8LaTowBJwzt\nqNicqu+3oGa8iAHLv6zkr+hfcXbAzi4vjPa3uZoygjoJy1UAAACBANibDDi+8PAM\nr+2p1f2gbis1w+Z3KWqrIPGbS7TiX3TTwACLS98MOyrG51MjzQHebzqCmMHj/ctn\ny72x07tMV/2/O6b199ApvxetLCD+DSaYgcKYpAz+hOZ9pWBk/Z3ycplosNsawLIo\nNNzcH/sisGrn/vihBjyVX6ZxpC9f9/3vAAAAAAEC\n-----END OPENSSH PRIVATE KEY-----\n","private_key_pem":"-----BEGIN RSA PRIVATE KEY-----\nMIIEpAIBAAKCAQEA0CwDs/UfBV5C4o5J3REQLqOQ2Y9nA3258kh+d+bTk/iQawVm\nRJxpQS5zEJ3Jnv6cUcf2jOH8/RWjjNQAMYzfg+SBUAZRvLwV9QN03OleHouQOAh9\nsQzOGdmpbIRSMkXgPr9KJgyBwPjxRGJSndrdGAexEbohBjfDsl88h36NxKnrWlQT\ntJYOq+oaDNrzMtliflWR9bED0OLt0X+oEwxU54R3w3l+BeYjbaBj+Nki4SDvsjRy\n17L+5Vg9w9nuAYp1DXH8RECIWPy0v1yWQqnPv+MZV47nQYUQ1/tP5KK3+72lIKdL\nj2q0b59LuwIBc8gEgFTSv2lBzUaGo0VylxrVWwIDAQABAoIBABWPuYJ2LRRdQwg8\nPKJNFiP+hQ5DsCPIbe4OXCsHGXsGD89F6+XHXY+GxBxAe5WgQYim8X5+GboM97eq\nbaq0MKJ0lIA5Z1XpFU0fYodPFJSNWA61sm8YKHC8/rNisTDL1AIrxf5S5U2be0Hd\n/TikZqoKgeiYIruGIxriil5uWTi5QOAi9J9lzTOthHlNQbHBicA4Dsrtr1VnkEhP\nIVVT1zJwp9+42tL5DyK4lp5gYKKH/Yx+CwGVp3Eb3H7Lc1bRILTmnAfzoqII9nu2\ncNM2yQu4/c7G+SQ0x6ODXI+lOHAWX6fd+aa3piZ33SWMW9rU2DNCQM5MRnRZ8eFV\nc1/DrGECgYEA9ghM9Kq60e6f/pJSiUuycBbepJfa73h3s4EzIj1Ng/hRRsfqPm9W\ntwmxn5ReYcSrXm0sE+0yOIPpNxuHs5pT0qWVL37fLLtmUyB8UU1gTyZl9SbTn8La\nTowBJwztqNicqu+3oGa8iAHLv6zkr+hfcXbAzi4vjPa3uZoygjoJy1UCgYEA2JsM\nOL7w8Ayv7anV/aBuKzXD5ncpaqsg8ZtLtOJfdNPAAItL3ww7KsbnUyPNAd5vOoKY\nweP9y2fLvbHTu0xX/b87pvX30Cm/F60sIP4NJpiBwpikDP6E5n2lYGT9nfJymWiw\n2xrAsig03Nwf+yKwauf++KEGPJVfpnGkL1/3/e8CgYAimvRIDaONV6UFZ4tYaF9G\nyNC0Ee/ncuhTRT7t9/VpNIoqDIB0G7D0udZT/chws/ruoyhp/RjtPhCVgbfKmVBk\n9olPTucRIaK42n7h6KI9P8djffySIhQWrDaVSYo8D4upt2H6m7i04JvJ8AWSgHq8\nONnRpkll6GXbI0crbgJmqQKBgQC6Vm/mJUTqjU+PeiqQHMKJw5/6lIp5rCwUDQ/M\n1W1e+IbVMQAdKs1/mEsKd+L195/iStUU/4imwm1AjElkeGG99hRgJnuAhVlSCfTL\nkSJJEKuYd22xjAdSrcZmLZsMlLTHiouSgepBmVsYoPmWNxpjbZ8nzoap+aqmal7f\nLoUN2wKBgQCatIeUHANaj2u9iTEnsBD+kajsfqbY15LDZ/JNSD0z1TILmFJQcCjY\nO4dNCZbfSkbAjC4shtX7TNa5Djnj7E7hNvLrd2gllHCMCux1C5fUzsXwoDFvqJIH\n6AOrAdFxAca5dZ1XureX3W2EwpKroaOiM6jaKXJk6/AOwP1e4vFvTw==\n-----END RSA PRIVATE KEY-----\n","private_key_pem_pkcs8":"-----BEGIN PRIVATE KEY-----\nMIIEvgIBADANBgkqhkiG9w0BAQEFAASCBKgwggSkAgEAAoIBAQDQLAOz9R8FXkLi\njkndERAuo5DZj2cDfbnySH535tOT+JBrBWZEnGlBLnMQncme/pxRx/aM4fz9FaOM\n1AAxjN+D5IFQBlG8vBX1A3Tc6V4ei5A4CH2xDM4Z2alshFIyReA+v0omDIHA+PFE\nYlKd2t0YB7ERuiEGN8OyXzyHfo3EqetaVBO0lg6r6hoM2vMy2WJ+VZH1sQPQ4u3R\nf6gTDFTnhHfDeX4F5iNtoGP42SLhIO+yNHLXsv7lWD3D2e4BinUNcfxEQIhY/LS/\nXJZCqc+/4xlXjudBhRDX+0/korf7vaUgp0uParRvn0u7AgFzyASAVNK/aUHNRoaj\nRXKXGtVbAgMBAAECggEAFY+5gnYtFF1DCDw8ok0WI/6FDkOwI8ht7g5cKwcZewYP\nz0Xr5cddj4bEHEB7laBBiKbxfn4Zugz3t6ptqrQwonSUgDlnVekVTR9ih08UlI1Y\nDrWybxgocLz+s2KxMMvUAivF/lLlTZt7Qd39OKRmqgqB6Jgiu4YjGuKKXm5ZOLlA\n4CL0n2XNM62EeU1BscGJwDgOyu2vVWeQSE8hVVPXMnCn37ja0vkPIriWnmBgoof9\njH4LAZWncRvcfstzVtEgtOacB/Oiogj2e7Zw0zbJC7j9zsb5JDTHo4Ncj6U4cBZf\np935premJnfdJYxb2tTYM0JAzkxGdFnx4VVzX8OsYQKBgQD2CEz0qrrR7p/+klKJ\nS7JwFt6kl9rveHezgTMiPU2D+FFGx+o+b1a3CbGflF5hxKtebSwT7TI4g+k3G4ez\nmlPSpZUvft8su2ZTIHxRTWBPJmX1JtOfwtpOjAEnDO2o2Jyq77egZryIAcu/rOSv\n6F9xdsDOLi+M9re5mjKCOgnLVQKBgQDYmww4vvDwDK/tqdX9oG4rNcPmdylqqyDx\nm0u04l9008AAi0vfDDsqxudTI80B3m86gpjB4/3LZ8u9sdO7TFf9vzum9ffQKb8X\nrSwg/g0mmIHCmKQM/oTmfaVgZP2d8nKZaLDbGsCyKDTc3B/7IrBq5/74oQY8lV+m\ncaQvX/f97wKBgCKa9EgNo41XpQVni1hoX0bI0LQR7+dy6FNFPu339Wk0iioMgHQb\nsPS51lP9yHCz+u6jKGn9GO0+EJWBt8qZUGT2iU9O5xEhorjafuHooj0/x2N9/JIi\nFBasNpVJijwPi6m3YfqbuLTgm8nwBZKAerw42dGmSWXoZdsjRytuAmapAoGBALpW\nb+YlROqNT496KpAcwonDn/qUinmsLBQND8zVbV74htUxAB0qzX+YSwp34vX3n+JK\n1RT/iKbCbUCMSWR4Yb32FGAme4CFWVIJ9MuRIkkQq5h3bbGMB1KtxmYtmwyUtMeK\ni5KB6kGZWxig+ZY3GmNtnyfOhqn5qqZqXt8uhQ3bAoGBAJq0h5QcA1qPa72JMSew\nEP6RqOx+ptjXksNn8k1IPTPVMguYUlBwKNg7h00Jlt9KRsCMLiyG1ftM1rkOOePs\nTuE28ut3aCWUcIwK7HULl9TOxfCgMW+okgfoA6sB0XEBxrl1nVe6t5fdbYTCkquh\no6IzqNopcmTr8A7A/V7i8W9P\n-----END PRIVATE KEY-----\n","public_key_fingerprint_md5":"d5:0c:10:5c:42:b5:b1:8e:84:2a:79:d4:bd:2c:42:eb","public_key_fingerprint_sha256":"SHA256:F/ABNtXZO/9LzQ8PoFLwuWskjktsx9xRbZ4EPRAbYJo","public_key_openssh":"ssh-rsa AAAAB3NzaC1yc2EAAAADAQABAAABAQDQLAOz9R8FXkLijkndERAuo5DZj2cDfbnySH535tOT+JBrBWZEnGlBLnMQncme/pxRx/aM4fz9FaOM1AAxjN+D5IFQBlG8vBX1A3Tc6V4ei5A4CH2xDM4Z2alshFIyReA+v0omDIHA+PFEYlKd2t0YB7ERuiEGN8OyXzyHfo3EqetaVBO0lg6r6hoM2vMy2WJ+VZH1sQPQ4u3Rf6gTDFTnhHfDeX4F5iNtoGP42SLhIO+yNHLXsv7lWD3D2e4BinUNcfxEQIhY/LS/XJZCqc+/4xlXjudBhRDX+0/korf7vaUgp0uParRvn0u7AgFzyASAVNK/aUHNRoajRXKXGtVb\n","public_key_pem":"-----BEGIN PUBLIC KEY-----\nMIIBIjANBgkqhkiG9w0BAQEFAAOCAQ8AMIIBCgKCAQEA0CwDs/UfBV5C4o5J3REQ\nLqOQ2Y9nA3258kh+d+bTk/iQawVmRJxpQS5zEJ3Jnv6cUcf2jOH8/RWjjNQAMYzf\ng+SBUAZRvLwV9QN03OleHouQOAh9sQzOGdmpbIRSMkXgPr9KJgyBwPjxRGJSndrd\nGAexEbohBjfDsl88h36NxKnrWlQTtJYOq+oaDNrzMtliflWR9bED0OLt0X+oEwxU\n54R3w3l+BeYjbaBj+Nki4SDvsjRy17L+5Vg9w9nuAYp1DXH8RECIWPy0v1yWQqnP\nv+MZV47nQYUQ1/tP5KK3+72lIKdLj2q0b59LuwIBc8gEgFTSv2lBzUaGo0VylxrV\nWwIDAQAB\n-----END PUBLIC KEY-----\n","rsa_bits":2048},"sensitive_attributes":[[{"type":"get_attr","value":"private_key_pem_pkcs8"}],[{"type":"get_attr","value":"private_key_pem"}],[{"type":"get_attr","value":"private_key_openssh"}]],"create_before_destroy":true}]},{"module":"module.lb-http","mode":"managed","type":"google_compute_backend_service","name":"default","provider":"provider[\"registry.opentofu.org/hashicorp/google-beta\"]","instances":[{"index_key":"default","schema_version":1,"attributes":{"affinity_cookie_ttl_sec":0,"backend":[{"balancing_mode":"UTILIZATION","capacity_scaler":1,"description":"","group":"https://www.googleapis.com/compute/v1/projects/pandeo-423613/regions/europe-west4/networkEndpointGroups/ft-iac","max_connections":0,"max_connections_per_endpoint":0,"max_connections_per_instance":0,"max_rate":0,"max_rate_per_endpoint":0,"max_rate_per_instance":0,"max_utilization":0}],"cdn_policy":[],"circuit_breakers":[],"compression_mode":"","connection_draining_timeout_sec":300,"consistent_hash":[],"creation_timestamp":"2025-02-18T11:02:18.394-08:00","custom_request_headers":[],"custom_response_headers":[],"description":"","edge_security_policy":"","enable_cdn":false,"fingerprint":"du3jO3cmdbM=","generated_id":5167027616482944981,"health_checks":[],"iap":[],"id":"projects/pandeo-423613/global/backendServices/ft-iac-backend-default","ip_address_selection_policy":"","load_balancing_scheme":"EXTERNAL","locality_lb_policies":[],"locality_lb_policy":"","log_config":[],"name":"ft-iac-backend-default","outlier_detection":[],"port_name":"http","project":"pandeo-423613","protocol":"HTTP","security_policy":"","security_settings":[],"self_link":"https://www.googleapis.com/compute/v1/projects/pandeo-423613/global/backendServices/ft-iac-backend-default","service_lb_policy":"","session_affinity":"NONE","strong_session_affinity_cookie":[],"timeout_sec":30,"timeouts":null},"sensitive_attributes":[],"private":"eyJlMmJmYjczMC1lY2FhLTExZTYtOGY4OC0zNDM2M2JjN2M0YzAiOnsiY3JlYXRlIjoxMjAwMDAwMDAwMDAwLCJkZWxldGUiOjEyMDAwMDAwMDAwMDAsInVwZGF0ZSI6MTIwMDAwMDAwMDAwMH0sInNjaGVtYV92ZXJzaW9uIjoiMSJ9","dependencies":["google_cloud_run_v2_service.default","google_compute_network.vpc_network","google_compute_region_network_endpoint_group.default","google_redis_instance.cache","google_sql_database.database","google_sql_database_instance.instance","google_sql_user.users","module.lb-http.google_compute_region_network_endpoint_group.serverless_negs","random_string.random","random_string.session_secret"]}]},{"module":"module.lb-http","mode":"managed","type":"google_compute_global_address","name":"default","provider":"provider[\"registry.opentofu.org/hashicorp/google-beta\"]","instances":[{"index_key":0,"schema_version":0,"attributes":{"address":"34.96.123.4","address_type":"EXTERNAL","creation_timestamp":"2025-02-18T11:01:54.789-08:00","description":"","effective_labels":{"goog-terraform-provisioned":"true"},"id":"projects/pandeo-423613/global/addresses/ft-iac-address","ip_version":"","label_fingerprint":"vezUS-42LLM=","labels":{},"name":"ft-iac-address","network":"","prefix_length":0,"project":"pandeo-423613","purpose":"","self_link":"https://www.googleapis.com/compute/v1/projects/pandeo-423613/global/addresses/ft-iac-address","terraform_labels":{"goog-terraform-provisioned":"true"},"timeouts":null},"sensitive_attributes":[],"private":"eyJlMmJmYjczMC1lY2FhLTExZTYtOGY4OC0zNDM2M2JjN2M0YzAiOnsiY3JlYXRlIjoxMjAwMDAwMDAwMDAwLCJkZWxldGUiOjEyMDAwMDAwMDAwMDAsInVwZGF0ZSI6MTIwMDAwMDAwMDAwMH19"}]},{"module":"module.lb-http","mode":"managed","type":"google_compute_global_forwarding_rule","name":"http","provider":"provider[\"registry.opentofu.org/hashicorp/google-beta\"]","instances":[{"index_key":0,"schema_version":0,"attributes":{"allow_psc_global_access":false,"base_forwarding_rule":"","description":"","effective_labels":{},"forwarding_rule_id":236687954206615454,"id":"projects/pandeo-423613/global/forwardingRules/ft-iac","ip_address":"34.96.123.4","ip_protocol":"TCP","ip_version":"","label_fingerprint":"42WmSpB8rSM=","labels":{},"load_balancing_scheme":"EXTERNAL","metadata_filters":[],"name":"ft-iac","network":"","network_tier":"PREMIUM","no_automate_dns_zone":null,"port_range":"80-80","project":"pandeo-423613","psc_connection_id":"","psc_connection_status":"","self_link":"https://www.googleapis.com/compute/v1/projects/pandeo-423613/global/forwardingRules/ft-iac","service_directory_registrations":[],"source_ip_ranges":[],"subnetwork":"","target":"https://www.googleapis.com/compute/beta/projects/pandeo-423613/global/targetHttpProxies/ft-iac-http-proxy","terraform_labels":{},"timeouts":null},"sensitive_attributes":[],"private":"eyJlMmJmYjczMC1lY2FhLTExZTYtOGY4OC0zNDM2M2JjN2M0YzAiOnsiY3JlYXRlIjoxMjAwMDAwMDAwMDAwLCJkZWxldGUiOjEyMDAwMDAwMDAwMDAsInVwZGF0ZSI6MTIwMDAwMDAwMDAwMH19","dependencies":["google_cloud_run_v2_service.default","google_compute_network.vpc_network","google_compute_region_network_endpoint_group.default","google_redis_instance.cache","google_sql_database.database","google_sql_database_instance.instance","google_sql_user.users","module.lb-http.google_compute_backend_service.default","module.lb-http.google_compute_global_address.default","module.lb-http.google_compute_region_network_endpoint_group.serverless_negs","module.lb-http.google_compute_target_http_proxy.default","module.lb-http.google_compute_url_map.default","module.lb-http.google_compute_url_map.https_redirect","random_string.random","random_string.session_secret"]}]},{"module":"module.lb-http","mode":"managed","type":"google_compute_global_forwarding_rule","name":"https","provider":"provider[\"registry.opentofu.org/hashicorp/google-beta\"]","instances":[{"index_key":0,"schema_version":0,"attributes":{"allow_psc_global_access":false,"base_forwarding_rule":"","description":"","effective_labels":{},"forwarding_rule_id":1511861661329876231,"id":"projects/pandeo-423613/global/forwardingRules/ft-iac-https","ip_address":"34.96.123.4","ip_protocol":"TCP","ip_version":"","label_fingerprint":"42WmSpB8rSM=","labels":{},"load_balancing_scheme":"EXTERNAL","metadata_filters":[],"name":"ft-iac-https","network":"","network_tier":"PREMIUM","no_automate_dns_zone":null,"port_range":"443-443","project":"pandeo-423613","psc_connection_id":"","psc_connection_status":"","self_link":"https://www.googleapis.com/compute/v1/projects/pandeo-423613/global/forwardingRules/ft-iac-https","service_directory_registrations":[],"source_ip_ranges":[],"subnetwork":"","target":"https://www.googleapis.com/compute/beta/projects/pandeo-423613/global/targetHttpsProxies/ft-iac-https-proxy","terraform_labels":{},"timeouts":null},"sensitive_attributes":[],"private":"eyJlMmJmYjczMC1lY2FhLTExZTYtOGY4OC0zNDM2M2JjN2M0YzAiOnsiY3JlYXRlIjoxMjAwMDAwMDAwMDAwLCJkZWxldGUiOjEyMDAwMDAwMDAwMDAsInVwZGF0ZSI6MTIwMDAwMDAwMDAwMH19","dependencies":["cloudflare_origin_ca_certificate.default","google_cloud_run_v2_service.default","google_compute_network.vpc_network","google_compute_region_network_endpoint_group.default","google_redis_instance.cache","google_sql_database.database","google_sql_database_instance.instance","google_sql_user.users","module.lb-http.google_compute_backend_service.default","module.lb-http.google_compute_global_address.default","module.lb-http.google_compute_managed_ssl_certificate.default","module.lb-http.google_compute_region_network_endpoint_group.serverless_negs","module.lb-http.google_compute_ssl_certificate.default","module.lb-http.google_compute_target_https_proxy.default","module.lb-http.google_compute_url_map.default","module.lb-http.random_id.certificate","random_string.random","random_string.session_secret","tls_cert_request.default","tls_private_key.default"]}]},{"module":"module.lb-http","mode":"managed","type":"google_compute_managed_ssl_certificate","name":"default","provider":"provider[\"registry.opentofu.org/hashicorp/google-beta\"]","instances":[{"index_key":0,"schema_version":0,"attributes":{"certificate_id":1356411814041707839,"creation_timestamp":"2025-02-18T11:13:20.731-08:00","description":"","expire_time":"","id":"projects/pandeo-423613/global/sslCertificates/ft-iac-cert","managed":[{"domains":["ft-iac.pandeo.fr"]}],"name":"ft-iac-cert","project":"pandeo-423613","self_link":"https://www.googleapis.com/compute/v1/projects/pandeo-423613/global/sslCertificates/ft-iac-cert","subject_alternative_names":[],"timeouts":null,"type":"MANAGED"},"sensitive_attributes":[],"private":"eyJlMmJmYjczMC1lY2FhLTExZTYtOGY4OC0zNDM2M2JjN2M0YzAiOnsiY3JlYXRlIjoxODAwMDAwMDAwMDAwLCJkZWxldGUiOjE4MDAwMDAwMDAwMDB9fQ==","dependencies":["module.lb-http.random_id.certificate"],"create_before_destroy":true}]},{"module":"module.lb-http","mode":"managed","type":"google_compute_target_http_proxy","name":"default","provider":"provider[\"registry.opentofu.org/hashicorp/google\"]","instances":[{"index_key":0,"schema_version":0,"attributes":{"creation_timestamp":"2025-02-18T11:03:01.912-08:00","description":"","http_keep_alive_timeout_sec":0,"id":"projects/pandeo-423613/global/targetHttpProxies/ft-iac-http-proxy","name":"ft-iac-http-proxy","project":"pandeo-423613","proxy_bind":false,"proxy_id":2334457226906396554,"self_link":"https://www.googleapis.com/compute/v1/projects/pandeo-423613/global/targetHttpProxies/ft-iac-http-proxy","timeouts":null,"url_map":"https://www.googleapis.com/compute/v1/projects/pandeo-423613/global/urlMaps/ft-iac-https-redirect"},"sensitive_attributes":[],"private":"eyJlMmJmYjczMC1lY2FhLTExZTYtOGY4OC0zNDM2M2JjN2M0YzAiOnsiY3JlYXRlIjoxMjAwMDAwMDAwMDAwLCJkZWxldGUiOjEyMDAwMDAwMDAwMDAsInVwZGF0ZSI6MTIwMDAwMDAwMDAwMH19","dependencies":["google_cloud_run_v2_service.default","google_compute_network.vpc_network","google_compute_region_network_endpoint_group.default","google_redis_instance.cache","google_sql_database.database","google_sql_database_instance.instance","google_sql_user.users","module.lb-http.google_compute_backend_service.default","module.lb-http.google_compute_region_network_endpoint_group.serverless_negs","module.lb-http.google_compute_url_map.default","module.lb-http.google_compute_url_map.https_redirect","random_string.random","random_string.session_secret"]}]},{"module":"module.lb-http","mode":"managed","type":"google_compute_target_https_proxy","name":"default","provider":"provider[\"registry.opentofu.org/hashicorp/google\"]","instances":[{"index_key":0,"schema_version":0,"attributes":{"certificate_manager_certificates":[],"certificate_map":"","creation_timestamp":"2025-02-18T11:13:32.701-08:00","description":"","http_keep_alive_timeout_sec":0,"id":"projects/pandeo-423613/global/targetHttpsProxies/ft-iac-https-proxy","name":"ft-iac-https-proxy","project":"pandeo-423613","proxy_bind":false,"proxy_id":4213231881029248307,"quic_override":"NONE","self_link":"https://www.googleapis.com/compute/v1/projects/pandeo-423613/global/targetHttpsProxies/ft-iac-https-proxy","server_tls_policy":"","ssl_certificates":["https://www.googleapis.com/compute/v1/projects/pandeo-423613/global/sslCertificates/ft-iac-cert"],"ssl_policy":"","timeouts":null,"tls_early_data":"DISABLED","url_map":"https://www.googleapis.com/compute/v1/projects/pandeo-423613/global/urlMaps/ft-iac-url-map"},"sensitive_attributes":[],"private":"eyJlMmJmYjczMC1lY2FhLTExZTYtOGY4OC0zNDM2M2JjN2M0YzAiOnsiY3JlYXRlIjoxMjAwMDAwMDAwMDAwLCJkZWxldGUiOjEyMDAwMDAwMDAwMDAsInVwZGF0ZSI6MTIwMDAwMDAwMDAwMH19","dependencies":["cloudflare_origin_ca_certificate.default","google_cloud_run_v2_service.default","google_compute_network.vpc_network","google_compute_region_network_endpoint_group.default","google_redis_instance.cache","google_sql_database.database","google_sql_database_instance.instance","google_sql_user.users","module.lb-http.google_compute_backend_service.default","module.lb-http.google_compute_managed_ssl_certificate.default","module.lb-http.google_compute_region_network_endpoint_group.serverless_negs","module.lb-http.google_compute_ssl_certificate.default","module.lb-http.google_compute_url_map.default","module.lb-http.random_id.certificate","random_string.random","random_string.session_secret","tls_cert_request.default","tls_private_key.default"]}]},{"module":"module.lb-http","mode":"managed","type":"google_compute_url_map","name":"default","provider":"provider[\"registry.opentofu.org/hashicorp/google-beta\"]","instances":[{"index_key":0,"schema_version":0,"attributes":{"creation_timestamp":"2025-02-18T11:02:50.299-08:00","default_custom_error_response_policy":[],"default_route_action":[],"default_service":"https://www.googleapis.com/compute/v1/projects/pandeo-423613/global/backendServices/ft-iac-backend-default","default_url_redirect":[],"description":"","fingerprint":"vwuQy0GXmoA=","header_action":[],"host_rule":[],"id":"projects/pandeo-423613/global/urlMaps/ft-iac-url-map","map_id":5727066771783509941,"name":"ft-iac-url-map","path_matcher":[],"project":"pandeo-423613","self_link":"https://www.googleapis.com/compute/v1/projects/pandeo-423613/global/urlMaps/ft-iac-url-map","test":[],"timeouts":null},"sensitive_attributes":[],"private":"eyJlMmJmYjczMC1lY2FhLTExZTYtOGY4OC0zNDM2M2JjN2M0YzAiOnsiY3JlYXRlIjoxMjAwMDAwMDAwMDAwLCJkZWxldGUiOjEyMDAwMDAwMDAwMDAsInVwZGF0ZSI6MTIwMDAwMDAwMDAwMH19","dependencies":["google_cloud_run_v2_service.default","google_compute_network.vpc_network","google_compute_region_network_endpoint_group.default","google_redis_instance.cache","google_sql_database.database","google_sql_database_instance.instance","google_sql_user.users","module.lb-http.google_compute_backend_service.default","module.lb-http.google_compute_region_network_endpoint_group.serverless_negs","random_string.random","random_string.session_secret"]}]},{"module":"module.lb-http","mode":"managed","type":"google_compute_url_map","name":"https_redirect","provider":"provider[\"registry.opentofu.org/hashicorp/google\"]","instances":[{"index_key":0,"schema_version":0,"attributes":{"creation_timestamp":"2025-02-18T11:13:20.792-08:00","default_route_action":[],"default_service":"","default_url_redirect":[{"host_redirect":"","https_redirect":true,"path_redirect":"","prefix_redirect":"","redirect_response_code":"MOVED_PERMANENTLY_DEFAULT","strip_query":false}],"description":"","fingerprint":"i33Lcq8-vMg=","header_action":[],"host_rule":[],"id":"projects/pandeo-423613/global/urlMaps/ft-iac-https-redirect","map_id":2276060227324962111,"name":"ft-iac-https-redirect","path_matcher":[],"project":"pandeo-423613","self_link":"https://www.googleapis.com/compute/v1/projects/pandeo-423613/global/urlMaps/ft-iac-https-redirect","test":[],"timeouts":null},"sensitive_attributes":[],"private":"eyJlMmJmYjczMC1lY2FhLTExZTYtOGY4OC0zNDM2M2JjN2M0YzAiOnsiY3JlYXRlIjoxMjAwMDAwMDAwMDAwLCJkZWxldGUiOjEyMDAwMDAwMDAwMDAsInVwZGF0ZSI6MTIwMDAwMDAwMDAwMH19"}]}],"check_results":[{"object_kind":"var","config_addr":"module.lb-http.var.backends","status":"pass","objects":[{"object_addr":"module.lb-http.var.backends","status":"pass"}]},{"object_kind":"var","config_addr":"module.lb-http.var.http_port","status":"pass","objects":[{"object_addr":"module.lb-http.var.http_port","status":"pass"}]},{"object_kind":"var","config_addr":"var.zone","status":"pass","objects":[{"object_addr":"var.zone","status":"pass"}]},{"object_kind":"var","config_addr":"var.size","status":"pass","objects":[{"object_addr":"var.size","status":"pass"}]},{"object_kind":"var","config_addr":"module.lb-http.var.https_port","status":"pass","objects":[{"object_addr":"module.lb-http.var.https_port","status":"pass"}]}]}
