{"version":4,"terraform_version":"1.9.0","serial":97,"lineage":"2ae506f6-c7ad-a5b0-cde2-ba2095ad1c7e","outputs":{},"resources":[{"mode":"managed","type":"google_compute_global_address","name":"private_ip_address","provider":"provider[\"registry.opentofu.org/hashicorp/google\"]","instances":[{"schema_version":0,"attributes":{"address":"10.2.0.0","address_type":"INTERNAL","creation_timestamp":"2025-02-18T09:39:00.606-08:00","description":"","effective_labels":{"goog-terraform-provisioned":"true"},"id":"projects/pandeo-423613/global/addresses/ft-iac-private-ip","ip_version":"","label_fingerprint":"vezUS-42LLM=","labels":{},"name":"ft-iac-private-ip","network":"https://www.googleapis.com/compute/v1/projects/pandeo-423613/global/networks/ft-iac","prefix_length":20,"project":"pandeo-423613","purpose":"VPC_PEERING","self_link":"https://www.googleapis.com/compute/v1/projects/pandeo-423613/global/addresses/ft-iac-private-ip","terraform_labels":{"goog-terraform-provisioned":"true"},"timeouts":null},"sensitive_attributes":[],"private":"eyJlMmJmYjczMC1lY2FhLTExZTYtOGY4OC0zNDM2M2JjN2M0YzAiOnsiY3JlYXRlIjoxMjAwMDAwMDAwMDAwLCJkZWxldGUiOjEyMDAwMDAwMDAwMDAsInVwZGF0ZSI6MTIwMDAwMDAwMDAwMH19","dependencies":["google_compute_network.vpc_network"]}]},{"mode":"managed","type":"google_compute_network","name":"vpc_network","provider":"provider[\"registry.opentofu.org/hashicorp/google\"]","instances":[{"schema_version":0,"attributes":{"auto_create_subnetworks":true,"bgp_always_compare_med":false,"bgp_best_path_selection_mode":"LEGACY","bgp_inter_region_cost":"","delete_default_routes_on_create":false,"description":"","enable_ula_internal_ipv6":false,"gateway_ipv4":"","id":"projects/pandeo-423613/global/networks/ft-iac","internal_ipv6_range":"","mtu":0,"name":"ft-iac","network_firewall_policy_enforcement_order":"AFTER_CLASSIC_FIREWALL","network_id":"1918581818581941136","network_profile":"","numeric_id":"1918581818581941136","project":"pandeo-423613","routing_mode":"REGIONAL","self_link":"https://www.googleapis.com/compute/v1/projects/pandeo-423613/global/networks/ft-iac","timeouts":null},"sensitive_attributes":[],"private":"eyJlMmJmYjczMC1lY2FhLTExZTYtOGY4OC0zNDM2M2JjN2M0YzAiOnsiY3JlYXRlIjoxMjAwMDAwMDAwMDAwLCJkZWxldGUiOjEyMDAwMDAwMDAwMDAsInVwZGF0ZSI6MTIwMDAwMDAwMDAwMH19","create_before_destroy":true}]},{"mode":"managed","type":"google_service_networking_connection","name":"private_vpc_connection","provider":"provider[\"registry.opentofu.org/hashicorp/google-beta\"]","instances":[{"schema_version":0,"attributes":{"deletion_policy":null,"id":"https%3A%2F%2Fwww.googleapis.com%2Fcompute%2Fv1%2Fprojects%2Fpandeo-423613%2Fglobal%2Fnetworks%2Fft-iac:servicenetworking.googleapis.com","network":"https://www.googleapis.com/compute/v1/projects/pandeo-423613/global/networks/ft-iac","peering":"servicenetworking-googleapis-com","reserved_peering_ranges":["ft-iac-private-ip"],"service":"servicenetworking.googleapis.com","timeouts":null,"update_on_creation_fail":null},"sensitive_attributes":[],"private":"eyJlMmJmYjczMC1lY2FhLTExZTYtOGY4OC0zNDM2M2JjN2M0YzAiOnsiY3JlYXRlIjo2MDAwMDAwMDAwMDAsImRlbGV0ZSI6NjAwMDAwMDAwMDAwLCJ1cGRhdGUiOjYwMDAwMDAwMDAwMH19","dependencies":["google_compute_global_address.private_ip_address","google_compute_network.vpc_network"]}]}],"check_results":[{"object_kind":"var","config_addr":"var.size","status":"pass","objects":[{"object_addr":"var.size","status":"pass"}]},{"object_kind":"var","config_addr":"module.lb-http.var.backends","status":"pass","objects":[{"object_addr":"module.lb-http.var.backends","status":"pass"}]},{"object_kind":"var","config_addr":"module.lb-http.var.http_port","status":"pass","objects":[{"object_addr":"module.lb-http.var.http_port","status":"pass"}]},{"object_kind":"var","config_addr":"module.lb-http.var.https_port","status":"pass","objects":[{"object_addr":"module.lb-http.var.https_port","status":"pass"}]},{"object_kind":"var","config_addr":"var.zone","status":"pass","objects":[{"object_addr":"var.zone","status":"pass"}]}]}
