{"version":4,"terraform_version":"1.9.0","serial":211,"lineage":"2ae506f6-c7ad-a5b0-cde2-ba2095ad1c7e","outputs":{"external_url":{"value":"34.111.73.131","type":"string"}},"resources":[{"mode":"data","type":"google_project","name":"project","provider":"provider[\"registry.opentofu.org/hashicorp/google\"]","instances":[{"schema_version":0,"attributes":{"auto_create_network":null,"billing_account":"0115A8-1CE51C-E816B3","deletion_policy":"PREVENT","effective_labels":{},"folder_id":null,"id":"projects/pandeo-423613","labels":{},"name":"Pandeo","number":"399113550497","org_id":null,"project_id":"pandeo-423613","tags":null,"terraform_labels":{}},"sensitive_attributes":[]}]},{"mode":"managed","type":"google_cloud_run_v2_service","name":"default","provider":"provider[\"registry.opentofu.org/hashicorp/google\"]","instances":[{"schema_version":0,"attributes":{"annotations":{},"binary_authorization":[],"build_config":[],"client":"cloud-console","client_version":"","conditions":[{"execution_reason":"","last_transition_time":"2025-02-20T12:07:42.717087Z","message":"","reason":"","revision_reason":"","severity":"","state":"CONDITION_SUCCEEDED","type":"RoutesReady"},{"execution_reason":"","last_transition_time":"2025-02-20T10:00:30.083393Z","message":"","reason":"","revision_reason":"","severity":"","state":"CONDITION_SUCCEEDED","type":"ConfigurationsReady"}],"create_time":"2025-02-20T10:00:18.326445Z","creator":"Theo.Nard18@gmail.com","custom_audiences":[],"delete_time":"","deletion_protection":false,"description":"","effective_annotations":{},"effective_labels":{"goog-terraform-provisioned":"true"},"etag":"\"CIW23L0GENCx8ZkB/cHJvamVjdHMvcGFuZGVvLTQyMzYxMy9sb2NhdGlvbnMvZXVyb3BlLXdlc3Q0L3NlcnZpY2VzL2Z0LWlhYw\"","expire_time":"","generation":"2","id":"projects/pandeo-423613/locations/europe-west4/services/ft-iac","ingress":"INGRESS_TRAFFIC_ALL","invoker_iam_disabled":false,"labels":{},"last_modifier":"theo.nard18@gmail.com","latest_created_revision":"projects/pandeo-423613/locations/europe-west4/services/ft-iac/revisions/ft-iac-00001-cq6","latest_ready_revision":"projects/pandeo-423613/locations/europe-west4/services/ft-iac/revisions/ft-iac-00001-cq6","launch_stage":"GA","location":"europe-west4","name":"ft-iac","observed_generation":"2","project":"pandeo-423613","reconciling":false,"scaling":[{"min_instance_count":2}],"template":[{"annotations":{},"containers":[{"args":[],"base_image_uri":"","build_info":[],"command":[],"depends_on":[],"env":[{"name":"MYSQL_DATABASE","value":"ft-iac","value_source":[]},{"name":"MYSQL_HOST","value":"10.1.49.3","value_source":[]},{"name":"MYSQL_PASSWORD","value":"","value_source":[{"secret_key_ref":[{"secret":"ft-iac-database","version":"1"}]}]},{"name":"MYSQL_USER","value":"ft-iac","value_source":[]},{"name":"NODE_ENV","value":"production","value_source":[]},{"name":"REDIS_HOST","value":"10.1.48.3","value_source":[]},{"name":"REDIS_PORT","value":"6379","value_source":[]},{"name":"SESSION_SECRET","value":"","value_source":[{"secret_key_ref":[{"secret":"ft-iac-session","version":"1"}]}]}],"image":"docker.io/pandeo/ft-iac:a","liveness_probe":[],"name":"","ports":[{"container_port":3000,"name":"http1"}],"resources":[{"cpu_idle":false,"limits":{"cpu":"1","memory":"512Mi"},"startup_cpu_boost":false}],"startup_probe":[{"failure_threshold":1,"grpc":[],"http_get":[],"initial_delay_seconds":0,"period_seconds":240,"tcp_socket":[{"port":3000}],"timeout_seconds":240}],"volume_mounts":[],"working_dir":""}],"encryption_key":"","execution_environment":"","labels":{},"max_instance_request_concurrency":80,"revision":"","scaling":[{"max_instance_count":2,"min_instance_count":0}],"service_account":"399113550497-compute@developer.gserviceaccount.com","session_affinity":false,"timeout":"300s","volumes":[],"vpc_access":[{"connector":"","egress":"PRIVATE_RANGES_ONLY","network_interfaces":[{"network":"ft-iac","subnetwork":"","tags":[]}]}]}],"terminal_condition":[{"execution_reason":"","last_transition_time":"2025-02-20T12:07:42.759844Z","message":"","reason":"","revision_reason":"","severity":"","state":"CONDITION_SUCCEEDED","type":"Ready"}],"terraform_labels":{"goog-terraform-provisioned":"true"},"timeouts":null,"traffic":[{"percent":100,"revision":"","tag":"","type":"TRAFFIC_TARGET_ALLOCATION_TYPE_LATEST"}],"traffic_statuses":[{"percent":100,"revision":"","tag":"","type":"TRAFFIC_TARGET_ALLOCATION_TYPE_LATEST","uri":""}],"uid":"c4e2c1e6-2f6b-4900-8cd9-ed516f022f17","update_time":"2025-02-20T12:07:33.322722Z","uri":"https://ft-iac-6svopcyaka-ez.a.run.app","urls":["https://ft-iac-399113550497.europe-west4.run.app","https://ft-iac-6svopcyaka-ez.a.run.app"]},"sensitive_attributes":[],"private":"eyJlMmJmYjczMC1lY2FhLTExZTYtOGY4OC0zNDM2M2JjN2M0YzAiOnsiY3JlYXRlIjoxMjAwMDAwMDAwMDAwLCJkZWxldGUiOjEyMDAwMDAwMDAwMDAsInVwZGF0ZSI6MTIwMDAwMDAwMDAwMH19","dependencies":["google_compute_global_address.private_ip_address","google_compute_network.vpc_network","google_redis_instance.cache","google_secret_manager_secret.secret_database","google_secret_manager_secret.secret_session","google_service_networking_connection.private_vpc_connection","google_sql_database.database","google_sql_database_instance.instance","google_sql_user.users","random_string.random"],"create_before_destroy":true}]},{"mode":"managed","type":"google_compute_global_address","name":"private_ip_address","provider":"provider[\"registry.opentofu.org/hashicorp/google\"]","instances":[{"schema_version":0,"attributes":{"address":"10.1.48.0","address_type":"INTERNAL","creation_timestamp":"2025-02-20T01:31:37.768-08:00","description":"","effective_labels":{"goog-terraform-provisioned":"true"},"id":"projects/pandeo-423613/global/addresses/ft-iac-private-ip","ip_version":"","label_fingerprint":"vezUS-42LLM=","labels":{},"name":"ft-iac-private-ip","network":"https://www.googleapis.com/compute/v1/projects/pandeo-423613/global/networks/ft-iac","prefix_length":20,"project":"pandeo-423613","purpose":"VPC_PEERING","self_link":"https://www.googleapis.com/compute/v1/projects/pandeo-423613/global/addresses/ft-iac-private-ip","terraform_labels":{"goog-terraform-provisioned":"true"},"timeouts":null},"sensitive_attributes":[],"private":"eyJlMmJmYjczMC1lY2FhLTExZTYtOGY4OC0zNDM2M2JjN2M0YzAiOnsiY3JlYXRlIjoxMjAwMDAwMDAwMDAwLCJkZWxldGUiOjEyMDAwMDAwMDAwMDAsInVwZGF0ZSI6MTIwMDAwMDAwMDAwMH19","dependencies":["google_compute_network.vpc_network"],"create_before_destroy":true}]},{"mode":"managed","type":"google_compute_network","name":"vpc_network","provider":"provider[\"registry.opentofu.org/hashicorp/google\"]","instances":[{"schema_version":0,"attributes":{"auto_create_subnetworks":true,"bgp_always_compare_med":false,"bgp_best_path_selection_mode":"LEGACY","bgp_inter_region_cost":"","delete_default_routes_on_create":false,"description":"","enable_ula_internal_ipv6":false,"gateway_ipv4":"","id":"projects/pandeo-423613/global/networks/ft-iac","internal_ipv6_range":"","mtu":0,"name":"ft-iac","network_firewall_policy_enforcement_order":"AFTER_CLASSIC_FIREWALL","network_id":"5500369752131586219","network_profile":"","numeric_id":"5500369752131586219","project":"pandeo-423613","routing_mode":"REGIONAL","self_link":"https://www.googleapis.com/compute/v1/projects/pandeo-423613/global/networks/ft-iac","timeouts":null},"sensitive_attributes":[],"private":"eyJlMmJmYjczMC1lY2FhLTExZTYtOGY4OC0zNDM2M2JjN2M0YzAiOnsiY3JlYXRlIjoxMjAwMDAwMDAwMDAwLCJkZWxldGUiOjEyMDAwMDAwMDAwMDAsInVwZGF0ZSI6MTIwMDAwMDAwMDAwMH19","create_before_destroy":true}]},{"mode":"managed","type":"google_compute_region_network_endpoint_group","name":"default","provider":"provider[\"registry.opentofu.org/hashicorp/google\"]","instances":[{"schema_version":0,"attributes":{"app_engine":[],"cloud_function":[],"cloud_run":[{"service":"ft-iac","tag":"","url_mask":""}],"description":"","id":"projects/pandeo-423613/regions/europe-west4/networkEndpointGroups/ft-iac","name":"ft-iac","network":"","network_endpoint_type":"SERVERLESS","project":"pandeo-423613","psc_data":[],"psc_target_service":"","region":"https://www.googleapis.com/compute/v1/projects/pandeo-423613/regions/europe-west4","self_link":"https://www.googleapis.com/compute/v1/projects/pandeo-423613/regions/europe-west4/networkEndpointGroups/ft-iac","subnetwork":"","timeouts":null},"sensitive_attributes":[],"private":"eyJlMmJmYjczMC1lY2FhLTExZTYtOGY4OC0zNDM2M2JjN2M0YzAiOnsiY3JlYXRlIjoxMjAwMDAwMDAwMDAwLCJkZWxldGUiOjEyMDAwMDAwMDAwMDB9fQ==","dependencies":["google_cloud_run_v2_service.default","google_compute_global_address.private_ip_address","google_compute_network.vpc_network","google_redis_instance.cache","google_secret_manager_secret.secret_database","google_secret_manager_secret.secret_session","google_service_networking_connection.private_vpc_connection","google_sql_database.database","google_sql_database_instance.instance","google_sql_user.users","random_string.random"]}]},{"mode":"managed","type":"google_redis_instance","name":"cache","provider":"provider[\"registry.opentofu.org/hashicorp/google\"]","instances":[{"schema_version":0,"attributes":{"alternative_location_id":"","auth_enabled":false,"auth_string":"","authorized_network":"projects/pandeo-423613/global/networks/ft-iac","connect_mode":"PRIVATE_SERVICE_ACCESS","create_time":"2025-02-20T09:32:45.582632334Z","current_location_id":"europe-west4-b","customer_managed_key":"","display_name":"","effective_labels":{"goog-terraform-provisioned":"true"},"host":"10.1.48.3","id":"projects/pandeo-423613/locations/europe-west4/instances/ft-iac","labels":{},"location_id":"europe-west4-b","maintenance_policy":[],"maintenance_schedule":[],"maintenance_version":"20241107_00_00","memory_size_gb":1,"name":"ft-iac","nodes":[{"id":"node-0","zone":"europe-west4-b"}],"persistence_config":[{"persistence_mode":"DISABLED","rdb_next_snapshot_time":"","rdb_snapshot_period":"","rdb_snapshot_start_time":""}],"persistence_iam_identity":"serviceAccount:service-399113550497@cloud-redis.iam.gserviceaccount.com","port":6379,"project":"pandeo-423613","read_endpoint":"","read_endpoint_port":0,"read_replicas_mode":"READ_REPLICAS_DISABLED","redis_configs":{},"redis_version":"REDIS_7_0","region":"europe-west4","replica_count":0,"reserved_ip_range":null,"secondary_ip_range":"","server_ca_certs":[],"terraform_labels":{"goog-terraform-provisioned":"true"},"tier":"BASIC","timeouts":null,"transit_encryption_mode":"DISABLED"},"sensitive_attributes":[[{"type":"get_attr","value":"auth_string"}]],"private":"eyJlMmJmYjczMC1lY2FhLTExZTYtOGY4OC0zNDM2M2JjN2M0YzAiOnsiY3JlYXRlIjoxMjAwMDAwMDAwMDAwLCJkZWxldGUiOjEyMDAwMDAwMDAwMDAsInVwZGF0ZSI6MTIwMDAwMDAwMDAwMH19","dependencies":["google_compute_global_address.private_ip_address","google_compute_network.vpc_network","google_service_networking_connection.private_vpc_connection"],"create_before_destroy":true}]},{"mode":"managed","type":"google_secret_manager_secret","name":"secret_database","provider":"provider[\"registry.opentofu.org/hashicorp/google\"]","instances":[{"schema_version":0,"attributes":{"annotations":{},"create_time":"2025-02-20T09:30:45.074663Z","effective_annotations":{},"effective_labels":{"goog-terraform-provisioned":"true"},"expire_time":"","id":"projects/pandeo-423613/secrets/ft-iac-database","labels":{},"name":"projects/399113550497/secrets/ft-iac-database","project":"pandeo-423613","replication":[{"auto":[{"customer_managed_encryption":[]}],"user_managed":[]}],"rotation":[],"secret_id":"ft-iac-database","terraform_labels":{"goog-terraform-provisioned":"true"},"timeouts":null,"topics":[],"ttl":null,"version_aliases":{},"version_destroy_ttl":""},"sensitive_attributes":[],"private":"eyJlMmJmYjczMC1lY2FhLTExZTYtOGY4OC0zNDM2M2JjN2M0YzAiOnsiY3JlYXRlIjoxMjAwMDAwMDAwMDAwLCJkZWxldGUiOjEyMDAwMDAwMDAwMDAsInVwZGF0ZSI6MTIwMDAwMDAwMDAwMH19","create_before_destroy":true}]},{"mode":"managed","type":"google_secret_manager_secret","name":"secret_session","provider":"provider[\"registry.opentofu.org/hashicorp/google\"]","instances":[{"schema_version":0,"attributes":{"annotations":{},"create_time":"2025-02-20T09:30:44.602769Z","effective_annotations":{},"effective_labels":{"goog-terraform-provisioned":"true"},"expire_time":"","id":"projects/pandeo-423613/secrets/ft-iac-session","labels":{},"name":"projects/399113550497/secrets/ft-iac-session","project":"pandeo-423613","replication":[{"auto":[{"customer_managed_encryption":[]}],"user_managed":[]}],"rotation":[],"secret_id":"ft-iac-session","terraform_labels":{"goog-terraform-provisioned":"true"},"timeouts":null,"topics":[],"ttl":null,"version_aliases":{},"version_destroy_ttl":""},"sensitive_attributes":[],"private":"eyJlMmJmYjczMC1lY2FhLTExZTYtOGY4OC0zNDM2M2JjN2M0YzAiOnsiY3JlYXRlIjoxMjAwMDAwMDAwMDAwLCJkZWxldGUiOjEyMDAwMDAwMDAwMDAsInVwZGF0ZSI6MTIwMDAwMDAwMDAwMH19","create_before_destroy":true}]},{"mode":"managed","type":"google_secret_manager_secret_iam_member","name":"secret-database","provider":"provider[\"registry.opentofu.org/hashicorp/google\"]","instances":[{"schema_version":0,"attributes":{"condition":[],"etag":"BwYuj4dbwnQ=","id":"projects/pandeo-423613/secrets/ft-iac-database/roles/secretmanager.secretAccessor/serviceAccount:399113550497-compute@developer.gserviceaccount.com","member":"serviceAccount:399113550497-compute@developer.gserviceaccount.com","project":"pandeo-423613","role":"roles/secretmanager.secretAccessor","secret_id":"projects/pandeo-423613/secrets/ft-iac-database"},"sensitive_attributes":[],"private":"bnVsbA==","dependencies":["data.google_project.project","google_secret_manager_secret.secret_database"]}]},{"mode":"managed","type":"google_secret_manager_secret_iam_member","name":"secret-session","provider":"provider[\"registry.opentofu.org/hashicorp/google\"]","instances":[{"schema_version":0,"attributes":{"condition":[],"etag":"BwYuj4dT3cw=","id":"projects/pandeo-423613/secrets/ft-iac-session/roles/secretmanager.secretAccessor/serviceAccount:399113550497-compute@developer.gserviceaccount.com","member":"serviceAccount:399113550497-compute@developer.gserviceaccount.com","project":"pandeo-423613","role":"roles/secretmanager.secretAccessor","secret_id":"projects/pandeo-423613/secrets/ft-iac-session"},"sensitive_attributes":[],"private":"bnVsbA==","dependencies":["data.google_project.project","google_secret_manager_secret.secret_session"]}]},{"mode":"managed","type":"google_secret_manager_secret_version","name":"secret_database","provider":"provider[\"registry.opentofu.org/hashicorp/google\"]","instances":[{"schema_version":0,"attributes":{"create_time":"2025-02-20T09:30:47.647707Z","deletion_policy":"DELETE","destroy_time":"","enabled":true,"id":"projects/399113550497/secrets/ft-iac-database/versions/1","is_secret_data_base64":false,"name":"projects/399113550497/secrets/ft-iac-database/versions/1","secret":"projects/399113550497/secrets/ft-iac-database","secret_data":"nrQ1JftZb�2CyJfb","timeouts":null,"version":"1"},"sensitive_attributes":[[{"type":"get_attr","value":"secret_data"}]],"private":"eyJlMmJmYjczMC1lY2FhLTExZTYtOGY4OC0zNDM2M2JjN2M0YzAiOnsiY3JlYXRlIjoxMjAwMDAwMDAwMDAwLCJkZWxldGUiOjEyMDAwMDAwMDAwMDAsInVwZGF0ZSI6MTIwMDAwMDAwMDAwMH19","dependencies":["google_secret_manager_secret.secret_database","random_string.random"]}]},{"mode":"managed","type":"google_secret_manager_secret_version","name":"secret_session","provider":"provider[\"registry.opentofu.org/hashicorp/google\"]","instances":[{"schema_version":0,"attributes":{"create_time":"2025-02-20T09:30:47.352337Z","deletion_policy":"DELETE","destroy_time":"","enabled":true,"id":"projects/399113550497/secrets/ft-iac-session/versions/1","is_secret_data_base64":false,"name":"projects/399113550497/secrets/ft-iac-session/versions/1","secret":"projects/399113550497/secrets/ft-iac-session","secret_data":"UyYtwUBI�7TbMfws","timeouts":null,"version":"1"},"sensitive_attributes":[[{"type":"get_attr","value":"secret_data"}]],"private":"eyJlMmJmYjczMC1lY2FhLTExZTYtOGY4OC0zNDM2M2JjN2M0YzAiOnsiY3JlYXRlIjoxMjAwMDAwMDAwMDAwLCJkZWxldGUiOjEyMDAwMDAwMDAwMDAsInVwZGF0ZSI6MTIwMDAwMDAwMDAwMH19","dependencies":["google_secret_manager_secret.secret_session","random_string.session_secret"]}]},{"mode":"managed","type":"google_service_networking_connection","name":"private_vpc_connection","provider":"provider[\"registry.opentofu.org/hashicorp/google\"]","instances":[{"schema_version":0,"attributes":{"deletion_policy":null,"id":"projects%2Fpandeo-423613%2Fglobal%2Fnetworks%2Fft-iac:servicenetworking.googleapis.com","network":"projects/pandeo-423613/global/networks/ft-iac","peering":"servicenetworking-googleapis-com","reserved_peering_ranges":["ft-iac-private-ip"],"service":"servicenetworking.googleapis.com","timeouts":null,"update_on_creation_fail":null},"sensitive_attributes":[],"private":"eyJlMmJmYjczMC1lY2FhLTExZTYtOGY4OC0zNDM2M2JjN2M0YzAiOnsiY3JlYXRlIjo2MDAwMDAwMDAwMDAsImRlbGV0ZSI6NjAwMDAwMDAwMDAwLCJ1cGRhdGUiOjYwMDAwMDAwMDAwMH19","dependencies":["google_compute_global_address.private_ip_address","google_compute_network.vpc_network"],"create_before_destroy":true}]},{"mode":"managed","type":"google_sql_database","name":"database","provider":"provider[\"registry.opentofu.org/hashicorp/google\"]","instances":[{"schema_version":0,"attributes":{"charset":"utf8mb4","collation":"utf8mb4_0900_ai_ci","deletion_policy":"ABANDON","id":"projects/pandeo-423613/instances/ft-iac/databases/ft-iac","instance":"ft-iac","name":"ft-iac","project":"pandeo-423613","self_link":"https://sqladmin.googleapis.com/sql/v1beta4/projects/pandeo-423613/instances/ft-iac/databases/ft-iac","timeouts":null},"sensitive_attributes":[],"private":"eyJlMmJmYjczMC1lY2FhLTExZTYtOGY4OC0zNDM2M2JjN2M0YzAiOnsiY3JlYXRlIjoxMjAwMDAwMDAwMDAwLCJkZWxldGUiOjEyMDAwMDAwMDAwMDAsInVwZGF0ZSI6MTIwMDAwMDAwMDAwMH19","dependencies":["google_compute_global_address.private_ip_address","google_compute_network.vpc_network","google_service_networking_connection.private_vpc_connection","google_sql_database_instance.instance"],"create_before_destroy":true}]},{"mode":"managed","type":"google_sql_database_instance","name":"instance","provider":"provider[\"registry.opentofu.org/hashicorp/google\"]","instances":[{"schema_version":0,"attributes":{"available_maintenance_versions":[],"clone":[],"connection_name":"pandeo-423613:europe-west4:ft-iac","database_version":"MYSQL_8_4","deletion_protection":false,"dns_name":"","encryption_key_name":null,"first_ip_address":"10.1.49.3","id":"ft-iac","instance_type":"CLOUD_SQL_INSTANCE","ip_address":[{"ip_address":"10.1.49.3","time_to_retire":"","type":"PRIVATE"}],"maintenance_version":"MYSQL_8_4_3.R20241208.01_04","master_instance_name":"","name":"ft-iac","private_ip_address":"10.1.49.3","project":"pandeo-423613","psc_service_attachment_link":"","public_ip_address":"","region":"europe-west4","replica_configuration":[],"replica_names":[],"replication_cluster":[{"dr_replica":false,"failover_dr_replica_name":""}],"restore_backup_context":[],"root_password":null,"self_link":"https://sqladmin.googleapis.com/sql/v1beta4/projects/pandeo-423613/instances/ft-iac","server_ca_cert":[{"cert":"-----BEGIN CERTIFICATE-----\nMIIDfzCCAmegAwIBAgIBADANBgkqhkiG9w0BAQsFADB3MS0wKwYDVQQuEyQwYTA1\nZjg2Zi0yOTRiLTRlNjQtYmMxMS0xODM0OWI1Y2E3Y2ExIzAhBgNVBAMTGkdvb2ds\nZSBDbG91ZCBTUUwgU2VydmVyIENBMRQwEgYDVQQKEwtHb29nbGUsIEluYzELMAkG\nA1UEBhMCVVMwHhcNMjUwMjIwMDk0MzU5WhcNMzUwMjE4MDk0NDU5WjB3MS0wKwYD\nVQQuEyQwYTA1Zjg2Zi0yOTRiLTRlNjQtYmMxMS0xODM0OWI1Y2E3Y2ExIzAhBgNV\nBAMTGkdvb2dsZSBDbG91ZCBTUUwgU2VydmVyIENBMRQwEgYDVQQKEwtHb29nbGUs\nIEluYzELMAkGA1UEBhMCVVMwggEiMA0GCSqGSIb3DQEBAQUAA4IBDwAwggEKAoIB\nAQDlGcXWWVzUuQ0fQbhl7ArnzDT3yPrdN2Yy0MJugJ4tI+LNppYlk7Es6/zbfpmC\nSAiaKhHa6rxrUhpAWGAeS/6XAoQFUoqirUmztSdcJo9Zbunplfb68hDxC80qNbki\nx1Hauvro47cKoZxACcrKGrxPpfJ5t04b8iXGoXvZr9d4InxbREw1R9nenoO3vXQ6\nSBQch2F1nHxevv79BzoEnZh/MTTH19lB0+/QBBhPez4eoWFiJGoCJV1NfoZ/H7+E\nRFt70DMBqSPzw3Rrjb2WBAAZ2ttoJdMutibHWyqhRBsDoDcz9zVMZBvAbImRLgrp\ntLTB9hEHGuTzPfOIEEqL+K1DAgMBAAGjFjAUMBIGA1UdEwEB/wQIMAYBAf8CAQAw\nDQYJKoZIhvcNAQELBQADggEBAKu96upFv8vhAvJLHSUBA+5/dkfulmgbiMxGMlVM\nLG/YPHEE03Zt5kN5NfsUKagGFCwlLGqT9M42KcHUpv4siaDseQthihM7IvD8zhKs\nbkd53B7dcsE5FmCV+1YIU0TlrqDHCtR0d1jf5VfvHBY/aVHI5fGa2qClkxhwcYr5\nGgXdi39/qdHTlvXcCmhN7Y2I/pXMeFk/u6n6bWbgxLqabvX6La9s0Ujvsrh1EfgT\nyItk3dsb9P80HrKSYVBm5zde64tGm0oYCBNBIZ6gqOdeIqVz/5LGfxQHFtMfxoJ3\n/Ymj0s8jHu0/SrQ3q3B+ZFWRjW58LQzLIIk3k3YOUUQ2lyM=\n-----END CERTIFICATE-----","common_name":"C=US,O=Google\\, Inc,CN=Google Cloud SQL Server CA,dnQualifier=0a05f86f-294b-4e64-bc11-18349b5ca7ca","create_time":"2025-02-20T09:43:59.877Z","expiration_time":"2035-02-18T09:44:59.877Z","sha1_fingerprint":"bd14e4ee972d6bdf31392f07684e41e9270fccd6"}],"service_account_email_address":"p399113550497-a3zps9@gcp-sa-cloud-sql.iam.gserviceaccount.com","settings":[{"activation_policy":"ALWAYS","active_directory_config":[],"advanced_machine_features":[],"availability_type":"ZONAL","backup_configuration":[{"backup_retention_settings":[{"retained_backups":7,"retention_unit":"COUNT"}],"binary_log_enabled":false,"enabled":false,"location":"","point_in_time_recovery_enabled":false,"start_time":"11:00","transaction_log_retention_days":7}],"collation":"","connector_enforcement":"NOT_REQUIRED","data_cache_config":[{"data_cache_enabled":false}],"database_flags":[],"deletion_protection_enabled":false,"deny_maintenance_period":[],"disk_autoresize":true,"disk_autoresize_limit":0,"disk_size":10,"disk_type":"PD_SSD","edition":"ENTERPRISE","enable_dataplex_integration":false,"enable_google_ml_integration":false,"insights_config":[],"ip_configuration":[{"allocated_ip_range":"","authorized_networks":[],"enable_private_path_for_google_cloud_services":true,"ipv4_enabled":false,"private_network":"projects/pandeo-423613/global/networks/ft-iac","psc_config":[],"server_ca_mode":"GOOGLE_MANAGED_INTERNAL_CA","server_ca_pool":"","ssl_mode":"ALLOW_UNENCRYPTED_AND_ENCRYPTED"}],"location_preference":[{"follow_gae_application":"","secondary_zone":"","zone":"europe-west4-b"}],"maintenance_window":[],"password_validation_policy":[],"pricing_plan":"PER_USE","sql_server_audit_config":[],"tier":"db-f1-micro","time_zone":"","user_labels":{},"version":2}],"timeouts":null},"sensitive_attributes":[[{"type":"get_attr","value":"root_password"}],[{"type":"get_attr","value":"server_ca_cert"}]],"private":"eyJlMmJmYjczMC1lY2FhLTExZTYtOGY4OC0zNDM2M2JjN2M0YzAiOnsiY3JlYXRlIjo1NDAwMDAwMDAwMDAwLCJkZWxldGUiOjU0MDAwMDAwMDAwMDAsInVwZGF0ZSI6NTQwMDAwMDAwMDAwMH19","dependencies":["google_compute_global_address.private_ip_address","google_compute_network.vpc_network","google_service_networking_connection.private_vpc_connection"],"create_before_destroy":true}]},{"mode":"managed","type":"google_sql_user","name":"users","provider":"provider[\"registry.opentofu.org/hashicorp/google\"]","instances":[{"schema_version":1,"attributes":{"deletion_policy":null,"host":"%","id":"ft-iac/%/ft-iac","instance":"ft-iac","name":"ft-iac","password":"nrQ1JftZb�2CyJfb","password_policy":[],"project":"pandeo-423613","sql_server_user_details":[],"timeouts":null,"type":""},"sensitive_attributes":[[{"type":"get_attr","value":"password"}]],"private":"eyJlMmJmYjczMC1lY2FhLTExZTYtOGY4OC0zNDM2M2JjN2M0YzAiOnsiY3JlYXRlIjo2MDAwMDAwMDAwMDAsImRlbGV0ZSI6NjAwMDAwMDAwMDAwLCJ1cGRhdGUiOjYwMDAwMDAwMDAwMH0sInNjaGVtYV92ZXJzaW9uIjoiMSJ9","dependencies":["google_compute_global_address.private_ip_address","google_compute_network.vpc_network","google_service_networking_connection.private_vpc_connection","google_sql_database_instance.instance","random_string.random"],"create_before_destroy":true}]},{"mode":"managed","type":"random_string","name":"random","provider":"provider[\"registry.opentofu.org/hashicorp/random\"]","instances":[{"schema_version":2,"attributes":{"id":"nrQ1JftZb�2CyJfb","keepers":null,"length":16,"lower":true,"min_lower":0,"min_numeric":0,"min_special":0,"min_upper":0,"number":true,"numeric":true,"override_special":"/@£$","result":"nrQ1JftZb�2CyJfb","special":true,"upper":true},"sensitive_attributes":[],"create_before_destroy":true}]},{"mode":"managed","type":"random_string","name":"session_secret","provider":"provider[\"registry.opentofu.org/hashicorp/random\"]","instances":[{"schema_version":2,"attributes":{"id":"UyYtwUBI�7TbMfws","keepers":null,"length":16,"lower":true,"min_lower":0,"min_numeric":0,"min_special":0,"min_upper":0,"number":true,"numeric":true,"override_special":"/@£$","result":"UyYtwUBI�7TbMfws","special":true,"upper":true},"sensitive_attributes":[]}]}],"check_results":[{"object_kind":"var","config_addr":"module.lb-http.var.backends","status":"unknown","objects":null},{"object_kind":"var","config_addr":"var.zone","status":"pass","objects":[{"object_addr":"var.zone","status":"pass"}]},{"object_kind":"var","config_addr":"var.size","status":"unknown","objects":null},{"object_kind":"var","config_addr":"var.availability_type","status":"unknown","objects":null},{"object_kind":"var","config_addr":"module.lb-http.var.http_port","status":"unknown","objects":null},{"object_kind":"var","config_addr":"module.lb-http.var.https_port","status":"unknown","objects":null}]}
