{"version":4,"terraform_version":"1.9.0","serial":58,"lineage":"2ae506f6-c7ad-a5b0-cde2-ba2095ad1c7e","outputs":{},"resources":[{"mode":"managed","type":"google_compute_global_address","name":"private_ip_address","provider":"provider[\"registry.opentofu.org/hashicorp/google\"]","instances":[{"schema_version":0,"attributes":{"address":"172.17.0.0","address_type":"INTERNAL","creation_timestamp":"2025-02-18T06:47:46.763-08:00","description":"","effective_labels":{"goog-terraform-provisioned":"true"},"id":"projects/pandeo-423613/global/addresses/ft-iac-private-ip","ip_version":"","label_fingerprint":"vezUS-42LLM=","labels":{},"name":"ft-iac-private-ip","network":"https://www.googleapis.com/compute/v1/projects/pandeo-423613/global/networks/ft-iac","prefix_length":20,"project":"pandeo-423613","purpose":"VPC_PEERING","self_link":"https://www.googleapis.com/compute/v1/projects/pandeo-423613/global/addresses/ft-iac-private-ip","terraform_labels":{"goog-terraform-provisioned":"true"},"timeouts":null},"sensitive_attributes":[],"private":"eyJlMmJmYjczMC1lY2FhLTExZTYtOGY4OC0zNDM2M2JjN2M0YzAiOnsiY3JlYXRlIjoxMjAwMDAwMDAwMDAwLCJkZWxldGUiOjEyMDAwMDAwMDAwMDAsInVwZGF0ZSI6MTIwMDAwMDAwMDAwMH19","dependencies":["google_compute_network.vpc_network"]}]},{"mode":"managed","type":"google_compute_network","name":"vpc_network","provider":"provider[\"registry.opentofu.org/hashicorp/google\"]","instances":[{"schema_version":0,"attributes":{"auto_create_subnetworks":true,"bgp_always_compare_med":false,"bgp_best_path_selection_mode":"LEGACY","bgp_inter_region_cost":"","delete_default_routes_on_create":false,"description":"","enable_ula_internal_ipv6":false,"gateway_ipv4":"","id":"projects/pandeo-423613/global/networks/ft-iac","internal_ipv6_range":"","mtu":0,"name":"ft-iac","network_firewall_policy_enforcement_order":"AFTER_CLASSIC_FIREWALL","network_id":"2059259276179393495","network_profile":"","numeric_id":"2059259276179393495","project":"pandeo-423613","routing_mode":"REGIONAL","self_link":"https://www.googleapis.com/compute/v1/projects/pandeo-423613/global/networks/ft-iac","timeouts":null},"sensitive_attributes":[],"private":"eyJlMmJmYjczMC1lY2FhLTExZTYtOGY4OC0zNDM2M2JjN2M0YzAiOnsiY3JlYXRlIjoxMjAwMDAwMDAwMDAwLCJkZWxldGUiOjEyMDAwMDAwMDAwMDAsInVwZGF0ZSI6MTIwMDAwMDAwMDAwMH19"}]},{"mode":"managed","type":"google_compute_subnetwork","name":"vpc_subnet","provider":"provider[\"registry.opentofu.org/hashicorp/google\"]","instances":[{"schema_version":0,"attributes":{"creation_timestamp":"2025-02-18T04:00:53.223-08:00","description":"","external_ipv6_prefix":"","fingerprint":null,"gateway_address":"10.2.0.1","id":"projects/pandeo-423613/regions/europe-west9/subnetworks/ft-iac-subnet","internal_ipv6_prefix":"","ip_cidr_range":"10.2.0.0/20","ipv6_access_type":"","ipv6_cidr_range":"","log_config":[],"name":"ft-iac-subnet","network":"https://www.googleapis.com/compute/v1/projects/pandeo-423613/global/networks/ft-iac","private_ip_google_access":false,"private_ipv6_google_access":"DISABLE_GOOGLE_ACCESS","project":"pandeo-423613","purpose":"PRIVATE","region":"europe-west9","reserved_internal_range":"","role":"","secondary_ip_range":[],"self_link":"https://www.googleapis.com/compute/v1/projects/pandeo-423613/regions/europe-west9/subnetworks/ft-iac-subnet","send_secondary_ip_range_if_empty":null,"stack_type":"IPV4_ONLY","subnetwork_id":636032054883633306,"timeouts":null},"sensitive_attributes":[],"private":"eyJlMmJmYjczMC1lY2FhLTExZTYtOGY4OC0zNDM2M2JjN2M0YzAiOnsiY3JlYXRlIjoxMjAwMDAwMDAwMDAwLCJkZWxldGUiOjEyMDAwMDAwMDAwMDAsInVwZGF0ZSI6MTIwMDAwMDAwMDAwMH19","dependencies":["google_compute_network.vpc_network"]}]},{"mode":"managed","type":"google_redis_instance","name":"cache","provider":"provider[\"registry.opentofu.org/hashicorp/google\"]","instances":[{"schema_version":0,"attributes":{"alternative_location_id":"","auth_enabled":false,"auth_string":"","authorized_network":"projects/pandeo-423613/global/networks/ft-iac","connect_mode":"PRIVATE_SERVICE_ACCESS","create_time":"2025-02-18T14:47:48.820696304Z","current_location_id":"europe-west4-b","customer_managed_key":"","display_name":"","effective_labels":{"goog-terraform-provisioned":"true"},"host":"172.17.0.3","id":"projects/pandeo-423613/locations/europe-west4/instances/ft-iac","labels":{},"location_id":"europe-west4-b","maintenance_policy":[],"maintenance_schedule":[],"maintenance_version":"20241107_00_00","memory_size_gb":1,"name":"ft-iac","nodes":[{"id":"node-0","zone":"europe-west4-b"}],"persistence_config":[{"persistence_mode":"DISABLED","rdb_next_snapshot_time":"","rdb_snapshot_period":"","rdb_snapshot_start_time":""}],"persistence_iam_identity":"serviceAccount:service-399113550497@cloud-redis.iam.gserviceaccount.com","port":6379,"project":"pandeo-423613","read_endpoint":"","read_endpoint_port":0,"read_replicas_mode":"READ_REPLICAS_DISABLED","redis_configs":{},"redis_version":"REDIS_7_0","region":"europe-west4","replica_count":0,"reserved_ip_range":null,"secondary_ip_range":"","server_ca_certs":[],"terraform_labels":{"goog-terraform-provisioned":"true"},"tier":"BASIC","timeouts":null,"transit_encryption_mode":"DISABLED"},"sensitive_attributes":[[{"type":"get_attr","value":"auth_string"}]],"private":"eyJlMmJmYjczMC1lY2FhLTExZTYtOGY4OC0zNDM2M2JjN2M0YzAiOnsiY3JlYXRlIjoxMjAwMDAwMDAwMDAwLCJkZWxldGUiOjEyMDAwMDAwMDAwMDAsInVwZGF0ZSI6MTIwMDAwMDAwMDAwMH19","dependencies":["google_compute_network.vpc_network"]}]},{"mode":"managed","type":"google_service_networking_connection","name":"private_vpc_connection","provider":"provider[\"registry.opentofu.org/hashicorp/google-beta\"]","instances":[{"schema_version":0,"attributes":{"deletion_policy":null,"id":"https%3A%2F%2Fwww.googleapis.com%2Fcompute%2Fv1%2Fprojects%2Fpandeo-423613%2Fglobal%2Fnetworks%2Fft-iac:servicenetworking.googleapis.com","network":"https://www.googleapis.com/compute/v1/projects/pandeo-423613/global/networks/ft-iac","peering":"servicenetworking-googleapis-com","reserved_peering_ranges":["ft-iac-private-ip"],"service":"servicenetworking.googleapis.com","timeouts":null,"update_on_creation_fail":null},"sensitive_attributes":[],"private":"eyJlMmJmYjczMC1lY2FhLTExZTYtOGY4OC0zNDM2M2JjN2M0YzAiOnsiY3JlYXRlIjo2MDAwMDAwMDAwMDAsImRlbGV0ZSI6NjAwMDAwMDAwMDAwLCJ1cGRhdGUiOjYwMDAwMDAwMDAwMH19","dependencies":["google_compute_global_address.private_ip_address","google_compute_network.vpc_network"]}]},{"mode":"managed","type":"google_sql_database_instance","name":"instance","provider":"provider[\"registry.opentofu.org/hashicorp/google\"]","instances":[{"schema_version":0,"attributes":{"available_maintenance_versions":[],"clone":[],"connection_name":"pandeo-423613:europe-west4:ft-iac","database_version":"MYSQL_8_0","deletion_protection":false,"dns_name":"","encryption_key_name":null,"first_ip_address":"34.141.233.55","id":"ft-iac","instance_type":"CLOUD_SQL_INSTANCE","ip_address":[{"ip_address":"34.141.233.55","time_to_retire":"","type":"PRIMARY"},{"ip_address":"172.17.1.3","time_to_retire":"","type":"PRIVATE"}],"maintenance_version":"MYSQL_8_0_37.R20241208.01_04","master_instance_name":"","name":"ft-iac","private_ip_address":"172.17.1.3","project":"pandeo-423613","psc_service_attachment_link":"","public_ip_address":"34.141.233.55","region":"europe-west4","replica_configuration":[],"replica_names":[],"replication_cluster":[{"dr_replica":false,"failover_dr_replica_name":""}],"restore_backup_context":[],"root_password":null,"self_link":"https://sqladmin.googleapis.com/sql/v1beta4/projects/pandeo-423613/instances/ft-iac","server_ca_cert":[{"cert":"-----BEGIN CERTIFICATE-----\nMIIDfzCCAmegAwIBAgIBADANBgkqhkiG9w0BAQsFADB3MS0wKwYDVQQuEyQ5MmIz\nOTU4Mi03ZmRjLTRmMmUtYTU3MS0zYjExNzBmYzhhNGQxIzAhBgNVBAMTGkdvb2ds\nZSBDbG91ZCBTUUwgU2VydmVyIENBMRQwEgYDVQQKEwtHb29nbGUsIEluYzELMAkG\nA1UEBhMCVVMwHhcNMjUwMjE4MTQ1MTI3WhcNMzUwMjE2MTQ1MjI3WjB3MS0wKwYD\nVQQuEyQ5MmIzOTU4Mi03ZmRjLTRmMmUtYTU3MS0zYjExNzBmYzhhNGQxIzAhBgNV\nBAMTGkdvb2dsZSBDbG91ZCBTUUwgU2VydmVyIENBMRQwEgYDVQQKEwtHb29nbGUs\nIEluYzELMAkGA1UEBhMCVVMwggEiMA0GCSqGSIb3DQEBAQUAA4IBDwAwggEKAoIB\nAQCoxRxy1rlbDDgtcdp4ZSlAdfNMnzCbcySdM00e5CUUwv/SUMjhc+AFYY3X2TBh\nxX/pYgYNnw2xRsjhppsZDPcG+cjkSQrForbJ3UJDqiwHqraq1rWrm6A6PMqmqyDk\n3gZ1qd6hxLhEcwIngssOY94Js7/Yab5R4Xv4WYIP+OCBBebS5GYkYLFvRXk7yAE5\nkdNn0hU9Lc8kCHaue7YqIqeeE3oXHRkNAHWyoLN3q08ReyK1oj0LqULE5VCZAs5T\nsqcVxv4uuU2WYtuOMdD7V5xVJ3Bo3uRUh9ynwgnfqpxEcgwCxfxeBSnD0zz3MJJ9\niGp9HktmKXWizQx6p2mg8Q7zAgMBAAGjFjAUMBIGA1UdEwEB/wQIMAYBAf8CAQAw\nDQYJKoZIhvcNAQELBQADggEBAKGixiA8+R7Vsk6min3GJ9aPz+3HIvmz4EwdMrOG\nGZWe8sq4DYCF6NvzTrotO/NTwknm9aFyAk3zkYX4GLEnU53QsryQoHhx6yM7QX4W\n+1xqO+LYMXGCSo1lbjL8w99VTPM3jiAAgsJHBYepvS8+hqUOGTIu60NdUWCilNW4\nxnOAYerGBjRM8QaYnPDr8fbnIHjqG9Q/SOKyAcr9t/9DQ+9u6N42q4XnaIHdaeIw\npxEn7TXm65DS3peMkU3CF/fMhyo7dm0QGU5QLhRb/D6NeujdKSlZreINtAiX08dS\nBmryPItTQfBNEf9dTXnsBglOJBEGbALtPGpeM8ufNLnzkCQ=\n-----END CERTIFICATE-----","common_name":"C=US,O=Google\\, Inc,CN=Google Cloud SQL Server CA,dnQualifier=92b39582-7fdc-4f2e-a571-3b1170fc8a4d","create_time":"2025-02-18T14:51:27.650Z","expiration_time":"2035-02-16T14:52:27.650Z","sha1_fingerprint":"1762e0e6685ce52098314da7fc79373a427f03e5"}],"service_account_email_address":"p399113550497-20139m@gcp-sa-cloud-sql.iam.gserviceaccount.com","settings":[{"activation_policy":"ALWAYS","active_directory_config":[],"advanced_machine_features":[],"availability_type":"ZONAL","backup_configuration":[{"backup_retention_settings":[{"retained_backups":7,"retention_unit":"COUNT"}],"binary_log_enabled":false,"enabled":false,"location":"","point_in_time_recovery_enabled":false,"start_time":"14:00","transaction_log_retention_days":7}],"collation":"","connector_enforcement":"NOT_REQUIRED","data_cache_config":[{"data_cache_enabled":false}],"database_flags":[],"deletion_protection_enabled":false,"deny_maintenance_period":[],"disk_autoresize":true,"disk_autoresize_limit":0,"disk_size":10,"disk_type":"PD_SSD","edition":"ENTERPRISE","enable_dataplex_integration":false,"enable_google_ml_integration":false,"insights_config":[],"ip_configuration":[{"allocated_ip_range":"","authorized_networks":[],"enable_private_path_for_google_cloud_services":true,"ipv4_enabled":true,"private_network":"projects/pandeo-423613/global/networks/ft-iac","psc_config":[],"server_ca_mode":"GOOGLE_MANAGED_INTERNAL_CA","server_ca_pool":"","ssl_mode":"ALLOW_UNENCRYPTED_AND_ENCRYPTED"}],"location_preference":[{"follow_gae_application":"","secondary_zone":"","zone":"europe-west4-b"}],"maintenance_window":[],"password_validation_policy":[],"pricing_plan":"PER_USE","sql_server_audit_config":[],"tier":"db-f1-micro","time_zone":"","user_labels":{},"version":1}],"timeouts":null},"sensitive_attributes":[[{"type":"get_attr","value":"root_password"}],[{"type":"get_attr","value":"server_ca_cert"}]],"private":"eyJlMmJmYjczMC1lY2FhLTExZTYtOGY4OC0zNDM2M2JjN2M0YzAiOnsiY3JlYXRlIjo1NDAwMDAwMDAwMDAwLCJkZWxldGUiOjU0MDAwMDAwMDAwMDAsInVwZGF0ZSI6NTQwMDAwMDAwMDAwMH19","dependencies":["google_compute_network.vpc_network"]}]}],"check_results":[{"object_kind":"var","config_addr":"var.size","status":"pass","objects":[{"object_addr":"var.size","status":"pass"}]},{"object_kind":"var","config_addr":"var.zone","status":"pass","objects":[{"object_addr":"var.zone","status":"pass"}]}]}
