{"version":4,"terraform_version":"1.9.0","serial":238,"lineage":"2ae506f6-c7ad-a5b0-cde2-ba2095ad1c7e","outputs":{},"resources":[{"mode":"managed","type":"google_cloud_run_v2_service","name":"default","provider":"provider[\"registry.opentofu.org/hashicorp/google\"]","instances":[]},{"mode":"managed","type":"google_compute_global_address","name":"private_ip_address","provider":"provider[\"registry.opentofu.org/hashicorp/google\"]","instances":[{"schema_version":0,"attributes":{"address":"10.103.80.0","address_type":"INTERNAL","creation_timestamp":"2025-02-21T01:43:23.089-08:00","description":"","effective_labels":{"goog-terraform-provisioned":"true"},"id":"projects/pandeo-423613/global/addresses/ft-iac-private-ip","ip_version":"","label_fingerprint":"vezUS-42LLM=","labels":{},"name":"ft-iac-private-ip","network":"https://www.googleapis.com/compute/v1/projects/pandeo-423613/global/networks/ft-iac","prefix_length":20,"project":"pandeo-423613","purpose":"VPC_PEERING","self_link":"https://www.googleapis.com/compute/v1/projects/pandeo-423613/global/addresses/ft-iac-private-ip","terraform_labels":{"goog-terraform-provisioned":"true"},"timeouts":null},"sensitive_attributes":[],"private":"eyJlMmJmYjczMC1lY2FhLTExZTYtOGY4OC0zNDM2M2JjN2M0YzAiOnsiY3JlYXRlIjoxMjAwMDAwMDAwMDAwLCJkZWxldGUiOjEyMDAwMDAwMDAwMDAsInVwZGF0ZSI6MTIwMDAwMDAwMDAwMH19","dependencies":["google_compute_network.vpc_network"],"create_before_destroy":true}]},{"mode":"managed","type":"google_compute_network","name":"vpc_network","provider":"provider[\"registry.opentofu.org/hashicorp/google\"]","instances":[{"schema_version":0,"attributes":{"auto_create_subnetworks":true,"bgp_always_compare_med":false,"bgp_best_path_selection_mode":"LEGACY","bgp_inter_region_cost":"","delete_default_routes_on_create":false,"description":"","enable_ula_internal_ipv6":false,"gateway_ipv4":"","id":"projects/pandeo-423613/global/networks/ft-iac","internal_ipv6_range":"","mtu":0,"name":"ft-iac","network_firewall_policy_enforcement_order":"AFTER_CLASSIC_FIREWALL","network_id":"9096622396799317097","network_profile":"","numeric_id":"9096622396799317097","project":"pandeo-423613","routing_mode":"REGIONAL","self_link":"https://www.googleapis.com/compute/v1/projects/pandeo-423613/global/networks/ft-iac","timeouts":null},"sensitive_attributes":[],"private":"eyJlMmJmYjczMC1lY2FhLTExZTYtOGY4OC0zNDM2M2JjN2M0YzAiOnsiY3JlYXRlIjoxMjAwMDAwMDAwMDAwLCJkZWxldGUiOjEyMDAwMDAwMDAwMDAsInVwZGF0ZSI6MTIwMDAwMDAwMDAwMH19","create_before_destroy":true}]},{"mode":"managed","type":"google_compute_region_network_endpoint_group","name":"default","provider":"provider[\"registry.opentofu.org/hashicorp/google-beta\"]","instances":[]},{"mode":"managed","type":"google_monitoring_uptime_check_config","name":"https","provider":"provider[\"registry.opentofu.org/hashicorp/google\"]","instances":[{"schema_version":0,"attributes":{"checker_type":"STATIC_IP_CHECKERS","content_matchers":[],"display_name":"ft-iac","http_check":[{"accepted_response_status_codes":[{"status_class":"STATUS_CLASS_2XX","status_value":0}],"auth_info":[],"body":"","content_type":"","custom_content_type":"","headers":{},"mask_headers":false,"path":"/","ping_config":[],"port":443,"request_method":"GET","service_agent_authentication":[],"use_ssl":true,"validate_ssl":true}],"id":"projects/pandeo-423613/uptimeCheckConfigs/ft-iac-sRjoaKGSOpA","monitored_resource":[{"labels":{"host":"ft-iac.pandeo.fr","project_id":"pandeo-423613"},"type":"uptime_url"}],"name":"projects/pandeo-423613/uptimeCheckConfigs/ft-iac-sRjoaKGSOpA","period":"300s","project":"pandeo-423613","resource_group":[],"selected_regions":[],"synthetic_monitor":[],"tcp_check":[],"timeout":"60s","timeouts":null,"uptime_check_id":"ft-iac-sRjoaKGSOpA","user_labels":{}},"sensitive_attributes":[],"private":"eyJlMmJmYjczMC1lY2FhLTExZTYtOGY4OC0zNDM2M2JjN2M0YzAiOnsiY3JlYXRlIjoxMjAwMDAwMDAwMDAwLCJkZWxldGUiOjEyMDAwMDAwMDAwMDAsInVwZGF0ZSI6MTIwMDAwMDAwMDAwMH19"}]},{"mode":"managed","type":"google_redis_instance","name":"cache","provider":"provider[\"registry.opentofu.org/hashicorp/google\"]","instances":[]},{"mode":"managed","type":"google_secret_manager_secret","name":"secret_database","provider":"provider[\"registry.opentofu.org/hashicorp/google\"]","instances":[]},{"mode":"managed","type":"google_secret_manager_secret","name":"secret_session","provider":"provider[\"registry.opentofu.org/hashicorp/google\"]","instances":[]},{"mode":"managed","type":"google_service_networking_connection","name":"private_vpc_connection","provider":"provider[\"registry.opentofu.org/hashicorp/google\"]","instances":[{"schema_version":0,"attributes":{"deletion_policy":null,"id":"projects%2Fpandeo-423613%2Fglobal%2Fnetworks%2Fft-iac:servicenetworking.googleapis.com","network":"projects/pandeo-423613/global/networks/ft-iac","peering":"servicenetworking-googleapis-com","reserved_peering_ranges":["ft-iac-private-ip"],"service":"servicenetworking.googleapis.com","timeouts":null,"update_on_creation_fail":null},"sensitive_attributes":[],"private":"eyJlMmJmYjczMC1lY2FhLTExZTYtOGY4OC0zNDM2M2JjN2M0YzAiOnsiY3JlYXRlIjo2MDAwMDAwMDAwMDAsImRlbGV0ZSI6NjAwMDAwMDAwMDAwLCJ1cGRhdGUiOjYwMDAwMDAwMDAwMH19","dependencies":["google_compute_global_address.private_ip_address","google_compute_network.vpc_network"],"create_before_destroy":true}]},{"mode":"managed","type":"google_sql_database","name":"database","provider":"provider[\"registry.opentofu.org/hashicorp/google\"]","instances":[]},{"mode":"managed","type":"google_sql_database_instance","name":"instance","provider":"provider[\"registry.opentofu.org/hashicorp/google\"]","instances":[]},{"mode":"managed","type":"google_sql_user","name":"users","provider":"provider[\"registry.opentofu.org/hashicorp/google\"]","instances":[]},{"mode":"managed","type":"random_string","name":"random","provider":"provider[\"registry.opentofu.org/hashicorp/random\"]","instances":[]}],"check_results":[{"object_kind":"var","config_addr":"module.lb-http.var.https_port","status":"pass","objects":[{"object_addr":"module.lb-http.var.https_port","status":"pass"}]},{"object_kind":"var","config_addr":"var.size","status":"pass","objects":[{"object_addr":"var.size","status":"pass"}]},{"object_kind":"var","config_addr":"var.zone","status":"pass","objects":[{"object_addr":"var.zone","status":"pass"}]},{"object_kind":"var","config_addr":"var.availability_type","status":"pass","objects":[{"object_addr":"var.availability_type","status":"pass"}]},{"object_kind":"var","config_addr":"module.lb-http.var.http_port","status":"pass","objects":[{"object_addr":"module.lb-http.var.http_port","status":"pass"}]},{"object_kind":"var","config_addr":"module.lb-http.var.backends","status":"pass","objects":[{"object_addr":"module.lb-http.var.backends","status":"pass"}]}]}
